
Microsoft Visual Studio Solution File, Format Version 12.00
# Visual Studio Version 16
VisualStudioVersion = 16.0.30309.148
MinimumVisualStudioVersion = 10.0.40219.1
Project("{8BC9CEB8-8B4A-11D0-8D11-00A0C91BC942}") = "C3DEngine", "C3DEngine\C3DEngine.vcxproj", "{E904B150-0ACE-4AFF-A911-9061564179F7}"
EndProject
Project("{8BC9CEB8-8B4A-11D0-8D11-00A0C91BC942}") = "DirectXTK_Desktop_2019_Win10", "DXTK\DirectXTK_Desktop_2019_Win10.vcxproj", "{E0B52AE7-E160-4D32-BF3F-910B785E5A8E}"
EndProject
Project("{8BC9CEB8-8B4A-11D0-8D11-00A0C91BC942}") = "C3DDemo", "C3DDemo\C3DDemo.vcxproj", "{A5797642-DA55-4559-9279-B037F7B50DC2}"
	ProjectSection(ProjectDependencies) = postProject
		{E904B150-0ACE-4AFF-A911-9061564179F7} = {E904B150-0ACE-4AFF-A911-9061564179F7}
	EndProjectSection
EndProject
Project("{8BC9CEB8-8B4A-11D0-8D11-00A0C91BC942}") = "DPhysics", "DPhysics\DPhysics.vcxproj", "{3766A3D9-8520-4772-8A8E-971499174367}"
EndProject
Global
	GlobalSection(SolutionConfigurationPlatforms) = preSolution
		Debug|x64 = Debug|x64
		Release|x64 = Release|x64
	EndGlobalSection
	GlobalSection(ProjectConfigurationPlatforms) = postSolution
		{E904B150-0ACE-4AFF-A911-9061564179F7}.Debug|x64.ActiveCfg = Debug|x64
		{E904B150-0ACE-4AFF-A911-9061564179F7}.Debug|x64.Build.0 = Debug|x64
		{E904B150-0ACE-4AFF-A911-9061564179F7}.Release|x64.ActiveCfg = Release|x64
		{E904B150-0ACE-4AFF-A911-9061564179F7}.Release|x64.Build.0 = Release|x64
		{E0B52AE7-E160-4D32-BF3F-910B785E5A8E}.Debug|x64.ActiveCfg = Debug|x64
		{E0B52AE7-E160-4D32-BF3F-910B785E5A8E}.Debug|x64.Build.0 = Debug|x64
		{E0B52AE7-E160-4D32-BF3F-910B785E5A8E}.Release|x64.ActiveCfg = Release|x64
		{E0B52AE7-E160-4D32-BF3F-910B785E5A8E}.Release|x64.Build.0 = Release|x64
		{A5797642-DA55-4559-9279-B037F7B50DC2}.Debug|x64.ActiveCfg = Debug|x64
		{A5797642-DA55-4559-9279-B037F7B50DC2}.Debug|x64.Build.0 = Debug|x64
		{A5797642-DA55-4559-9279-B037F7B50DC2}.Release|x64.ActiveCfg = Release|x64
		{A5797642-DA55-4559-9279-B037F7B50DC2}.Release|x64.Build.0 = Release|x64
		{3766A3D9-8520-4772-8A8E-971499174367}.Debug|x64.ActiveCfg = Debug|x64
		{3766A3D9-8520-4772-8A8E-971499174367}.Debug|x64.Build.0 = Debug|x64
		{3766A3D9-8520-4772-8A8E-971499174367}.Release|x64.ActiveCfg = Release|x64
		{3766A3D9-8520-4772-8A8E-971499174367}.Release|x64.Build.0 = Release|x64
	EndGlobalSection
	GlobalSection(SolutionProperties) = preSolution
		HideSolutionNode = FALSE
	EndGlobalSection
	GlobalSection(ExtensibilityGlobals) = postSolution
		SolutionGuid = {198E523E-B75C-48E3-AFCE-DEEAF400E8F7}
	EndGlobalSection
EndGlobal
