<?xml version="1.0" encoding="utf-8"?>
<Project ToolsVersion="16.0" xmlns="http://schemas.microsoft.com/developer/msbuild/2003">
  <ItemGroup>
    <ClCompile Include="C:\Users\CADD\Documents\게임인재원\GA1stFinal_MaterialNinja\5_Project\Lib\PhysX-4.1\physx\source\lowlevelaabb\src\BpAABBManager.cpp">
      <Filter>src</Filter>
    </ClCompile>
    <ClCompile Include="C:\Users\CADD\Documents\게임인재원\GA1stFinal_MaterialNinja\5_Project\Lib\PhysX-4.1\physx\source\lowlevelaabb\src\BpBroadPhase.cpp">
      <Filter>src</Filter>
    </ClCompile>
    <ClCompile Include="C:\Users\CADD\Documents\게임인재원\GA1stFinal_MaterialNinja\5_Project\Lib\PhysX-4.1\physx\source\lowlevelaabb\src\BpBroadPhaseABP.cpp">
      <Filter>src</Filter>
    </ClCompile>
    <ClCompile Include="C:\Users\CADD\Documents\게임인재원\GA1stFinal_MaterialNinja\5_Project\Lib\PhysX-4.1\physx\source\lowlevelaabb\src\BpBroadPhaseMBP.cpp">
      <Filter>src</Filter>
    </ClCompile>
    <ClCompile Include="C:\Users\CADD\Documents\게임인재원\GA1stFinal_MaterialNinja\5_Project\Lib\PhysX-4.1\physx\source\lowlevelaabb\src\BpBroadPhaseSap.cpp">
      <Filter>src</Filter>
    </ClCompile>
    <ClCompile Include="C:\Users\CADD\Documents\게임인재원\GA1stFinal_MaterialNinja\5_Project\Lib\PhysX-4.1\physx\source\lowlevelaabb\src\BpBroadPhaseSapAux.cpp">
      <Filter>src</Filter>
    </ClCompile>
    <ClCompile Include="C:\Users\CADD\Documents\게임인재원\GA1stFinal_MaterialNinja\5_Project\Lib\PhysX-4.1\physx\source\lowlevelaabb\src\BpBroadPhaseShared.cpp">
      <Filter>src</Filter>
    </ClCompile>
    <ClCompile Include="C:\Users\CADD\Documents\게임인재원\GA1stFinal_MaterialNinja\5_Project\Lib\PhysX-4.1\physx\source\lowlevelaabb\src\BpMBPTasks.cpp">
      <Filter>src</Filter>
    </ClCompile>
    <ClCompile Include="C:\Users\CADD\Documents\게임인재원\GA1stFinal_MaterialNinja\5_Project\Lib\PhysX-4.1\physx\source\lowlevelaabb\src\BpSAPTasks.cpp">
      <Filter>src</Filter>
    </ClCompile>
  </ItemGroup>
  <ItemGroup>
    <ClInclude Include="C:\Users\CADD\Documents\게임인재원\GA1stFinal_MaterialNinja\5_Project\Lib\PhysX-4.1\physx\source\lowlevelaabb\include\BpAABBManager.h">
      <Filter>includes</Filter>
    </ClInclude>
    <ClInclude Include="C:\Users\CADD\Documents\게임인재원\GA1stFinal_MaterialNinja\5_Project\Lib\PhysX-4.1\physx\source\lowlevelaabb\include\BpAABBManagerTasks.h">
      <Filter>includes</Filter>
    </ClInclude>
    <ClInclude Include="C:\Users\CADD\Documents\게임인재원\GA1stFinal_MaterialNinja\5_Project\Lib\PhysX-4.1\physx\source\lowlevelaabb\include\BpBroadPhase.h">
      <Filter>includes</Filter>
    </ClInclude>
    <ClInclude Include="C:\Users\CADD\Documents\게임인재원\GA1stFinal_MaterialNinja\5_Project\Lib\PhysX-4.1\physx\source\lowlevelaabb\include\BpBroadPhaseUpdate.h">
      <Filter>includes</Filter>
    </ClInclude>
    <ClInclude Include="C:\Users\CADD\Documents\게임인재원\GA1stFinal_MaterialNinja\5_Project\Lib\PhysX-4.1\physx\source\lowlevelaabb\src\BpBroadPhaseABP.h">
      <Filter>src</Filter>
    </ClInclude>
    <ClInclude Include="C:\Users\CADD\Documents\게임인재원\GA1stFinal_MaterialNinja\5_Project\Lib\PhysX-4.1\physx\source\lowlevelaabb\src\BpBroadPhaseMBP.h">
      <Filter>src</Filter>
    </ClInclude>
    <ClInclude Include="C:\Users\CADD\Documents\게임인재원\GA1stFinal_MaterialNinja\5_Project\Lib\PhysX-4.1\physx\source\lowlevelaabb\src\BpBroadPhaseMBPCommon.h">
      <Filter>src</Filter>
    </ClInclude>
    <ClInclude Include="C:\Users\CADD\Documents\게임인재원\GA1stFinal_MaterialNinja\5_Project\Lib\PhysX-4.1\physx\source\lowlevelaabb\src\BpBroadPhaseSap.h">
      <Filter>src</Filter>
    </ClInclude>
    <ClInclude Include="C:\Users\CADD\Documents\게임인재원\GA1stFinal_MaterialNinja\5_Project\Lib\PhysX-4.1\physx\source\lowlevelaabb\src\BpBroadPhaseSapAux.h">
      <Filter>src</Filter>
    </ClInclude>
    <ClInclude Include="C:\Users\CADD\Documents\게임인재원\GA1stFinal_MaterialNinja\5_Project\Lib\PhysX-4.1\physx\source\lowlevelaabb\src\BpBroadPhaseShared.h">
      <Filter>src</Filter>
    </ClInclude>
    <ClInclude Include="C:\Users\CADD\Documents\게임인재원\GA1stFinal_MaterialNinja\5_Project\Lib\PhysX-4.1\physx\source\lowlevelaabb\src\BpMBPTasks.h">
      <Filter>src</Filter>
    </ClInclude>
    <ClInclude Include="C:\Users\CADD\Documents\게임인재원\GA1stFinal_MaterialNinja\5_Project\Lib\PhysX-4.1\physx\source\lowlevelaabb\src\BpSAPTasks.h">
      <Filter>src</Filter>
    </ClInclude>
  </ItemGroup>
  <ItemGroup>
    <CustomBuild Include="C:\Users\CADD\Documents\게임인재원\GA1stFinal_MaterialNinja\5_Project\Lib\PhysX-4.1\physx\source\compiler\cmake\CMakeLists.txt" />
  </ItemGroup>
  <ItemGroup>
    <Filter Include="includes">
      <UniqueIdentifier>{01A7A1FA-0950-3E85-8B33-569E4F065A33}</UniqueIdentifier>
    </Filter>
    <Filter Include="src">
      <UniqueIdentifier>{82276B81-DF45-369F-85CA-010DC6EED10D}</UniqueIdentifier>
    </Filter>
  </ItemGroup>
</Project>
