<?xml version="1.0" encoding="utf-8"?>
<Project ToolsVersion="16.0" xmlns="http://schemas.microsoft.com/developer/msbuild/2003">
  <ItemGroup>
    <ClCompile Include="C:\Users\CADD\Documents\게임인재원\GA1stFinal_MaterialNinja\5_Project\Lib\PhysX-4.1\physx\source\foundation\src\PsAllocator.cpp">
      <Filter>src\src</Filter>
    </ClCompile>
    <ClCompile Include="C:\Users\CADD\Documents\게임인재원\GA1stFinal_MaterialNinja\5_Project\Lib\PhysX-4.1\physx\source\foundation\src\PsAssert.cpp">
      <Filter>src\src</Filter>
    </ClCompile>
    <ClCompile Include="C:\Users\CADD\Documents\게임인재원\GA1stFinal_MaterialNinja\5_Project\Lib\PhysX-4.1\physx\source\foundation\src\PsFoundation.cpp">
      <Filter>src\src</Filter>
    </ClCompile>
    <ClCompile Include="C:\Users\CADD\Documents\게임인재원\GA1stFinal_MaterialNinja\5_Project\Lib\PhysX-4.1\physx\source\foundation\src\PsMathUtils.cpp">
      <Filter>src\src</Filter>
    </ClCompile>
    <ClCompile Include="C:\Users\CADD\Documents\게임인재원\GA1stFinal_MaterialNinja\5_Project\Lib\PhysX-4.1\physx\source\foundation\src\PsString.cpp">
      <Filter>src\src</Filter>
    </ClCompile>
    <ClCompile Include="C:\Users\CADD\Documents\게임인재원\GA1stFinal_MaterialNinja\5_Project\Lib\PhysX-4.1\physx\source\foundation\src\PsTempAllocator.cpp">
      <Filter>src\src</Filter>
    </ClCompile>
    <ClCompile Include="C:\Users\CADD\Documents\게임인재원\GA1stFinal_MaterialNinja\5_Project\Lib\PhysX-4.1\physx\source\foundation\src\PsUtilities.cpp">
      <Filter>src\src</Filter>
    </ClCompile>
    <ClCompile Include="C:\Users\CADD\Documents\게임인재원\GA1stFinal_MaterialNinja\5_Project\Lib\PhysX-4.1\physx\source\foundation\src\windows\PsWindowsAtomic.cpp">
      <Filter>src\src\windows</Filter>
    </ClCompile>
    <ClCompile Include="C:\Users\CADD\Documents\게임인재원\GA1stFinal_MaterialNinja\5_Project\Lib\PhysX-4.1\physx\source\foundation\src\windows\PsWindowsCpu.cpp">
      <Filter>src\src\windows</Filter>
    </ClCompile>
    <ClCompile Include="C:\Users\CADD\Documents\게임인재원\GA1stFinal_MaterialNinja\5_Project\Lib\PhysX-4.1\physx\source\foundation\src\windows\PsWindowsFPU.cpp">
      <Filter>src\src\windows</Filter>
    </ClCompile>
    <ClCompile Include="C:\Users\CADD\Documents\게임인재원\GA1stFinal_MaterialNinja\5_Project\Lib\PhysX-4.1\physx\source\foundation\src\windows\PsWindowsMutex.cpp">
      <Filter>src\src\windows</Filter>
    </ClCompile>
    <ClCompile Include="C:\Users\CADD\Documents\게임인재원\GA1stFinal_MaterialNinja\5_Project\Lib\PhysX-4.1\physx\source\foundation\src\windows\PsWindowsPrintString.cpp">
      <Filter>src\src\windows</Filter>
    </ClCompile>
    <ClCompile Include="C:\Users\CADD\Documents\게임인재원\GA1stFinal_MaterialNinja\5_Project\Lib\PhysX-4.1\physx\source\foundation\src\windows\PsWindowsSList.cpp">
      <Filter>src\src\windows</Filter>
    </ClCompile>
    <ClCompile Include="C:\Users\CADD\Documents\게임인재원\GA1stFinal_MaterialNinja\5_Project\Lib\PhysX-4.1\physx\source\foundation\src\windows\PsWindowsSocket.cpp">
      <Filter>src\src\windows</Filter>
    </ClCompile>
    <ClCompile Include="C:\Users\CADD\Documents\게임인재원\GA1stFinal_MaterialNinja\5_Project\Lib\PhysX-4.1\physx\source\foundation\src\windows\PsWindowsSync.cpp">
      <Filter>src\src\windows</Filter>
    </ClCompile>
    <ClCompile Include="C:\Users\CADD\Documents\게임인재원\GA1stFinal_MaterialNinja\5_Project\Lib\PhysX-4.1\physx\source\foundation\src\windows\PsWindowsThread.cpp">
      <Filter>src\src\windows</Filter>
    </ClCompile>
    <ClCompile Include="C:\Users\CADD\Documents\게임인재원\GA1stFinal_MaterialNinja\5_Project\Lib\PhysX-4.1\physx\source\foundation\src\windows\PsWindowsTime.cpp">
      <Filter>src\src\windows</Filter>
    </ClCompile>
  </ItemGroup>
  <ItemGroup>
    <ClInclude Include="C:\Users\CADD\Documents\게임인재원\GA1stFinal_MaterialNinja\5_Project\Lib\PhysX-4.1\physx\source\foundation\include\Ps.h">
      <Filter>src\include</Filter>
    </ClInclude>
    <ClInclude Include="C:\Users\CADD\Documents\게임인재원\GA1stFinal_MaterialNinja\5_Project\Lib\PhysX-4.1\physx\source\foundation\include\PsAlignedMalloc.h">
      <Filter>src\include</Filter>
    </ClInclude>
    <ClInclude Include="C:\Users\CADD\Documents\게임인재원\GA1stFinal_MaterialNinja\5_Project\Lib\PhysX-4.1\physx\source\foundation\include\PsAlloca.h">
      <Filter>src\include</Filter>
    </ClInclude>
    <ClInclude Include="C:\Users\CADD\Documents\게임인재원\GA1stFinal_MaterialNinja\5_Project\Lib\PhysX-4.1\physx\source\foundation\include\PsAllocator.h">
      <Filter>src\include</Filter>
    </ClInclude>
    <ClInclude Include="C:\Users\CADD\Documents\게임인재원\GA1stFinal_MaterialNinja\5_Project\Lib\PhysX-4.1\physx\source\foundation\include\PsAoS.h">
      <Filter>src\include</Filter>
    </ClInclude>
    <ClInclude Include="C:\Users\CADD\Documents\게임인재원\GA1stFinal_MaterialNinja\5_Project\Lib\PhysX-4.1\physx\source\foundation\include\PsArray.h">
      <Filter>src\include</Filter>
    </ClInclude>
    <ClInclude Include="C:\Users\CADD\Documents\게임인재원\GA1stFinal_MaterialNinja\5_Project\Lib\PhysX-4.1\physx\source\foundation\include\PsAtomic.h">
      <Filter>src\include</Filter>
    </ClInclude>
    <ClInclude Include="C:\Users\CADD\Documents\게임인재원\GA1stFinal_MaterialNinja\5_Project\Lib\PhysX-4.1\physx\source\foundation\include\PsBasicTemplates.h">
      <Filter>src\include</Filter>
    </ClInclude>
    <ClInclude Include="C:\Users\CADD\Documents\게임인재원\GA1stFinal_MaterialNinja\5_Project\Lib\PhysX-4.1\physx\source\foundation\include\PsBitUtils.h">
      <Filter>src\include</Filter>
    </ClInclude>
    <ClInclude Include="C:\Users\CADD\Documents\게임인재원\GA1stFinal_MaterialNinja\5_Project\Lib\PhysX-4.1\physx\source\foundation\include\PsBroadcast.h">
      <Filter>src\include</Filter>
    </ClInclude>
    <ClInclude Include="C:\Users\CADD\Documents\게임인재원\GA1stFinal_MaterialNinja\5_Project\Lib\PhysX-4.1\physx\source\foundation\include\PsCpu.h">
      <Filter>src\include</Filter>
    </ClInclude>
    <ClInclude Include="C:\Users\CADD\Documents\게임인재원\GA1stFinal_MaterialNinja\5_Project\Lib\PhysX-4.1\physx\source\foundation\include\PsFoundation.h">
      <Filter>src\include</Filter>
    </ClInclude>
    <ClInclude Include="C:\Users\CADD\Documents\게임인재원\GA1stFinal_MaterialNinja\5_Project\Lib\PhysX-4.1\physx\source\foundation\include\PsFPU.h">
      <Filter>src\include</Filter>
    </ClInclude>
    <ClInclude Include="C:\Users\CADD\Documents\게임인재원\GA1stFinal_MaterialNinja\5_Project\Lib\PhysX-4.1\physx\source\foundation\include\PsHash.h">
      <Filter>src\include</Filter>
    </ClInclude>
    <ClInclude Include="C:\Users\CADD\Documents\게임인재원\GA1stFinal_MaterialNinja\5_Project\Lib\PhysX-4.1\physx\source\foundation\include\PsHashInternals.h">
      <Filter>src\include</Filter>
    </ClInclude>
    <ClInclude Include="C:\Users\CADD\Documents\게임인재원\GA1stFinal_MaterialNinja\5_Project\Lib\PhysX-4.1\physx\source\foundation\include\PsHashMap.h">
      <Filter>src\include</Filter>
    </ClInclude>
    <ClInclude Include="C:\Users\CADD\Documents\게임인재원\GA1stFinal_MaterialNinja\5_Project\Lib\PhysX-4.1\physx\source\foundation\include\PsHashSet.h">
      <Filter>src\include</Filter>
    </ClInclude>
    <ClInclude Include="C:\Users\CADD\Documents\게임인재원\GA1stFinal_MaterialNinja\5_Project\Lib\PhysX-4.1\physx\source\foundation\include\PsInlineAllocator.h">
      <Filter>src\include</Filter>
    </ClInclude>
    <ClInclude Include="C:\Users\CADD\Documents\게임인재원\GA1stFinal_MaterialNinja\5_Project\Lib\PhysX-4.1\physx\source\foundation\include\PsInlineAoS.h">
      <Filter>src\include</Filter>
    </ClInclude>
    <ClInclude Include="C:\Users\CADD\Documents\게임인재원\GA1stFinal_MaterialNinja\5_Project\Lib\PhysX-4.1\physx\source\foundation\include\PsInlineArray.h">
      <Filter>src\include</Filter>
    </ClInclude>
    <ClInclude Include="C:\Users\CADD\Documents\게임인재원\GA1stFinal_MaterialNinja\5_Project\Lib\PhysX-4.1\physx\source\foundation\include\PsIntrinsics.h">
      <Filter>src\include</Filter>
    </ClInclude>
    <ClInclude Include="C:\Users\CADD\Documents\게임인재원\GA1stFinal_MaterialNinja\5_Project\Lib\PhysX-4.1\physx\source\foundation\include\PsMathUtils.h">
      <Filter>src\include</Filter>
    </ClInclude>
    <ClInclude Include="C:\Users\CADD\Documents\게임인재원\GA1stFinal_MaterialNinja\5_Project\Lib\PhysX-4.1\physx\source\foundation\include\PsMutex.h">
      <Filter>src\include</Filter>
    </ClInclude>
    <ClInclude Include="C:\Users\CADD\Documents\게임인재원\GA1stFinal_MaterialNinja\5_Project\Lib\PhysX-4.1\physx\source\foundation\include\PsPool.h">
      <Filter>src\include</Filter>
    </ClInclude>
    <ClInclude Include="C:\Users\CADD\Documents\게임인재원\GA1stFinal_MaterialNinja\5_Project\Lib\PhysX-4.1\physx\source\foundation\include\PsSList.h">
      <Filter>src\include</Filter>
    </ClInclude>
    <ClInclude Include="C:\Users\CADD\Documents\게임인재원\GA1stFinal_MaterialNinja\5_Project\Lib\PhysX-4.1\physx\source\foundation\include\PsSocket.h">
      <Filter>src\include</Filter>
    </ClInclude>
    <ClInclude Include="C:\Users\CADD\Documents\게임인재원\GA1stFinal_MaterialNinja\5_Project\Lib\PhysX-4.1\physx\source\foundation\include\PsSort.h">
      <Filter>src\include</Filter>
    </ClInclude>
    <ClInclude Include="C:\Users\CADD\Documents\게임인재원\GA1stFinal_MaterialNinja\5_Project\Lib\PhysX-4.1\physx\source\foundation\include\PsSortInternals.h">
      <Filter>src\include</Filter>
    </ClInclude>
    <ClInclude Include="C:\Users\CADD\Documents\게임인재원\GA1stFinal_MaterialNinja\5_Project\Lib\PhysX-4.1\physx\source\foundation\include\PsString.h">
      <Filter>src\include</Filter>
    </ClInclude>
    <ClInclude Include="C:\Users\CADD\Documents\게임인재원\GA1stFinal_MaterialNinja\5_Project\Lib\PhysX-4.1\physx\source\foundation\include\PsSync.h">
      <Filter>src\include</Filter>
    </ClInclude>
    <ClInclude Include="C:\Users\CADD\Documents\게임인재원\GA1stFinal_MaterialNinja\5_Project\Lib\PhysX-4.1\physx\source\foundation\include\PsTempAllocator.h">
      <Filter>src\include</Filter>
    </ClInclude>
    <ClInclude Include="C:\Users\CADD\Documents\게임인재원\GA1stFinal_MaterialNinja\5_Project\Lib\PhysX-4.1\physx\source\foundation\include\PsThread.h">
      <Filter>src\include</Filter>
    </ClInclude>
    <ClInclude Include="C:\Users\CADD\Documents\게임인재원\GA1stFinal_MaterialNinja\5_Project\Lib\PhysX-4.1\physx\source\foundation\include\PsTime.h">
      <Filter>src\include</Filter>
    </ClInclude>
    <ClInclude Include="C:\Users\CADD\Documents\게임인재원\GA1stFinal_MaterialNinja\5_Project\Lib\PhysX-4.1\physx\source\foundation\include\PsUserAllocated.h">
      <Filter>src\include</Filter>
    </ClInclude>
    <ClInclude Include="C:\Users\CADD\Documents\게임인재원\GA1stFinal_MaterialNinja\5_Project\Lib\PhysX-4.1\physx\source\foundation\include\PsUtilities.h">
      <Filter>src\include</Filter>
    </ClInclude>
    <ClInclude Include="C:\Users\CADD\Documents\게임인재원\GA1stFinal_MaterialNinja\5_Project\Lib\PhysX-4.1\physx\source\foundation\include\PsVecMath.h">
      <Filter>src\include</Filter>
    </ClInclude>
    <ClInclude Include="C:\Users\CADD\Documents\게임인재원\GA1stFinal_MaterialNinja\5_Project\Lib\PhysX-4.1\physx\source\foundation\include\PsVecMathAoSScalar.h">
      <Filter>src\include</Filter>
    </ClInclude>
    <ClInclude Include="C:\Users\CADD\Documents\게임인재원\GA1stFinal_MaterialNinja\5_Project\Lib\PhysX-4.1\physx\source\foundation\include\PsVecMathAoSScalarInline.h">
      <Filter>src\include</Filter>
    </ClInclude>
    <ClInclude Include="C:\Users\CADD\Documents\게임인재원\GA1stFinal_MaterialNinja\5_Project\Lib\PhysX-4.1\physx\source\foundation\include\PsVecMathSSE.h">
      <Filter>src\include</Filter>
    </ClInclude>
    <ClInclude Include="C:\Users\CADD\Documents\게임인재원\GA1stFinal_MaterialNinja\5_Project\Lib\PhysX-4.1\physx\source\foundation\include\PsVecMathUtilities.h">
      <Filter>src\include</Filter>
    </ClInclude>
    <ClInclude Include="C:\Users\CADD\Documents\게임인재원\GA1stFinal_MaterialNinja\5_Project\Lib\PhysX-4.1\physx\source\foundation\include\PsVecQuat.h">
      <Filter>src\include</Filter>
    </ClInclude>
    <ClInclude Include="C:\Users\CADD\Documents\게임인재원\GA1stFinal_MaterialNinja\5_Project\Lib\PhysX-4.1\physx\source\foundation\include\PsVecTransform.h">
      <Filter>src\include</Filter>
    </ClInclude>
    <ClInclude Include="C:\Users\CADD\Documents\게임인재원\GA1stFinal_MaterialNinja\5_Project\Lib\PhysX-4.1\physx\include\PxFoundation.h">
      <Filter>include</Filter>
    </ClInclude>
    <ClInclude Include="C:\Users\CADD\Documents\게임인재원\GA1stFinal_MaterialNinja\5_Project\Lib\PhysX-4.1\physx\include\foundation\PxAssert.h">
      <Filter>include\foundation</Filter>
    </ClInclude>
    <ClInclude Include="C:\Users\CADD\Documents\게임인재원\GA1stFinal_MaterialNinja\5_Project\Lib\PhysX-4.1\physx\include\foundation\PxFoundationConfig.h">
      <Filter>include\foundation</Filter>
    </ClInclude>
    <ClInclude Include="C:\Users\CADD\Documents\게임인재원\GA1stFinal_MaterialNinja\5_Project\Lib\PhysX-4.1\physx\include\foundation\PxMathUtils.h">
      <Filter>include\foundation</Filter>
    </ClInclude>
    <ClInclude Include="C:\Users\CADD\Documents\게임인재원\GA1stFinal_MaterialNinja\5_Project\Lib\PhysX-4.1\physx\source\foundation\include\windows\PsWindowsAoS.h">
      <Filter>src\include\windows</Filter>
    </ClInclude>
    <ClInclude Include="C:\Users\CADD\Documents\게임인재원\GA1stFinal_MaterialNinja\5_Project\Lib\PhysX-4.1\physx\source\foundation\include\windows\PsWindowsFPU.h">
      <Filter>src\include\windows</Filter>
    </ClInclude>
    <ClInclude Include="C:\Users\CADD\Documents\게임인재원\GA1stFinal_MaterialNinja\5_Project\Lib\PhysX-4.1\physx\source\foundation\include\windows\PsWindowsInclude.h">
      <Filter>src\include\windows</Filter>
    </ClInclude>
    <ClInclude Include="C:\Users\CADD\Documents\게임인재원\GA1stFinal_MaterialNinja\5_Project\Lib\PhysX-4.1\physx\source\foundation\include\windows\PsWindowsInlineAoS.h">
      <Filter>src\include\windows</Filter>
    </ClInclude>
    <ClInclude Include="C:\Users\CADD\Documents\게임인재원\GA1stFinal_MaterialNinja\5_Project\Lib\PhysX-4.1\physx\source\foundation\include\windows\PsWindowsIntrinsics.h">
      <Filter>src\include\windows</Filter>
    </ClInclude>
    <ClInclude Include="C:\Users\CADD\Documents\게임인재원\GA1stFinal_MaterialNinja\5_Project\Lib\PhysX-4.1\physx\source\foundation\include\windows\PsWindowsTrigConstants.h">
      <Filter>src\include\windows</Filter>
    </ClInclude>
    <ClInclude Include="C:\Users\CADD\Documents\게임인재원\GA1stFinal_MaterialNinja\5_Project\Lib\PhysX-4.1\pxshared\include\foundation\Px.h">
      <Filter>shared\include</Filter>
    </ClInclude>
    <ClInclude Include="C:\Users\CADD\Documents\게임인재원\GA1stFinal_MaterialNinja\5_Project\Lib\PhysX-4.1\pxshared\include\foundation\PxAllocatorCallback.h">
      <Filter>shared\include</Filter>
    </ClInclude>
    <ClInclude Include="C:\Users\CADD\Documents\게임인재원\GA1stFinal_MaterialNinja\5_Project\Lib\PhysX-4.1\pxshared\include\foundation\PxProfiler.h">
      <Filter>shared\include</Filter>
    </ClInclude>
    <ClInclude Include="C:\Users\CADD\Documents\게임인재원\GA1stFinal_MaterialNinja\5_Project\Lib\PhysX-4.1\pxshared\include\foundation\PxSharedAssert.h">
      <Filter>shared\include</Filter>
    </ClInclude>
    <ClInclude Include="C:\Users\CADD\Documents\게임인재원\GA1stFinal_MaterialNinja\5_Project\Lib\PhysX-4.1\pxshared\include\foundation\PxBitAndData.h">
      <Filter>shared\include</Filter>
    </ClInclude>
    <ClInclude Include="C:\Users\CADD\Documents\게임인재원\GA1stFinal_MaterialNinja\5_Project\Lib\PhysX-4.1\pxshared\include\foundation\PxBounds3.h">
      <Filter>shared\include</Filter>
    </ClInclude>
    <ClInclude Include="C:\Users\CADD\Documents\게임인재원\GA1stFinal_MaterialNinja\5_Project\Lib\PhysX-4.1\pxshared\include\foundation\PxErrorCallback.h">
      <Filter>shared\include</Filter>
    </ClInclude>
    <ClInclude Include="C:\Users\CADD\Documents\게임인재원\GA1stFinal_MaterialNinja\5_Project\Lib\PhysX-4.1\pxshared\include\foundation\PxErrors.h">
      <Filter>shared\include</Filter>
    </ClInclude>
    <ClInclude Include="C:\Users\CADD\Documents\게임인재원\GA1stFinal_MaterialNinja\5_Project\Lib\PhysX-4.1\pxshared\include\foundation\PxFlags.h">
      <Filter>shared\include</Filter>
    </ClInclude>
    <ClInclude Include="C:\Users\CADD\Documents\게임인재원\GA1stFinal_MaterialNinja\5_Project\Lib\PhysX-4.1\pxshared\include\foundation\PxIntrinsics.h">
      <Filter>shared\include</Filter>
    </ClInclude>
    <ClInclude Include="C:\Users\CADD\Documents\게임인재원\GA1stFinal_MaterialNinja\5_Project\Lib\PhysX-4.1\pxshared\include\foundation\PxIO.h">
      <Filter>shared\include</Filter>
    </ClInclude>
    <ClInclude Include="C:\Users\CADD\Documents\게임인재원\GA1stFinal_MaterialNinja\5_Project\Lib\PhysX-4.1\pxshared\include\foundation\PxMat33.h">
      <Filter>shared\include</Filter>
    </ClInclude>
    <ClInclude Include="C:\Users\CADD\Documents\게임인재원\GA1stFinal_MaterialNinja\5_Project\Lib\PhysX-4.1\pxshared\include\foundation\PxMat44.h">
      <Filter>shared\include</Filter>
    </ClInclude>
    <ClInclude Include="C:\Users\CADD\Documents\게임인재원\GA1stFinal_MaterialNinja\5_Project\Lib\PhysX-4.1\pxshared\include\foundation\PxMath.h">
      <Filter>shared\include</Filter>
    </ClInclude>
    <ClInclude Include="C:\Users\CADD\Documents\게임인재원\GA1stFinal_MaterialNinja\5_Project\Lib\PhysX-4.1\pxshared\include\foundation\PxMemory.h">
      <Filter>shared\include</Filter>
    </ClInclude>
    <ClInclude Include="C:\Users\CADD\Documents\게임인재원\GA1stFinal_MaterialNinja\5_Project\Lib\PhysX-4.1\pxshared\include\foundation\PxPlane.h">
      <Filter>shared\include</Filter>
    </ClInclude>
    <ClInclude Include="C:\Users\CADD\Documents\게임인재원\GA1stFinal_MaterialNinja\5_Project\Lib\PhysX-4.1\pxshared\include\foundation\PxPreprocessor.h">
      <Filter>shared\include</Filter>
    </ClInclude>
    <ClInclude Include="C:\Users\CADD\Documents\게임인재원\GA1stFinal_MaterialNinja\5_Project\Lib\PhysX-4.1\pxshared\include\foundation\PxQuat.h">
      <Filter>shared\include</Filter>
    </ClInclude>
    <ClInclude Include="C:\Users\CADD\Documents\게임인재원\GA1stFinal_MaterialNinja\5_Project\Lib\PhysX-4.1\pxshared\include\foundation\PxSimpleTypes.h">
      <Filter>shared\include</Filter>
    </ClInclude>
    <ClInclude Include="C:\Users\CADD\Documents\게임인재원\GA1stFinal_MaterialNinja\5_Project\Lib\PhysX-4.1\pxshared\include\foundation\PxStrideIterator.h">
      <Filter>shared\include</Filter>
    </ClInclude>
    <ClInclude Include="C:\Users\CADD\Documents\게임인재원\GA1stFinal_MaterialNinja\5_Project\Lib\PhysX-4.1\pxshared\include\foundation\PxTransform.h">
      <Filter>shared\include</Filter>
    </ClInclude>
    <ClInclude Include="C:\Users\CADD\Documents\게임인재원\GA1stFinal_MaterialNinja\5_Project\Lib\PhysX-4.1\pxshared\include\foundation\PxUnionCast.h">
      <Filter>shared\include</Filter>
    </ClInclude>
    <ClInclude Include="C:\Users\CADD\Documents\게임인재원\GA1stFinal_MaterialNinja\5_Project\Lib\PhysX-4.1\pxshared\include\foundation\PxVec2.h">
      <Filter>shared\include</Filter>
    </ClInclude>
    <ClInclude Include="C:\Users\CADD\Documents\게임인재원\GA1stFinal_MaterialNinja\5_Project\Lib\PhysX-4.1\pxshared\include\foundation\PxVec3.h">
      <Filter>shared\include</Filter>
    </ClInclude>
    <ClInclude Include="C:\Users\CADD\Documents\게임인재원\GA1stFinal_MaterialNinja\5_Project\Lib\PhysX-4.1\pxshared\include\foundation\PxVec4.h">
      <Filter>shared\include</Filter>
    </ClInclude>
    <ClInclude Include="C:\Users\CADD\Documents\게임인재원\GA1stFinal_MaterialNinja\5_Project\Lib\PhysX-4.1\pxshared\include\foundation\windows\PxWindowsIntrinsics.h">
      <Filter>shared\include\windows</Filter>
    </ClInclude>
  </ItemGroup>
  <ItemGroup>
    <CustomBuild Include="C:\Users\CADD\Documents\게임인재원\GA1stFinal_MaterialNinja\5_Project\Lib\PhysX-4.1\physx\source\compiler\cmake\CMakeLists.txt" />
  </ItemGroup>
  <ItemGroup>
    <ResourceCompile Include="C:\Users\CADD\Documents\게임인재원\GA1stFinal_MaterialNinja\5_Project\Lib\PhysX-4.1\physx\source\compiler\resource_x64\PhysXFoundation.rc">
      <Filter>resource</Filter>
    </ResourceCompile>
  </ItemGroup>
  <ItemGroup>
    <Filter Include="include">
      <UniqueIdentifier>{5A0F2E97-81A1-3C3C-93F2-80DD2B42AD87}</UniqueIdentifier>
    </Filter>
    <Filter Include="include\foundation">
      <UniqueIdentifier>{609C76F5-6CD2-3205-AA80-564088FEA508}</UniqueIdentifier>
    </Filter>
    <Filter Include="resource">
      <UniqueIdentifier>{10228333-5B90-39B8-875C-5EF998FD7861}</UniqueIdentifier>
    </Filter>
    <Filter Include="shared">
      <UniqueIdentifier>{048371C1-C423-3908-8A69-8F0D5DE64A2C}</UniqueIdentifier>
    </Filter>
    <Filter Include="shared\include">
      <UniqueIdentifier>{C70BD631-C2D5-37E5-9B63-4D34F4AE0F65}</UniqueIdentifier>
    </Filter>
    <Filter Include="shared\include\windows">
      <UniqueIdentifier>{9D3AE7B4-459D-3BE2-AD8A-33EB63ED6848}</UniqueIdentifier>
    </Filter>
    <Filter Include="src">
      <UniqueIdentifier>{82276B81-DF45-369F-85CA-010DC6EED10D}</UniqueIdentifier>
    </Filter>
    <Filter Include="src\include">
      <UniqueIdentifier>{F9CFD59D-6FD6-3121-8D63-DFFD5F6DF8D8}</UniqueIdentifier>
    </Filter>
    <Filter Include="src\include\windows">
      <UniqueIdentifier>{5FF85A8F-18FE-3B73-915D-9C7FB71E349C}</UniqueIdentifier>
    </Filter>
    <Filter Include="src\src">
      <UniqueIdentifier>{DA93F2B9-881F-376C-A706-0D9944FAC872}</UniqueIdentifier>
    </Filter>
    <Filter Include="src\src\windows">
      <UniqueIdentifier>{F27474E7-B875-38E2-9173-DA2D8520E4FA}</UniqueIdentifier>
    </Filter>
  </ItemGroup>
</Project>
