
Microsoft Visual Studio Solution File, Format Version 12.00
# Visual Studio Version 16
Project("{2150E333-8FDC-42A3-9474-1A3956D46DE8}") = "CMakePredefinedTargets", "CMakePredefinedTargets", "{AA12AAB2-723F-3FF8-A65C-D59753318A65}"
EndProject
Project("{2150E333-8FDC-42A3-9474-1A3956D46DE8}") = "PhysX SDK", "PhysX SDK", "{5DDA97D7-104A-388B-B62A-96D70C642EAA}"
EndProject
Project("{8BC9CEB8-8B4A-11D0-8D11-00A0C91BC942}") = "ALL_BUILD", "ALL_BUILD.vcxproj", "{2DE6DB49-297F-362F-AA94-DC92F968A4C0}"
	ProjectSection(ProjectDependencies) = postProject
		{E838FA50-B87D-3299-A043-D9136086B8F5} = {E838FA50-B87D-3299-A043-D9136086B8F5}
		{AC20DD21-C781-3E72-9120-EED1D0D605BA} = {AC20DD21-C781-3E72-9120-EED1D0D605BA}
		{0686EC94-4946-382B-A14B-B743D20FEEB6} = {0686EC94-4946-382B-A14B-B743D20FEEB6}
		{49A898C0-B30E-3668-8D8C-D192B108CF7A} = {49A898C0-B30E-3668-8D8C-D192B108CF7A}
		{E40EC037-E919-3FDA-BF05-7F331863F8D3} = {E40EC037-E919-3FDA-BF05-7F331863F8D3}
		{FCC64E78-50B8-3BDF-AFE3-315E36D6EA49} = {FCC64E78-50B8-3BDF-AFE3-315E36D6EA49}
		{FAC36CD8-C529-312A-AD02-B6FAE130D1A7} = {FAC36CD8-C529-312A-AD02-B6FAE130D1A7}
		{BB32EF98-8BE6-343A-AEE1-CDC66208291B} = {BB32EF98-8BE6-343A-AEE1-CDC66208291B}
		{CE374792-D9D5-3B5C-8304-BEEEF470C791} = {CE374792-D9D5-3B5C-8304-BEEEF470C791}
		{E31632AD-B097-3FBB-BAF5-76DC544FBA4E} = {E31632AD-B097-3FBB-BAF5-76DC544FBA4E}
		{2AAC1B1B-CC25-3835-9CF1-90A91E631468} = {2AAC1B1B-CC25-3835-9CF1-90A91E631468}
		{AC031886-ED10-3F66-AD94-0361F4056B71} = {AC031886-ED10-3F66-AD94-0361F4056B71}
		{9B5C42FD-405F-34AE-A545-C2E9E2397E66} = {9B5C42FD-405F-34AE-A545-C2E9E2397E66}
		{E0B77269-A10C-3F8B-8422-87BEDEA7C1BC} = {E0B77269-A10C-3F8B-8422-87BEDEA7C1BC}
		{29358E18-5553-31DE-BAAC-318BE7D528AC} = {29358E18-5553-31DE-BAAC-318BE7D528AC}
		{1D04C28F-D20D-3ECE-855C-D7271DFA6F5F} = {1D04C28F-D20D-3ECE-855C-D7271DFA6F5F}
	EndProjectSection
EndProject
Project("{8BC9CEB8-8B4A-11D0-8D11-00A0C91BC942}") = "FastXml", "FastXml.vcxproj", "{E838FA50-B87D-3299-A043-D9136086B8F5}"
	ProjectSection(ProjectDependencies) = postProject
		{1D04C28F-D20D-3ECE-855C-D7271DFA6F5F} = {1D04C28F-D20D-3ECE-855C-D7271DFA6F5F}
	EndProjectSection
EndProject
Project("{8BC9CEB8-8B4A-11D0-8D11-00A0C91BC942}") = "INSTALL", "INSTALL.vcxproj", "{48F7138A-4A63-383B-AE07-EBA73D17E8C3}"
	ProjectSection(ProjectDependencies) = postProject
		{2DE6DB49-297F-362F-AA94-DC92F968A4C0} = {2DE6DB49-297F-362F-AA94-DC92F968A4C0}
		{1D04C28F-D20D-3ECE-855C-D7271DFA6F5F} = {1D04C28F-D20D-3ECE-855C-D7271DFA6F5F}
	EndProjectSection
EndProject
Project("{8BC9CEB8-8B4A-11D0-8D11-00A0C91BC942}") = "LowLevel", "LowLevel.vcxproj", "{AC20DD21-C781-3E72-9120-EED1D0D605BA}"
	ProjectSection(ProjectDependencies) = postProject
		{1D04C28F-D20D-3ECE-855C-D7271DFA6F5F} = {1D04C28F-D20D-3ECE-855C-D7271DFA6F5F}
	EndProjectSection
EndProject
Project("{8BC9CEB8-8B4A-11D0-8D11-00A0C91BC942}") = "LowLevelAABB", "LowLevelAABB.vcxproj", "{0686EC94-4946-382B-A14B-B743D20FEEB6}"
	ProjectSection(ProjectDependencies) = postProject
		{1D04C28F-D20D-3ECE-855C-D7271DFA6F5F} = {1D04C28F-D20D-3ECE-855C-D7271DFA6F5F}
	EndProjectSection
EndProject
Project("{8BC9CEB8-8B4A-11D0-8D11-00A0C91BC942}") = "LowLevelDynamics", "LowLevelDynamics.vcxproj", "{49A898C0-B30E-3668-8D8C-D192B108CF7A}"
	ProjectSection(ProjectDependencies) = postProject
		{1D04C28F-D20D-3ECE-855C-D7271DFA6F5F} = {1D04C28F-D20D-3ECE-855C-D7271DFA6F5F}
	EndProjectSection
EndProject
Project("{8BC9CEB8-8B4A-11D0-8D11-00A0C91BC942}") = "PhysX", "PhysX.vcxproj", "{E40EC037-E919-3FDA-BF05-7F331863F8D3}"
	ProjectSection(ProjectDependencies) = postProject
		{AC20DD21-C781-3E72-9120-EED1D0D605BA} = {AC20DD21-C781-3E72-9120-EED1D0D605BA}
		{0686EC94-4946-382B-A14B-B743D20FEEB6} = {0686EC94-4946-382B-A14B-B743D20FEEB6}
		{49A898C0-B30E-3668-8D8C-D192B108CF7A} = {49A898C0-B30E-3668-8D8C-D192B108CF7A}
		{FAC36CD8-C529-312A-AD02-B6FAE130D1A7} = {FAC36CD8-C529-312A-AD02-B6FAE130D1A7}
		{E31632AD-B097-3FBB-BAF5-76DC544FBA4E} = {E31632AD-B097-3FBB-BAF5-76DC544FBA4E}
		{2AAC1B1B-CC25-3835-9CF1-90A91E631468} = {2AAC1B1B-CC25-3835-9CF1-90A91E631468}
		{AC031886-ED10-3F66-AD94-0361F4056B71} = {AC031886-ED10-3F66-AD94-0361F4056B71}
		{E0B77269-A10C-3F8B-8422-87BEDEA7C1BC} = {E0B77269-A10C-3F8B-8422-87BEDEA7C1BC}
		{29358E18-5553-31DE-BAAC-318BE7D528AC} = {29358E18-5553-31DE-BAAC-318BE7D528AC}
		{1D04C28F-D20D-3ECE-855C-D7271DFA6F5F} = {1D04C28F-D20D-3ECE-855C-D7271DFA6F5F}
	EndProjectSection
EndProject
Project("{8BC9CEB8-8B4A-11D0-8D11-00A0C91BC942}") = "PhysXCharacterKinematic", "PhysXCharacterKinematic.vcxproj", "{FCC64E78-50B8-3BDF-AFE3-315E36D6EA49}"
	ProjectSection(ProjectDependencies) = postProject
		{E31632AD-B097-3FBB-BAF5-76DC544FBA4E} = {E31632AD-B097-3FBB-BAF5-76DC544FBA4E}
		{1D04C28F-D20D-3ECE-855C-D7271DFA6F5F} = {1D04C28F-D20D-3ECE-855C-D7271DFA6F5F}
	EndProjectSection
EndProject
Project("{8BC9CEB8-8B4A-11D0-8D11-00A0C91BC942}") = "PhysXCommon", "PhysXCommon.vcxproj", "{FAC36CD8-C529-312A-AD02-B6FAE130D1A7}"
	ProjectSection(ProjectDependencies) = postProject
		{E31632AD-B097-3FBB-BAF5-76DC544FBA4E} = {E31632AD-B097-3FBB-BAF5-76DC544FBA4E}
		{1D04C28F-D20D-3ECE-855C-D7271DFA6F5F} = {1D04C28F-D20D-3ECE-855C-D7271DFA6F5F}
	EndProjectSection
EndProject
Project("{8BC9CEB8-8B4A-11D0-8D11-00A0C91BC942}") = "PhysXCooking", "PhysXCooking.vcxproj", "{BB32EF98-8BE6-343A-AEE1-CDC66208291B}"
	ProjectSection(ProjectDependencies) = postProject
		{FAC36CD8-C529-312A-AD02-B6FAE130D1A7} = {FAC36CD8-C529-312A-AD02-B6FAE130D1A7}
		{E31632AD-B097-3FBB-BAF5-76DC544FBA4E} = {E31632AD-B097-3FBB-BAF5-76DC544FBA4E}
		{1D04C28F-D20D-3ECE-855C-D7271DFA6F5F} = {1D04C28F-D20D-3ECE-855C-D7271DFA6F5F}
	EndProjectSection
EndProject
Project("{8BC9CEB8-8B4A-11D0-8D11-00A0C91BC942}") = "PhysXExtensions", "PhysXExtensions.vcxproj", "{CE374792-D9D5-3B5C-8304-BEEEF470C791}"
	ProjectSection(ProjectDependencies) = postProject
		{E838FA50-B87D-3299-A043-D9136086B8F5} = {E838FA50-B87D-3299-A043-D9136086B8F5}
		{E40EC037-E919-3FDA-BF05-7F331863F8D3} = {E40EC037-E919-3FDA-BF05-7F331863F8D3}
		{E31632AD-B097-3FBB-BAF5-76DC544FBA4E} = {E31632AD-B097-3FBB-BAF5-76DC544FBA4E}
		{2AAC1B1B-CC25-3835-9CF1-90A91E631468} = {2AAC1B1B-CC25-3835-9CF1-90A91E631468}
		{1D04C28F-D20D-3ECE-855C-D7271DFA6F5F} = {1D04C28F-D20D-3ECE-855C-D7271DFA6F5F}
	EndProjectSection
EndProject
Project("{8BC9CEB8-8B4A-11D0-8D11-00A0C91BC942}") = "PhysXFoundation", "PhysXFoundation.vcxproj", "{E31632AD-B097-3FBB-BAF5-76DC544FBA4E}"
	ProjectSection(ProjectDependencies) = postProject
		{1D04C28F-D20D-3ECE-855C-D7271DFA6F5F} = {1D04C28F-D20D-3ECE-855C-D7271DFA6F5F}
	EndProjectSection
EndProject
Project("{8BC9CEB8-8B4A-11D0-8D11-00A0C91BC942}") = "PhysXPvdSDK", "PhysXPvdSDK.vcxproj", "{2AAC1B1B-CC25-3835-9CF1-90A91E631468}"
	ProjectSection(ProjectDependencies) = postProject
		{E31632AD-B097-3FBB-BAF5-76DC544FBA4E} = {E31632AD-B097-3FBB-BAF5-76DC544FBA4E}
		{1D04C28F-D20D-3ECE-855C-D7271DFA6F5F} = {1D04C28F-D20D-3ECE-855C-D7271DFA6F5F}
	EndProjectSection
EndProject
Project("{8BC9CEB8-8B4A-11D0-8D11-00A0C91BC942}") = "PhysXTask", "PhysXTask.vcxproj", "{AC031886-ED10-3F66-AD94-0361F4056B71}"
	ProjectSection(ProjectDependencies) = postProject
		{1D04C28F-D20D-3ECE-855C-D7271DFA6F5F} = {1D04C28F-D20D-3ECE-855C-D7271DFA6F5F}
	EndProjectSection
EndProject
Project("{8BC9CEB8-8B4A-11D0-8D11-00A0C91BC942}") = "PhysXVehicle", "PhysXVehicle.vcxproj", "{9B5C42FD-405F-34AE-A545-C2E9E2397E66}"
	ProjectSection(ProjectDependencies) = postProject
		{E31632AD-B097-3FBB-BAF5-76DC544FBA4E} = {E31632AD-B097-3FBB-BAF5-76DC544FBA4E}
		{2AAC1B1B-CC25-3835-9CF1-90A91E631468} = {2AAC1B1B-CC25-3835-9CF1-90A91E631468}
		{1D04C28F-D20D-3ECE-855C-D7271DFA6F5F} = {1D04C28F-D20D-3ECE-855C-D7271DFA6F5F}
	EndProjectSection
EndProject
Project("{8BC9CEB8-8B4A-11D0-8D11-00A0C91BC942}") = "SceneQuery", "SceneQuery.vcxproj", "{E0B77269-A10C-3F8B-8422-87BEDEA7C1BC}"
	ProjectSection(ProjectDependencies) = postProject
		{1D04C28F-D20D-3ECE-855C-D7271DFA6F5F} = {1D04C28F-D20D-3ECE-855C-D7271DFA6F5F}
	EndProjectSection
EndProject
Project("{8BC9CEB8-8B4A-11D0-8D11-00A0C91BC942}") = "SimulationController", "SimulationController.vcxproj", "{29358E18-5553-31DE-BAAC-318BE7D528AC}"
	ProjectSection(ProjectDependencies) = postProject
		{1D04C28F-D20D-3ECE-855C-D7271DFA6F5F} = {1D04C28F-D20D-3ECE-855C-D7271DFA6F5F}
	EndProjectSection
EndProject
Project("{8BC9CEB8-8B4A-11D0-8D11-00A0C91BC942}") = "ZERO_CHECK", "..\\ZERO_CHECK.vcxproj", "{1D04C28F-D20D-3ECE-855C-D7271DFA6F5F}"
	ProjectSection(ProjectDependencies) = postProject
	EndProjectSection
EndProject
Global
	GlobalSection(SolutionConfigurationPlatforms) = preSolution
		debug|x64 = debug|x64
		checked|x64 = checked|x64
		profile|x64 = profile|x64
		release|x64 = release|x64
	EndGlobalSection
	GlobalSection(ProjectConfigurationPlatforms) = postSolution
		{2DE6DB49-297F-362F-AA94-DC92F968A4C0}.debug|x64.ActiveCfg = debug|x64
		{2DE6DB49-297F-362F-AA94-DC92F968A4C0}.debug|x64.Build.0 = debug|x64
		{2DE6DB49-297F-362F-AA94-DC92F968A4C0}.checked|x64.ActiveCfg = checked|x64
		{2DE6DB49-297F-362F-AA94-DC92F968A4C0}.checked|x64.Build.0 = checked|x64
		{2DE6DB49-297F-362F-AA94-DC92F968A4C0}.profile|x64.ActiveCfg = profile|x64
		{2DE6DB49-297F-362F-AA94-DC92F968A4C0}.profile|x64.Build.0 = profile|x64
		{2DE6DB49-297F-362F-AA94-DC92F968A4C0}.release|x64.ActiveCfg = release|x64
		{2DE6DB49-297F-362F-AA94-DC92F968A4C0}.release|x64.Build.0 = release|x64
		{E838FA50-B87D-3299-A043-D9136086B8F5}.debug|x64.ActiveCfg = debug|x64
		{E838FA50-B87D-3299-A043-D9136086B8F5}.debug|x64.Build.0 = debug|x64
		{E838FA50-B87D-3299-A043-D9136086B8F5}.checked|x64.ActiveCfg = checked|x64
		{E838FA50-B87D-3299-A043-D9136086B8F5}.checked|x64.Build.0 = checked|x64
		{E838FA50-B87D-3299-A043-D9136086B8F5}.profile|x64.ActiveCfg = profile|x64
		{E838FA50-B87D-3299-A043-D9136086B8F5}.profile|x64.Build.0 = profile|x64
		{E838FA50-B87D-3299-A043-D9136086B8F5}.release|x64.ActiveCfg = release|x64
		{E838FA50-B87D-3299-A043-D9136086B8F5}.release|x64.Build.0 = release|x64
		{48F7138A-4A63-383B-AE07-EBA73D17E8C3}.debug|x64.ActiveCfg = debug|x64
		{48F7138A-4A63-383B-AE07-EBA73D17E8C3}.checked|x64.ActiveCfg = checked|x64
		{48F7138A-4A63-383B-AE07-EBA73D17E8C3}.profile|x64.ActiveCfg = profile|x64
		{48F7138A-4A63-383B-AE07-EBA73D17E8C3}.release|x64.ActiveCfg = release|x64
		{AC20DD21-C781-3E72-9120-EED1D0D605BA}.debug|x64.ActiveCfg = debug|x64
		{AC20DD21-C781-3E72-9120-EED1D0D605BA}.debug|x64.Build.0 = debug|x64
		{AC20DD21-C781-3E72-9120-EED1D0D605BA}.checked|x64.ActiveCfg = checked|x64
		{AC20DD21-C781-3E72-9120-EED1D0D605BA}.checked|x64.Build.0 = checked|x64
		{AC20DD21-C781-3E72-9120-EED1D0D605BA}.profile|x64.ActiveCfg = profile|x64
		{AC20DD21-C781-3E72-9120-EED1D0D605BA}.profile|x64.Build.0 = profile|x64
		{AC20DD21-C781-3E72-9120-EED1D0D605BA}.release|x64.ActiveCfg = release|x64
		{AC20DD21-C781-3E72-9120-EED1D0D605BA}.release|x64.Build.0 = release|x64
		{0686EC94-4946-382B-A14B-B743D20FEEB6}.debug|x64.ActiveCfg = debug|x64
		{0686EC94-4946-382B-A14B-B743D20FEEB6}.debug|x64.Build.0 = debug|x64
		{0686EC94-4946-382B-A14B-B743D20FEEB6}.checked|x64.ActiveCfg = checked|x64
		{0686EC94-4946-382B-A14B-B743D20FEEB6}.checked|x64.Build.0 = checked|x64
		{0686EC94-4946-382B-A14B-B743D20FEEB6}.profile|x64.ActiveCfg = profile|x64
		{0686EC94-4946-382B-A14B-B743D20FEEB6}.profile|x64.Build.0 = profile|x64
		{0686EC94-4946-382B-A14B-B743D20FEEB6}.release|x64.ActiveCfg = release|x64
		{0686EC94-4946-382B-A14B-B743D20FEEB6}.release|x64.Build.0 = release|x64
		{49A898C0-B30E-3668-8D8C-D192B108CF7A}.debug|x64.ActiveCfg = debug|x64
		{49A898C0-B30E-3668-8D8C-D192B108CF7A}.debug|x64.Build.0 = debug|x64
		{49A898C0-B30E-3668-8D8C-D192B108CF7A}.checked|x64.ActiveCfg = checked|x64
		{49A898C0-B30E-3668-8D8C-D192B108CF7A}.checked|x64.Build.0 = checked|x64
		{49A898C0-B30E-3668-8D8C-D192B108CF7A}.profile|x64.ActiveCfg = profile|x64
		{49A898C0-B30E-3668-8D8C-D192B108CF7A}.profile|x64.Build.0 = profile|x64
		{49A898C0-B30E-3668-8D8C-D192B108CF7A}.release|x64.ActiveCfg = release|x64
		{49A898C0-B30E-3668-8D8C-D192B108CF7A}.release|x64.Build.0 = release|x64
		{E40EC037-E919-3FDA-BF05-7F331863F8D3}.debug|x64.ActiveCfg = debug|x64
		{E40EC037-E919-3FDA-BF05-7F331863F8D3}.debug|x64.Build.0 = debug|x64
		{E40EC037-E919-3FDA-BF05-7F331863F8D3}.checked|x64.ActiveCfg = checked|x64
		{E40EC037-E919-3FDA-BF05-7F331863F8D3}.checked|x64.Build.0 = checked|x64
		{E40EC037-E919-3FDA-BF05-7F331863F8D3}.profile|x64.ActiveCfg = profile|x64
		{E40EC037-E919-3FDA-BF05-7F331863F8D3}.profile|x64.Build.0 = profile|x64
		{E40EC037-E919-3FDA-BF05-7F331863F8D3}.release|x64.ActiveCfg = release|x64
		{E40EC037-E919-3FDA-BF05-7F331863F8D3}.release|x64.Build.0 = release|x64
		{FCC64E78-50B8-3BDF-AFE3-315E36D6EA49}.debug|x64.ActiveCfg = debug|x64
		{FCC64E78-50B8-3BDF-AFE3-315E36D6EA49}.debug|x64.Build.0 = debug|x64
		{FCC64E78-50B8-3BDF-AFE3-315E36D6EA49}.checked|x64.ActiveCfg = checked|x64
		{FCC64E78-50B8-3BDF-AFE3-315E36D6EA49}.checked|x64.Build.0 = checked|x64
		{FCC64E78-50B8-3BDF-AFE3-315E36D6EA49}.profile|x64.ActiveCfg = profile|x64
		{FCC64E78-50B8-3BDF-AFE3-315E36D6EA49}.profile|x64.Build.0 = profile|x64
		{FCC64E78-50B8-3BDF-AFE3-315E36D6EA49}.release|x64.ActiveCfg = release|x64
		{FCC64E78-50B8-3BDF-AFE3-315E36D6EA49}.release|x64.Build.0 = release|x64
		{FAC36CD8-C529-312A-AD02-B6FAE130D1A7}.debug|x64.ActiveCfg = debug|x64
		{FAC36CD8-C529-312A-AD02-B6FAE130D1A7}.debug|x64.Build.0 = debug|x64
		{FAC36CD8-C529-312A-AD02-B6FAE130D1A7}.checked|x64.ActiveCfg = checked|x64
		{FAC36CD8-C529-312A-AD02-B6FAE130D1A7}.checked|x64.Build.0 = checked|x64
		{FAC36CD8-C529-312A-AD02-B6FAE130D1A7}.profile|x64.ActiveCfg = profile|x64
		{FAC36CD8-C529-312A-AD02-B6FAE130D1A7}.profile|x64.Build.0 = profile|x64
		{FAC36CD8-C529-312A-AD02-B6FAE130D1A7}.release|x64.ActiveCfg = release|x64
		{FAC36CD8-C529-312A-AD02-B6FAE130D1A7}.release|x64.Build.0 = release|x64
		{BB32EF98-8BE6-343A-AEE1-CDC66208291B}.debug|x64.ActiveCfg = debug|x64
		{BB32EF98-8BE6-343A-AEE1-CDC66208291B}.debug|x64.Build.0 = debug|x64
		{BB32EF98-8BE6-343A-AEE1-CDC66208291B}.checked|x64.ActiveCfg = checked|x64
		{BB32EF98-8BE6-343A-AEE1-CDC66208291B}.checked|x64.Build.0 = checked|x64
		{BB32EF98-8BE6-343A-AEE1-CDC66208291B}.profile|x64.ActiveCfg = profile|x64
		{BB32EF98-8BE6-343A-AEE1-CDC66208291B}.profile|x64.Build.0 = profile|x64
		{BB32EF98-8BE6-343A-AEE1-CDC66208291B}.release|x64.ActiveCfg = release|x64
		{BB32EF98-8BE6-343A-AEE1-CDC66208291B}.release|x64.Build.0 = release|x64
		{CE374792-D9D5-3B5C-8304-BEEEF470C791}.debug|x64.ActiveCfg = debug|x64
		{CE374792-D9D5-3B5C-8304-BEEEF470C791}.debug|x64.Build.0 = debug|x64
		{CE374792-D9D5-3B5C-8304-BEEEF470C791}.checked|x64.ActiveCfg = checked|x64
		{CE374792-D9D5-3B5C-8304-BEEEF470C791}.checked|x64.Build.0 = checked|x64
		{CE374792-D9D5-3B5C-8304-BEEEF470C791}.profile|x64.ActiveCfg = profile|x64
		{CE374792-D9D5-3B5C-8304-BEEEF470C791}.profile|x64.Build.0 = profile|x64
		{CE374792-D9D5-3B5C-8304-BEEEF470C791}.release|x64.ActiveCfg = release|x64
		{CE374792-D9D5-3B5C-8304-BEEEF470C791}.release|x64.Build.0 = release|x64
		{E31632AD-B097-3FBB-BAF5-76DC544FBA4E}.debug|x64.ActiveCfg = debug|x64
		{E31632AD-B097-3FBB-BAF5-76DC544FBA4E}.debug|x64.Build.0 = debug|x64
		{E31632AD-B097-3FBB-BAF5-76DC544FBA4E}.checked|x64.ActiveCfg = checked|x64
		{E31632AD-B097-3FBB-BAF5-76DC544FBA4E}.checked|x64.Build.0 = checked|x64
		{E31632AD-B097-3FBB-BAF5-76DC544FBA4E}.profile|x64.ActiveCfg = profile|x64
		{E31632AD-B097-3FBB-BAF5-76DC544FBA4E}.profile|x64.Build.0 = profile|x64
		{E31632AD-B097-3FBB-BAF5-76DC544FBA4E}.release|x64.ActiveCfg = release|x64
		{E31632AD-B097-3FBB-BAF5-76DC544FBA4E}.release|x64.Build.0 = release|x64
		{2AAC1B1B-CC25-3835-9CF1-90A91E631468}.debug|x64.ActiveCfg = debug|x64
		{2AAC1B1B-CC25-3835-9CF1-90A91E631468}.debug|x64.Build.0 = debug|x64
		{2AAC1B1B-CC25-3835-9CF1-90A91E631468}.checked|x64.ActiveCfg = checked|x64
		{2AAC1B1B-CC25-3835-9CF1-90A91E631468}.checked|x64.Build.0 = checked|x64
		{2AAC1B1B-CC25-3835-9CF1-90A91E631468}.profile|x64.ActiveCfg = profile|x64
		{2AAC1B1B-CC25-3835-9CF1-90A91E631468}.profile|x64.Build.0 = profile|x64
		{2AAC1B1B-CC25-3835-9CF1-90A91E631468}.release|x64.ActiveCfg = release|x64
		{2AAC1B1B-CC25-3835-9CF1-90A91E631468}.release|x64.Build.0 = release|x64
		{AC031886-ED10-3F66-AD94-0361F4056B71}.debug|x64.ActiveCfg = debug|x64
		{AC031886-ED10-3F66-AD94-0361F4056B71}.debug|x64.Build.0 = debug|x64
		{AC031886-ED10-3F66-AD94-0361F4056B71}.checked|x64.ActiveCfg = checked|x64
		{AC031886-ED10-3F66-AD94-0361F4056B71}.checked|x64.Build.0 = checked|x64
		{AC031886-ED10-3F66-AD94-0361F4056B71}.profile|x64.ActiveCfg = profile|x64
		{AC031886-ED10-3F66-AD94-0361F4056B71}.profile|x64.Build.0 = profile|x64
		{AC031886-ED10-3F66-AD94-0361F4056B71}.release|x64.ActiveCfg = release|x64
		{AC031886-ED10-3F66-AD94-0361F4056B71}.release|x64.Build.0 = release|x64
		{9B5C42FD-405F-34AE-A545-C2E9E2397E66}.debug|x64.ActiveCfg = debug|x64
		{9B5C42FD-405F-34AE-A545-C2E9E2397E66}.debug|x64.Build.0 = debug|x64
		{9B5C42FD-405F-34AE-A545-C2E9E2397E66}.checked|x64.ActiveCfg = checked|x64
		{9B5C42FD-405F-34AE-A545-C2E9E2397E66}.checked|x64.Build.0 = checked|x64
		{9B5C42FD-405F-34AE-A545-C2E9E2397E66}.profile|x64.ActiveCfg = profile|x64
		{9B5C42FD-405F-34AE-A545-C2E9E2397E66}.profile|x64.Build.0 = profile|x64
		{9B5C42FD-405F-34AE-A545-C2E9E2397E66}.release|x64.ActiveCfg = release|x64
		{9B5C42FD-405F-34AE-A545-C2E9E2397E66}.release|x64.Build.0 = release|x64
		{E0B77269-A10C-3F8B-8422-87BEDEA7C1BC}.debug|x64.ActiveCfg = debug|x64
		{E0B77269-A10C-3F8B-8422-87BEDEA7C1BC}.debug|x64.Build.0 = debug|x64
		{E0B77269-A10C-3F8B-8422-87BEDEA7C1BC}.checked|x64.ActiveCfg = checked|x64
		{E0B77269-A10C-3F8B-8422-87BEDEA7C1BC}.checked|x64.Build.0 = checked|x64
		{E0B77269-A10C-3F8B-8422-87BEDEA7C1BC}.profile|x64.ActiveCfg = profile|x64
		{E0B77269-A10C-3F8B-8422-87BEDEA7C1BC}.profile|x64.Build.0 = profile|x64
		{E0B77269-A10C-3F8B-8422-87BEDEA7C1BC}.release|x64.ActiveCfg = release|x64
		{E0B77269-A10C-3F8B-8422-87BEDEA7C1BC}.release|x64.Build.0 = release|x64
		{29358E18-5553-31DE-BAAC-318BE7D528AC}.debug|x64.ActiveCfg = debug|x64
		{29358E18-5553-31DE-BAAC-318BE7D528AC}.debug|x64.Build.0 = debug|x64
		{29358E18-5553-31DE-BAAC-318BE7D528AC}.checked|x64.ActiveCfg = checked|x64
		{29358E18-5553-31DE-BAAC-318BE7D528AC}.checked|x64.Build.0 = checked|x64
		{29358E18-5553-31DE-BAAC-318BE7D528AC}.profile|x64.ActiveCfg = profile|x64
		{29358E18-5553-31DE-BAAC-318BE7D528AC}.profile|x64.Build.0 = profile|x64
		{29358E18-5553-31DE-BAAC-318BE7D528AC}.release|x64.ActiveCfg = release|x64
		{29358E18-5553-31DE-BAAC-318BE7D528AC}.release|x64.Build.0 = release|x64
		{1D04C28F-D20D-3ECE-855C-D7271DFA6F5F}.debug|x64.ActiveCfg = debug|x64
		{1D04C28F-D20D-3ECE-855C-D7271DFA6F5F}.debug|x64.Build.0 = debug|x64
		{1D04C28F-D20D-3ECE-855C-D7271DFA6F5F}.checked|x64.ActiveCfg = checked|x64
		{1D04C28F-D20D-3ECE-855C-D7271DFA6F5F}.checked|x64.Build.0 = checked|x64
		{1D04C28F-D20D-3ECE-855C-D7271DFA6F5F}.profile|x64.ActiveCfg = profile|x64
		{1D04C28F-D20D-3ECE-855C-D7271DFA6F5F}.profile|x64.Build.0 = profile|x64
		{1D04C28F-D20D-3ECE-855C-D7271DFA6F5F}.release|x64.ActiveCfg = release|x64
		{1D04C28F-D20D-3ECE-855C-D7271DFA6F5F}.release|x64.Build.0 = release|x64
	EndGlobalSection
	GlobalSection(NestedProjects) = preSolution
		{2DE6DB49-297F-362F-AA94-DC92F968A4C0} = {AA12AAB2-723F-3FF8-A65C-D59753318A65}
		{48F7138A-4A63-383B-AE07-EBA73D17E8C3} = {AA12AAB2-723F-3FF8-A65C-D59753318A65}
		{1D04C28F-D20D-3ECE-855C-D7271DFA6F5F} = {AA12AAB2-723F-3FF8-A65C-D59753318A65}
		{E838FA50-B87D-3299-A043-D9136086B8F5} = {5DDA97D7-104A-388B-B62A-96D70C642EAA}
		{AC20DD21-C781-3E72-9120-EED1D0D605BA} = {5DDA97D7-104A-388B-B62A-96D70C642EAA}
		{0686EC94-4946-382B-A14B-B743D20FEEB6} = {5DDA97D7-104A-388B-B62A-96D70C642EAA}
		{49A898C0-B30E-3668-8D8C-D192B108CF7A} = {5DDA97D7-104A-388B-B62A-96D70C642EAA}
		{E40EC037-E919-3FDA-BF05-7F331863F8D3} = {5DDA97D7-104A-388B-B62A-96D70C642EAA}
		{FCC64E78-50B8-3BDF-AFE3-315E36D6EA49} = {5DDA97D7-104A-388B-B62A-96D70C642EAA}
		{FAC36CD8-C529-312A-AD02-B6FAE130D1A7} = {5DDA97D7-104A-388B-B62A-96D70C642EAA}
		{BB32EF98-8BE6-343A-AEE1-CDC66208291B} = {5DDA97D7-104A-388B-B62A-96D70C642EAA}
		{CE374792-D9D5-3B5C-8304-BEEEF470C791} = {5DDA97D7-104A-388B-B62A-96D70C642EAA}
		{E31632AD-B097-3FBB-BAF5-76DC544FBA4E} = {5DDA97D7-104A-388B-B62A-96D70C642EAA}
		{2AAC1B1B-CC25-3835-9CF1-90A91E631468} = {5DDA97D7-104A-388B-B62A-96D70C642EAA}
		{AC031886-ED10-3F66-AD94-0361F4056B71} = {5DDA97D7-104A-388B-B62A-96D70C642EAA}
		{9B5C42FD-405F-34AE-A545-C2E9E2397E66} = {5DDA97D7-104A-388B-B62A-96D70C642EAA}
		{E0B77269-A10C-3F8B-8422-87BEDEA7C1BC} = {5DDA97D7-104A-388B-B62A-96D70C642EAA}
		{29358E18-5553-31DE-BAAC-318BE7D528AC} = {5DDA97D7-104A-388B-B62A-96D70C642EAA}
	EndGlobalSection
	GlobalSection(ExtensibilityGlobals) = postSolution
		SolutionGuid = {D2339D1C-5AAB-3A8F-8F14-CABA028DE36D}
	EndGlobalSection
	GlobalSection(ExtensibilityAddIns) = postSolution
	EndGlobalSection
EndGlobal
