
Microsoft Visual Studio Solution File, Format Version 12.00
# Visual Studio Version 16
Project("{2150E333-8FDC-42A3-9474-1A3956D46DE8}") = "CMakePredefinedTargets", "CMakePredefinedTargets", "{AA12AAB2-723F-3FF8-A65C-D59753318A65}"
EndProject
Project("{2150E333-8FDC-42A3-9474-1A3956D46DE8}") = "PhysX SDK", "PhysX SDK", "{5DDA97D7-104A-388B-B62A-96D70C642EAA}"
EndProject
Project("{2150E333-8FDC-42A3-9474-1A3956D46DE8}") = "Snippets", "Snippets", "{78EBB8E2-2F3A-3750-90AA-6C99285D2A96}"
EndProject
Project("{8BC9CEB8-8B4A-11D0-8D11-00A0C91BC942}") = "ALL_BUILD", "ALL_BUILD.vcxproj", "{2DE6DB49-297F-362F-AA94-DC92F968A4C0}"
	ProjectSection(ProjectDependencies) = postProject
		{C0C3B013-AD07-3692-932B-8D057E94638B} = {C0C3B013-AD07-3692-932B-8D057E94638B}
		{4BA8C09E-9CF8-37A3-8A18-DD9B7017D41E} = {4BA8C09E-9CF8-37A3-8A18-DD9B7017D41E}
		{25B0407C-CF13-3325-8988-7B505530ECCB} = {25B0407C-CF13-3325-8988-7B505530ECCB}
		{361B240D-6B95-3BEF-AE4B-31A1A5484CF1} = {361B240D-6B95-3BEF-AE4B-31A1A5484CF1}
		{123B9AF3-6E9E-3D20-BFA8-88DC97DCF3B6} = {123B9AF3-6E9E-3D20-BFA8-88DC97DCF3B6}
		{1830137D-8C03-3D8A-96D2-99E65EF3E079} = {1830137D-8C03-3D8A-96D2-99E65EF3E079}
		{F2C4574D-6CB1-3959-A9E5-8A578871A517} = {F2C4574D-6CB1-3959-A9E5-8A578871A517}
		{BADEF918-BBDB-362A-9593-D96F1599BE9A} = {BADEF918-BBDB-362A-9593-D96F1599BE9A}
		{3F2DBD16-FDC4-317B-83F9-312863D57DDE} = {3F2DBD16-FDC4-317B-83F9-312863D57DDE}
		{D970D65D-DE33-3CF8-B2E1-97FC00A8FF10} = {D970D65D-DE33-3CF8-B2E1-97FC00A8FF10}
		{CB237363-A092-3AA4-915E-A6433F84020E} = {CB237363-A092-3AA4-915E-A6433F84020E}
		{B66A97FD-8845-35BA-924C-C3B2D9AC771A} = {B66A97FD-8845-35BA-924C-C3B2D9AC771A}
		{FEE06749-085F-3328-8AB4-48A0B05B1A3C} = {FEE06749-085F-3328-8AB4-48A0B05B1A3C}
		{A519122E-10F6-3774-A9FE-85EED810E050} = {A519122E-10F6-3774-A9FE-85EED810E050}
		{53F4AF87-5F0F-320B-8E78-135920C72A09} = {53F4AF87-5F0F-320B-8E78-135920C72A09}
		{B2AD471B-7FA2-3C5A-B125-75C6BE8B34CA} = {B2AD471B-7FA2-3C5A-B125-75C6BE8B34CA}
		{14224C74-C8B6-3BC4-8461-5606F42046AA} = {14224C74-C8B6-3BC4-8461-5606F42046AA}
		{1440AC44-13E5-371B-A5E4-F12E447ED2FE} = {1440AC44-13E5-371B-A5E4-F12E447ED2FE}
		{67A7A1C6-8DE2-3FC4-8F47-F3F7EE9D8464} = {67A7A1C6-8DE2-3FC4-8F47-F3F7EE9D8464}
		{7F3F271E-F707-37B6-ACE4-F442A4B4B4FD} = {7F3F271E-F707-37B6-ACE4-F442A4B4B4FD}
		{84EC8B75-D2DA-3398-8E53-63ADBF57586E} = {84EC8B75-D2DA-3398-8E53-63ADBF57586E}
		{EE41194F-53AD-3A66-8589-5A308CB8A371} = {EE41194F-53AD-3A66-8589-5A308CB8A371}
		{46E75AB2-7EE6-3A65-8A16-A397614B99C7} = {46E75AB2-7EE6-3A65-8A16-A397614B99C7}
		{108E808C-CDBC-3C00-BD65-D176C084EDFA} = {108E808C-CDBC-3C00-BD65-D176C084EDFA}
		{1275C59F-A0EC-3F85-A0A8-F74D6174C754} = {1275C59F-A0EC-3F85-A0A8-F74D6174C754}
		{6D0FDAA7-8C80-37ED-8EBE-6E5FE7644FF3} = {6D0FDAA7-8C80-37ED-8EBE-6E5FE7644FF3}
		{48414824-850E-3AF0-822A-14DADF75BE09} = {48414824-850E-3AF0-822A-14DADF75BE09}
		{3C930233-25B3-3F6A-B708-5B70868D9D6D} = {3C930233-25B3-3F6A-B708-5B70868D9D6D}
		{28542BC3-FB14-34B2-AAEA-E15C10EA3668} = {28542BC3-FB14-34B2-AAEA-E15C10EA3668}
		{8C5D04DF-9CB8-3AA6-9779-8B65D9F611E4} = {8C5D04DF-9CB8-3AA6-9779-8B65D9F611E4}
		{52CA12C3-3F20-3561-9F89-D35877DE49DC} = {52CA12C3-3F20-3561-9F89-D35877DE49DC}
		{5CFF1EA7-843C-3601-A3A8-0CBFF3932AA1} = {5CFF1EA7-843C-3601-A3A8-0CBFF3932AA1}
		{051C6BCE-0368-3478-B113-F3AB91440063} = {051C6BCE-0368-3478-B113-F3AB91440063}
		{D3166D84-EB13-3058-9C12-37E5FA76E6C4} = {D3166D84-EB13-3058-9C12-37E5FA76E6C4}
		{98D3E4BD-2FF7-3FCA-BF14-FE2301FCB0FC} = {98D3E4BD-2FF7-3FCA-BF14-FE2301FCB0FC}
		{3AA21207-C572-38CD-8895-18B89D0F5337} = {3AA21207-C572-38CD-8895-18B89D0F5337}
		{1D04C28F-D20D-3ECE-855C-D7271DFA6F5F} = {1D04C28F-D20D-3ECE-855C-D7271DFA6F5F}
	EndProjectSection
EndProject
Project("{8BC9CEB8-8B4A-11D0-8D11-00A0C91BC942}") = "FastXml", "..\sdk_source_bin\FastXml.vcxproj", "{E838FA50-B87D-3299-A043-D9136086B8F5}"
	ProjectSection(ProjectDependencies) = postProject
		{1D04C28F-D20D-3ECE-855C-D7271DFA6F5F} = {1D04C28F-D20D-3ECE-855C-D7271DFA6F5F}
	EndProjectSection
EndProject
Project("{8BC9CEB8-8B4A-11D0-8D11-00A0C91BC942}") = "INSTALL", "INSTALL.vcxproj", "{48F7138A-4A63-383B-AE07-EBA73D17E8C3}"
	ProjectSection(ProjectDependencies) = postProject
		{2DE6DB49-297F-362F-AA94-DC92F968A4C0} = {2DE6DB49-297F-362F-AA94-DC92F968A4C0}
		{1D04C28F-D20D-3ECE-855C-D7271DFA6F5F} = {1D04C28F-D20D-3ECE-855C-D7271DFA6F5F}
	EndProjectSection
EndProject
Project("{8BC9CEB8-8B4A-11D0-8D11-00A0C91BC942}") = "LowLevel", "..\sdk_source_bin\LowLevel.vcxproj", "{AC20DD21-C781-3E72-9120-EED1D0D605BA}"
	ProjectSection(ProjectDependencies) = postProject
		{1D04C28F-D20D-3ECE-855C-D7271DFA6F5F} = {1D04C28F-D20D-3ECE-855C-D7271DFA6F5F}
	EndProjectSection
EndProject
Project("{8BC9CEB8-8B4A-11D0-8D11-00A0C91BC942}") = "LowLevelAABB", "..\sdk_source_bin\LowLevelAABB.vcxproj", "{0686EC94-4946-382B-A14B-B743D20FEEB6}"
	ProjectSection(ProjectDependencies) = postProject
		{1D04C28F-D20D-3ECE-855C-D7271DFA6F5F} = {1D04C28F-D20D-3ECE-855C-D7271DFA6F5F}
	EndProjectSection
EndProject
Project("{8BC9CEB8-8B4A-11D0-8D11-00A0C91BC942}") = "LowLevelDynamics", "..\sdk_source_bin\LowLevelDynamics.vcxproj", "{49A898C0-B30E-3668-8D8C-D192B108CF7A}"
	ProjectSection(ProjectDependencies) = postProject
		{1D04C28F-D20D-3ECE-855C-D7271DFA6F5F} = {1D04C28F-D20D-3ECE-855C-D7271DFA6F5F}
	EndProjectSection
EndProject
Project("{8BC9CEB8-8B4A-11D0-8D11-00A0C91BC942}") = "PhysX", "..\sdk_source_bin\PhysX.vcxproj", "{E40EC037-E919-3FDA-BF05-7F331863F8D3}"
	ProjectSection(ProjectDependencies) = postProject
		{AC20DD21-C781-3E72-9120-EED1D0D605BA} = {AC20DD21-C781-3E72-9120-EED1D0D605BA}
		{0686EC94-4946-382B-A14B-B743D20FEEB6} = {0686EC94-4946-382B-A14B-B743D20FEEB6}
		{49A898C0-B30E-3668-8D8C-D192B108CF7A} = {49A898C0-B30E-3668-8D8C-D192B108CF7A}
		{FAC36CD8-C529-312A-AD02-B6FAE130D1A7} = {FAC36CD8-C529-312A-AD02-B6FAE130D1A7}
		{E31632AD-B097-3FBB-BAF5-76DC544FBA4E} = {E31632AD-B097-3FBB-BAF5-76DC544FBA4E}
		{2AAC1B1B-CC25-3835-9CF1-90A91E631468} = {2AAC1B1B-CC25-3835-9CF1-90A91E631468}
		{AC031886-ED10-3F66-AD94-0361F4056B71} = {AC031886-ED10-3F66-AD94-0361F4056B71}
		{E0B77269-A10C-3F8B-8422-87BEDEA7C1BC} = {E0B77269-A10C-3F8B-8422-87BEDEA7C1BC}
		{29358E18-5553-31DE-BAAC-318BE7D528AC} = {29358E18-5553-31DE-BAAC-318BE7D528AC}
		{1D04C28F-D20D-3ECE-855C-D7271DFA6F5F} = {1D04C28F-D20D-3ECE-855C-D7271DFA6F5F}
	EndProjectSection
EndProject
Project("{8BC9CEB8-8B4A-11D0-8D11-00A0C91BC942}") = "PhysXCharacterKinematic", "..\sdk_source_bin\PhysXCharacterKinematic.vcxproj", "{FCC64E78-50B8-3BDF-AFE3-315E36D6EA49}"
	ProjectSection(ProjectDependencies) = postProject
		{E31632AD-B097-3FBB-BAF5-76DC544FBA4E} = {E31632AD-B097-3FBB-BAF5-76DC544FBA4E}
		{1D04C28F-D20D-3ECE-855C-D7271DFA6F5F} = {1D04C28F-D20D-3ECE-855C-D7271DFA6F5F}
	EndProjectSection
EndProject
Project("{8BC9CEB8-8B4A-11D0-8D11-00A0C91BC942}") = "PhysXCommon", "..\sdk_source_bin\PhysXCommon.vcxproj", "{FAC36CD8-C529-312A-AD02-B6FAE130D1A7}"
	ProjectSection(ProjectDependencies) = postProject
		{E31632AD-B097-3FBB-BAF5-76DC544FBA4E} = {E31632AD-B097-3FBB-BAF5-76DC544FBA4E}
		{1D04C28F-D20D-3ECE-855C-D7271DFA6F5F} = {1D04C28F-D20D-3ECE-855C-D7271DFA6F5F}
	EndProjectSection
EndProject
Project("{8BC9CEB8-8B4A-11D0-8D11-00A0C91BC942}") = "PhysXCooking", "..\sdk_source_bin\PhysXCooking.vcxproj", "{BB32EF98-8BE6-343A-AEE1-CDC66208291B}"
	ProjectSection(ProjectDependencies) = postProject
		{FAC36CD8-C529-312A-AD02-B6FAE130D1A7} = {FAC36CD8-C529-312A-AD02-B6FAE130D1A7}
		{E31632AD-B097-3FBB-BAF5-76DC544FBA4E} = {E31632AD-B097-3FBB-BAF5-76DC544FBA4E}
		{1D04C28F-D20D-3ECE-855C-D7271DFA6F5F} = {1D04C28F-D20D-3ECE-855C-D7271DFA6F5F}
	EndProjectSection
EndProject
Project("{8BC9CEB8-8B4A-11D0-8D11-00A0C91BC942}") = "PhysXExtensions", "..\sdk_source_bin\PhysXExtensions.vcxproj", "{CE374792-D9D5-3B5C-8304-BEEEF470C791}"
	ProjectSection(ProjectDependencies) = postProject
		{E838FA50-B87D-3299-A043-D9136086B8F5} = {E838FA50-B87D-3299-A043-D9136086B8F5}
		{E40EC037-E919-3FDA-BF05-7F331863F8D3} = {E40EC037-E919-3FDA-BF05-7F331863F8D3}
		{E31632AD-B097-3FBB-BAF5-76DC544FBA4E} = {E31632AD-B097-3FBB-BAF5-76DC544FBA4E}
		{2AAC1B1B-CC25-3835-9CF1-90A91E631468} = {2AAC1B1B-CC25-3835-9CF1-90A91E631468}
		{1D04C28F-D20D-3ECE-855C-D7271DFA6F5F} = {1D04C28F-D20D-3ECE-855C-D7271DFA6F5F}
	EndProjectSection
EndProject
Project("{8BC9CEB8-8B4A-11D0-8D11-00A0C91BC942}") = "PhysXFoundation", "..\sdk_source_bin\PhysXFoundation.vcxproj", "{E31632AD-B097-3FBB-BAF5-76DC544FBA4E}"
	ProjectSection(ProjectDependencies) = postProject
		{1D04C28F-D20D-3ECE-855C-D7271DFA6F5F} = {1D04C28F-D20D-3ECE-855C-D7271DFA6F5F}
	EndProjectSection
EndProject
Project("{8BC9CEB8-8B4A-11D0-8D11-00A0C91BC942}") = "PhysXPvdSDK", "..\sdk_source_bin\PhysXPvdSDK.vcxproj", "{2AAC1B1B-CC25-3835-9CF1-90A91E631468}"
	ProjectSection(ProjectDependencies) = postProject
		{E31632AD-B097-3FBB-BAF5-76DC544FBA4E} = {E31632AD-B097-3FBB-BAF5-76DC544FBA4E}
		{1D04C28F-D20D-3ECE-855C-D7271DFA6F5F} = {1D04C28F-D20D-3ECE-855C-D7271DFA6F5F}
	EndProjectSection
EndProject
Project("{8BC9CEB8-8B4A-11D0-8D11-00A0C91BC942}") = "PhysXTask", "..\sdk_source_bin\PhysXTask.vcxproj", "{AC031886-ED10-3F66-AD94-0361F4056B71}"
	ProjectSection(ProjectDependencies) = postProject
		{1D04C28F-D20D-3ECE-855C-D7271DFA6F5F} = {1D04C28F-D20D-3ECE-855C-D7271DFA6F5F}
	EndProjectSection
EndProject
Project("{8BC9CEB8-8B4A-11D0-8D11-00A0C91BC942}") = "PhysXVehicle", "..\sdk_source_bin\PhysXVehicle.vcxproj", "{9B5C42FD-405F-34AE-A545-C2E9E2397E66}"
	ProjectSection(ProjectDependencies) = postProject
		{E31632AD-B097-3FBB-BAF5-76DC544FBA4E} = {E31632AD-B097-3FBB-BAF5-76DC544FBA4E}
		{2AAC1B1B-CC25-3835-9CF1-90A91E631468} = {2AAC1B1B-CC25-3835-9CF1-90A91E631468}
		{1D04C28F-D20D-3ECE-855C-D7271DFA6F5F} = {1D04C28F-D20D-3ECE-855C-D7271DFA6F5F}
	EndProjectSection
EndProject
Project("{8BC9CEB8-8B4A-11D0-8D11-00A0C91BC942}") = "SceneQuery", "..\sdk_source_bin\SceneQuery.vcxproj", "{E0B77269-A10C-3F8B-8422-87BEDEA7C1BC}"
	ProjectSection(ProjectDependencies) = postProject
		{1D04C28F-D20D-3ECE-855C-D7271DFA6F5F} = {1D04C28F-D20D-3ECE-855C-D7271DFA6F5F}
	EndProjectSection
EndProject
Project("{8BC9CEB8-8B4A-11D0-8D11-00A0C91BC942}") = "SimulationController", "..\sdk_source_bin\SimulationController.vcxproj", "{29358E18-5553-31DE-BAAC-318BE7D528AC}"
	ProjectSection(ProjectDependencies) = postProject
		{1D04C28F-D20D-3ECE-855C-D7271DFA6F5F} = {1D04C28F-D20D-3ECE-855C-D7271DFA6F5F}
	EndProjectSection
EndProject
Project("{8BC9CEB8-8B4A-11D0-8D11-00A0C91BC942}") = "SnippetArticulation", "SnippetArticulation.vcxproj", "{C0C3B013-AD07-3692-932B-8D057E94638B}"
	ProjectSection(ProjectDependencies) = postProject
		{E40EC037-E919-3FDA-BF05-7F331863F8D3} = {E40EC037-E919-3FDA-BF05-7F331863F8D3}
		{FCC64E78-50B8-3BDF-AFE3-315E36D6EA49} = {FCC64E78-50B8-3BDF-AFE3-315E36D6EA49}
		{FAC36CD8-C529-312A-AD02-B6FAE130D1A7} = {FAC36CD8-C529-312A-AD02-B6FAE130D1A7}
		{BB32EF98-8BE6-343A-AEE1-CDC66208291B} = {BB32EF98-8BE6-343A-AEE1-CDC66208291B}
		{CE374792-D9D5-3B5C-8304-BEEEF470C791} = {CE374792-D9D5-3B5C-8304-BEEEF470C791}
		{E31632AD-B097-3FBB-BAF5-76DC544FBA4E} = {E31632AD-B097-3FBB-BAF5-76DC544FBA4E}
		{2AAC1B1B-CC25-3835-9CF1-90A91E631468} = {2AAC1B1B-CC25-3835-9CF1-90A91E631468}
		{9B5C42FD-405F-34AE-A545-C2E9E2397E66} = {9B5C42FD-405F-34AE-A545-C2E9E2397E66}
		{46E75AB2-7EE6-3A65-8A16-A397614B99C7} = {46E75AB2-7EE6-3A65-8A16-A397614B99C7}
		{8C5D04DF-9CB8-3AA6-9779-8B65D9F611E4} = {8C5D04DF-9CB8-3AA6-9779-8B65D9F611E4}
		{1D04C28F-D20D-3ECE-855C-D7271DFA6F5F} = {1D04C28F-D20D-3ECE-855C-D7271DFA6F5F}
	EndProjectSection
EndProject
Project("{8BC9CEB8-8B4A-11D0-8D11-00A0C91BC942}") = "SnippetBVHStructure", "SnippetBVHStructure.vcxproj", "{4BA8C09E-9CF8-37A3-8A18-DD9B7017D41E}"
	ProjectSection(ProjectDependencies) = postProject
		{E40EC037-E919-3FDA-BF05-7F331863F8D3} = {E40EC037-E919-3FDA-BF05-7F331863F8D3}
		{FCC64E78-50B8-3BDF-AFE3-315E36D6EA49} = {FCC64E78-50B8-3BDF-AFE3-315E36D6EA49}
		{FAC36CD8-C529-312A-AD02-B6FAE130D1A7} = {FAC36CD8-C529-312A-AD02-B6FAE130D1A7}
		{BB32EF98-8BE6-343A-AEE1-CDC66208291B} = {BB32EF98-8BE6-343A-AEE1-CDC66208291B}
		{CE374792-D9D5-3B5C-8304-BEEEF470C791} = {CE374792-D9D5-3B5C-8304-BEEEF470C791}
		{E31632AD-B097-3FBB-BAF5-76DC544FBA4E} = {E31632AD-B097-3FBB-BAF5-76DC544FBA4E}
		{2AAC1B1B-CC25-3835-9CF1-90A91E631468} = {2AAC1B1B-CC25-3835-9CF1-90A91E631468}
		{9B5C42FD-405F-34AE-A545-C2E9E2397E66} = {9B5C42FD-405F-34AE-A545-C2E9E2397E66}
		{46E75AB2-7EE6-3A65-8A16-A397614B99C7} = {46E75AB2-7EE6-3A65-8A16-A397614B99C7}
		{8C5D04DF-9CB8-3AA6-9779-8B65D9F611E4} = {8C5D04DF-9CB8-3AA6-9779-8B65D9F611E4}
		{1D04C28F-D20D-3ECE-855C-D7271DFA6F5F} = {1D04C28F-D20D-3ECE-855C-D7271DFA6F5F}
	EndProjectSection
EndProject
Project("{8BC9CEB8-8B4A-11D0-8D11-00A0C91BC942}") = "SnippetContactModification", "SnippetContactModification.vcxproj", "{25B0407C-CF13-3325-8988-7B505530ECCB}"
	ProjectSection(ProjectDependencies) = postProject
		{E40EC037-E919-3FDA-BF05-7F331863F8D3} = {E40EC037-E919-3FDA-BF05-7F331863F8D3}
		{FCC64E78-50B8-3BDF-AFE3-315E36D6EA49} = {FCC64E78-50B8-3BDF-AFE3-315E36D6EA49}
		{FAC36CD8-C529-312A-AD02-B6FAE130D1A7} = {FAC36CD8-C529-312A-AD02-B6FAE130D1A7}
		{BB32EF98-8BE6-343A-AEE1-CDC66208291B} = {BB32EF98-8BE6-343A-AEE1-CDC66208291B}
		{CE374792-D9D5-3B5C-8304-BEEEF470C791} = {CE374792-D9D5-3B5C-8304-BEEEF470C791}
		{E31632AD-B097-3FBB-BAF5-76DC544FBA4E} = {E31632AD-B097-3FBB-BAF5-76DC544FBA4E}
		{2AAC1B1B-CC25-3835-9CF1-90A91E631468} = {2AAC1B1B-CC25-3835-9CF1-90A91E631468}
		{9B5C42FD-405F-34AE-A545-C2E9E2397E66} = {9B5C42FD-405F-34AE-A545-C2E9E2397E66}
		{46E75AB2-7EE6-3A65-8A16-A397614B99C7} = {46E75AB2-7EE6-3A65-8A16-A397614B99C7}
		{8C5D04DF-9CB8-3AA6-9779-8B65D9F611E4} = {8C5D04DF-9CB8-3AA6-9779-8B65D9F611E4}
		{1D04C28F-D20D-3ECE-855C-D7271DFA6F5F} = {1D04C28F-D20D-3ECE-855C-D7271DFA6F5F}
	EndProjectSection
EndProject
Project("{8BC9CEB8-8B4A-11D0-8D11-00A0C91BC942}") = "SnippetContactReport", "SnippetContactReport.vcxproj", "{361B240D-6B95-3BEF-AE4B-31A1A5484CF1}"
	ProjectSection(ProjectDependencies) = postProject
		{E40EC037-E919-3FDA-BF05-7F331863F8D3} = {E40EC037-E919-3FDA-BF05-7F331863F8D3}
		{FCC64E78-50B8-3BDF-AFE3-315E36D6EA49} = {FCC64E78-50B8-3BDF-AFE3-315E36D6EA49}
		{FAC36CD8-C529-312A-AD02-B6FAE130D1A7} = {FAC36CD8-C529-312A-AD02-B6FAE130D1A7}
		{BB32EF98-8BE6-343A-AEE1-CDC66208291B} = {BB32EF98-8BE6-343A-AEE1-CDC66208291B}
		{CE374792-D9D5-3B5C-8304-BEEEF470C791} = {CE374792-D9D5-3B5C-8304-BEEEF470C791}
		{E31632AD-B097-3FBB-BAF5-76DC544FBA4E} = {E31632AD-B097-3FBB-BAF5-76DC544FBA4E}
		{2AAC1B1B-CC25-3835-9CF1-90A91E631468} = {2AAC1B1B-CC25-3835-9CF1-90A91E631468}
		{9B5C42FD-405F-34AE-A545-C2E9E2397E66} = {9B5C42FD-405F-34AE-A545-C2E9E2397E66}
		{46E75AB2-7EE6-3A65-8A16-A397614B99C7} = {46E75AB2-7EE6-3A65-8A16-A397614B99C7}
		{8C5D04DF-9CB8-3AA6-9779-8B65D9F611E4} = {8C5D04DF-9CB8-3AA6-9779-8B65D9F611E4}
		{1D04C28F-D20D-3ECE-855C-D7271DFA6F5F} = {1D04C28F-D20D-3ECE-855C-D7271DFA6F5F}
	EndProjectSection
EndProject
Project("{8BC9CEB8-8B4A-11D0-8D11-00A0C91BC942}") = "SnippetContactReportCCD", "SnippetContactReportCCD.vcxproj", "{123B9AF3-6E9E-3D20-BFA8-88DC97DCF3B6}"
	ProjectSection(ProjectDependencies) = postProject
		{E40EC037-E919-3FDA-BF05-7F331863F8D3} = {E40EC037-E919-3FDA-BF05-7F331863F8D3}
		{FCC64E78-50B8-3BDF-AFE3-315E36D6EA49} = {FCC64E78-50B8-3BDF-AFE3-315E36D6EA49}
		{FAC36CD8-C529-312A-AD02-B6FAE130D1A7} = {FAC36CD8-C529-312A-AD02-B6FAE130D1A7}
		{BB32EF98-8BE6-343A-AEE1-CDC66208291B} = {BB32EF98-8BE6-343A-AEE1-CDC66208291B}
		{CE374792-D9D5-3B5C-8304-BEEEF470C791} = {CE374792-D9D5-3B5C-8304-BEEEF470C791}
		{E31632AD-B097-3FBB-BAF5-76DC544FBA4E} = {E31632AD-B097-3FBB-BAF5-76DC544FBA4E}
		{2AAC1B1B-CC25-3835-9CF1-90A91E631468} = {2AAC1B1B-CC25-3835-9CF1-90A91E631468}
		{9B5C42FD-405F-34AE-A545-C2E9E2397E66} = {9B5C42FD-405F-34AE-A545-C2E9E2397E66}
		{46E75AB2-7EE6-3A65-8A16-A397614B99C7} = {46E75AB2-7EE6-3A65-8A16-A397614B99C7}
		{8C5D04DF-9CB8-3AA6-9779-8B65D9F611E4} = {8C5D04DF-9CB8-3AA6-9779-8B65D9F611E4}
		{1D04C28F-D20D-3ECE-855C-D7271DFA6F5F} = {1D04C28F-D20D-3ECE-855C-D7271DFA6F5F}
	EndProjectSection
EndProject
Project("{8BC9CEB8-8B4A-11D0-8D11-00A0C91BC942}") = "SnippetConvert", "SnippetConvert.vcxproj", "{1830137D-8C03-3D8A-96D2-99E65EF3E079}"
	ProjectSection(ProjectDependencies) = postProject
		{E40EC037-E919-3FDA-BF05-7F331863F8D3} = {E40EC037-E919-3FDA-BF05-7F331863F8D3}
		{FCC64E78-50B8-3BDF-AFE3-315E36D6EA49} = {FCC64E78-50B8-3BDF-AFE3-315E36D6EA49}
		{FAC36CD8-C529-312A-AD02-B6FAE130D1A7} = {FAC36CD8-C529-312A-AD02-B6FAE130D1A7}
		{BB32EF98-8BE6-343A-AEE1-CDC66208291B} = {BB32EF98-8BE6-343A-AEE1-CDC66208291B}
		{CE374792-D9D5-3B5C-8304-BEEEF470C791} = {CE374792-D9D5-3B5C-8304-BEEEF470C791}
		{E31632AD-B097-3FBB-BAF5-76DC544FBA4E} = {E31632AD-B097-3FBB-BAF5-76DC544FBA4E}
		{2AAC1B1B-CC25-3835-9CF1-90A91E631468} = {2AAC1B1B-CC25-3835-9CF1-90A91E631468}
		{9B5C42FD-405F-34AE-A545-C2E9E2397E66} = {9B5C42FD-405F-34AE-A545-C2E9E2397E66}
		{46E75AB2-7EE6-3A65-8A16-A397614B99C7} = {46E75AB2-7EE6-3A65-8A16-A397614B99C7}
		{8C5D04DF-9CB8-3AA6-9779-8B65D9F611E4} = {8C5D04DF-9CB8-3AA6-9779-8B65D9F611E4}
		{1D04C28F-D20D-3ECE-855C-D7271DFA6F5F} = {1D04C28F-D20D-3ECE-855C-D7271DFA6F5F}
	EndProjectSection
EndProject
Project("{8BC9CEB8-8B4A-11D0-8D11-00A0C91BC942}") = "SnippetConvexMeshCreate", "SnippetConvexMeshCreate.vcxproj", "{F2C4574D-6CB1-3959-A9E5-8A578871A517}"
	ProjectSection(ProjectDependencies) = postProject
		{E40EC037-E919-3FDA-BF05-7F331863F8D3} = {E40EC037-E919-3FDA-BF05-7F331863F8D3}
		{FCC64E78-50B8-3BDF-AFE3-315E36D6EA49} = {FCC64E78-50B8-3BDF-AFE3-315E36D6EA49}
		{FAC36CD8-C529-312A-AD02-B6FAE130D1A7} = {FAC36CD8-C529-312A-AD02-B6FAE130D1A7}
		{BB32EF98-8BE6-343A-AEE1-CDC66208291B} = {BB32EF98-8BE6-343A-AEE1-CDC66208291B}
		{CE374792-D9D5-3B5C-8304-BEEEF470C791} = {CE374792-D9D5-3B5C-8304-BEEEF470C791}
		{E31632AD-B097-3FBB-BAF5-76DC544FBA4E} = {E31632AD-B097-3FBB-BAF5-76DC544FBA4E}
		{2AAC1B1B-CC25-3835-9CF1-90A91E631468} = {2AAC1B1B-CC25-3835-9CF1-90A91E631468}
		{9B5C42FD-405F-34AE-A545-C2E9E2397E66} = {9B5C42FD-405F-34AE-A545-C2E9E2397E66}
		{46E75AB2-7EE6-3A65-8A16-A397614B99C7} = {46E75AB2-7EE6-3A65-8A16-A397614B99C7}
		{8C5D04DF-9CB8-3AA6-9779-8B65D9F611E4} = {8C5D04DF-9CB8-3AA6-9779-8B65D9F611E4}
		{1D04C28F-D20D-3ECE-855C-D7271DFA6F5F} = {1D04C28F-D20D-3ECE-855C-D7271DFA6F5F}
	EndProjectSection
EndProject
Project("{8BC9CEB8-8B4A-11D0-8D11-00A0C91BC942}") = "SnippetCustomJoint", "SnippetCustomJoint.vcxproj", "{BADEF918-BBDB-362A-9593-D96F1599BE9A}"
	ProjectSection(ProjectDependencies) = postProject
		{E40EC037-E919-3FDA-BF05-7F331863F8D3} = {E40EC037-E919-3FDA-BF05-7F331863F8D3}
		{FCC64E78-50B8-3BDF-AFE3-315E36D6EA49} = {FCC64E78-50B8-3BDF-AFE3-315E36D6EA49}
		{FAC36CD8-C529-312A-AD02-B6FAE130D1A7} = {FAC36CD8-C529-312A-AD02-B6FAE130D1A7}
		{BB32EF98-8BE6-343A-AEE1-CDC66208291B} = {BB32EF98-8BE6-343A-AEE1-CDC66208291B}
		{CE374792-D9D5-3B5C-8304-BEEEF470C791} = {CE374792-D9D5-3B5C-8304-BEEEF470C791}
		{E31632AD-B097-3FBB-BAF5-76DC544FBA4E} = {E31632AD-B097-3FBB-BAF5-76DC544FBA4E}
		{2AAC1B1B-CC25-3835-9CF1-90A91E631468} = {2AAC1B1B-CC25-3835-9CF1-90A91E631468}
		{9B5C42FD-405F-34AE-A545-C2E9E2397E66} = {9B5C42FD-405F-34AE-A545-C2E9E2397E66}
		{46E75AB2-7EE6-3A65-8A16-A397614B99C7} = {46E75AB2-7EE6-3A65-8A16-A397614B99C7}
		{8C5D04DF-9CB8-3AA6-9779-8B65D9F611E4} = {8C5D04DF-9CB8-3AA6-9779-8B65D9F611E4}
		{1D04C28F-D20D-3ECE-855C-D7271DFA6F5F} = {1D04C28F-D20D-3ECE-855C-D7271DFA6F5F}
	EndProjectSection
EndProject
Project("{8BC9CEB8-8B4A-11D0-8D11-00A0C91BC942}") = "SnippetCustomProfiler", "SnippetCustomProfiler.vcxproj", "{3F2DBD16-FDC4-317B-83F9-312863D57DDE}"
	ProjectSection(ProjectDependencies) = postProject
		{E40EC037-E919-3FDA-BF05-7F331863F8D3} = {E40EC037-E919-3FDA-BF05-7F331863F8D3}
		{FCC64E78-50B8-3BDF-AFE3-315E36D6EA49} = {FCC64E78-50B8-3BDF-AFE3-315E36D6EA49}
		{FAC36CD8-C529-312A-AD02-B6FAE130D1A7} = {FAC36CD8-C529-312A-AD02-B6FAE130D1A7}
		{BB32EF98-8BE6-343A-AEE1-CDC66208291B} = {BB32EF98-8BE6-343A-AEE1-CDC66208291B}
		{CE374792-D9D5-3B5C-8304-BEEEF470C791} = {CE374792-D9D5-3B5C-8304-BEEEF470C791}
		{E31632AD-B097-3FBB-BAF5-76DC544FBA4E} = {E31632AD-B097-3FBB-BAF5-76DC544FBA4E}
		{2AAC1B1B-CC25-3835-9CF1-90A91E631468} = {2AAC1B1B-CC25-3835-9CF1-90A91E631468}
		{9B5C42FD-405F-34AE-A545-C2E9E2397E66} = {9B5C42FD-405F-34AE-A545-C2E9E2397E66}
		{46E75AB2-7EE6-3A65-8A16-A397614B99C7} = {46E75AB2-7EE6-3A65-8A16-A397614B99C7}
		{8C5D04DF-9CB8-3AA6-9779-8B65D9F611E4} = {8C5D04DF-9CB8-3AA6-9779-8B65D9F611E4}
		{1D04C28F-D20D-3ECE-855C-D7271DFA6F5F} = {1D04C28F-D20D-3ECE-855C-D7271DFA6F5F}
	EndProjectSection
EndProject
Project("{8BC9CEB8-8B4A-11D0-8D11-00A0C91BC942}") = "SnippetDeformableMesh", "SnippetDeformableMesh.vcxproj", "{D970D65D-DE33-3CF8-B2E1-97FC00A8FF10}"
	ProjectSection(ProjectDependencies) = postProject
		{E40EC037-E919-3FDA-BF05-7F331863F8D3} = {E40EC037-E919-3FDA-BF05-7F331863F8D3}
		{FCC64E78-50B8-3BDF-AFE3-315E36D6EA49} = {FCC64E78-50B8-3BDF-AFE3-315E36D6EA49}
		{FAC36CD8-C529-312A-AD02-B6FAE130D1A7} = {FAC36CD8-C529-312A-AD02-B6FAE130D1A7}
		{BB32EF98-8BE6-343A-AEE1-CDC66208291B} = {BB32EF98-8BE6-343A-AEE1-CDC66208291B}
		{CE374792-D9D5-3B5C-8304-BEEEF470C791} = {CE374792-D9D5-3B5C-8304-BEEEF470C791}
		{E31632AD-B097-3FBB-BAF5-76DC544FBA4E} = {E31632AD-B097-3FBB-BAF5-76DC544FBA4E}
		{2AAC1B1B-CC25-3835-9CF1-90A91E631468} = {2AAC1B1B-CC25-3835-9CF1-90A91E631468}
		{9B5C42FD-405F-34AE-A545-C2E9E2397E66} = {9B5C42FD-405F-34AE-A545-C2E9E2397E66}
		{46E75AB2-7EE6-3A65-8A16-A397614B99C7} = {46E75AB2-7EE6-3A65-8A16-A397614B99C7}
		{8C5D04DF-9CB8-3AA6-9779-8B65D9F611E4} = {8C5D04DF-9CB8-3AA6-9779-8B65D9F611E4}
		{1D04C28F-D20D-3ECE-855C-D7271DFA6F5F} = {1D04C28F-D20D-3ECE-855C-D7271DFA6F5F}
	EndProjectSection
EndProject
Project("{8BC9CEB8-8B4A-11D0-8D11-00A0C91BC942}") = "SnippetDelayLoadHook", "SnippetDelayLoadHook.vcxproj", "{CB237363-A092-3AA4-915E-A6433F84020E}"
	ProjectSection(ProjectDependencies) = postProject
		{E40EC037-E919-3FDA-BF05-7F331863F8D3} = {E40EC037-E919-3FDA-BF05-7F331863F8D3}
		{FCC64E78-50B8-3BDF-AFE3-315E36D6EA49} = {FCC64E78-50B8-3BDF-AFE3-315E36D6EA49}
		{FAC36CD8-C529-312A-AD02-B6FAE130D1A7} = {FAC36CD8-C529-312A-AD02-B6FAE130D1A7}
		{BB32EF98-8BE6-343A-AEE1-CDC66208291B} = {BB32EF98-8BE6-343A-AEE1-CDC66208291B}
		{CE374792-D9D5-3B5C-8304-BEEEF470C791} = {CE374792-D9D5-3B5C-8304-BEEEF470C791}
		{E31632AD-B097-3FBB-BAF5-76DC544FBA4E} = {E31632AD-B097-3FBB-BAF5-76DC544FBA4E}
		{2AAC1B1B-CC25-3835-9CF1-90A91E631468} = {2AAC1B1B-CC25-3835-9CF1-90A91E631468}
		{9B5C42FD-405F-34AE-A545-C2E9E2397E66} = {9B5C42FD-405F-34AE-A545-C2E9E2397E66}
		{46E75AB2-7EE6-3A65-8A16-A397614B99C7} = {46E75AB2-7EE6-3A65-8A16-A397614B99C7}
		{8C5D04DF-9CB8-3AA6-9779-8B65D9F611E4} = {8C5D04DF-9CB8-3AA6-9779-8B65D9F611E4}
		{1D04C28F-D20D-3ECE-855C-D7271DFA6F5F} = {1D04C28F-D20D-3ECE-855C-D7271DFA6F5F}
	EndProjectSection
EndProject
Project("{8BC9CEB8-8B4A-11D0-8D11-00A0C91BC942}") = "SnippetHelloGRB", "SnippetHelloGRB.vcxproj", "{B66A97FD-8845-35BA-924C-C3B2D9AC771A}"
	ProjectSection(ProjectDependencies) = postProject
		{E40EC037-E919-3FDA-BF05-7F331863F8D3} = {E40EC037-E919-3FDA-BF05-7F331863F8D3}
		{FCC64E78-50B8-3BDF-AFE3-315E36D6EA49} = {FCC64E78-50B8-3BDF-AFE3-315E36D6EA49}
		{FAC36CD8-C529-312A-AD02-B6FAE130D1A7} = {FAC36CD8-C529-312A-AD02-B6FAE130D1A7}
		{BB32EF98-8BE6-343A-AEE1-CDC66208291B} = {BB32EF98-8BE6-343A-AEE1-CDC66208291B}
		{CE374792-D9D5-3B5C-8304-BEEEF470C791} = {CE374792-D9D5-3B5C-8304-BEEEF470C791}
		{E31632AD-B097-3FBB-BAF5-76DC544FBA4E} = {E31632AD-B097-3FBB-BAF5-76DC544FBA4E}
		{2AAC1B1B-CC25-3835-9CF1-90A91E631468} = {2AAC1B1B-CC25-3835-9CF1-90A91E631468}
		{9B5C42FD-405F-34AE-A545-C2E9E2397E66} = {9B5C42FD-405F-34AE-A545-C2E9E2397E66}
		{46E75AB2-7EE6-3A65-8A16-A397614B99C7} = {46E75AB2-7EE6-3A65-8A16-A397614B99C7}
		{8C5D04DF-9CB8-3AA6-9779-8B65D9F611E4} = {8C5D04DF-9CB8-3AA6-9779-8B65D9F611E4}
		{1D04C28F-D20D-3ECE-855C-D7271DFA6F5F} = {1D04C28F-D20D-3ECE-855C-D7271DFA6F5F}
	EndProjectSection
EndProject
Project("{8BC9CEB8-8B4A-11D0-8D11-00A0C91BC942}") = "SnippetHelloWorld", "SnippetHelloWorld.vcxproj", "{FEE06749-085F-3328-8AB4-48A0B05B1A3C}"
	ProjectSection(ProjectDependencies) = postProject
		{E40EC037-E919-3FDA-BF05-7F331863F8D3} = {E40EC037-E919-3FDA-BF05-7F331863F8D3}
		{FCC64E78-50B8-3BDF-AFE3-315E36D6EA49} = {FCC64E78-50B8-3BDF-AFE3-315E36D6EA49}
		{FAC36CD8-C529-312A-AD02-B6FAE130D1A7} = {FAC36CD8-C529-312A-AD02-B6FAE130D1A7}
		{BB32EF98-8BE6-343A-AEE1-CDC66208291B} = {BB32EF98-8BE6-343A-AEE1-CDC66208291B}
		{CE374792-D9D5-3B5C-8304-BEEEF470C791} = {CE374792-D9D5-3B5C-8304-BEEEF470C791}
		{E31632AD-B097-3FBB-BAF5-76DC544FBA4E} = {E31632AD-B097-3FBB-BAF5-76DC544FBA4E}
		{2AAC1B1B-CC25-3835-9CF1-90A91E631468} = {2AAC1B1B-CC25-3835-9CF1-90A91E631468}
		{9B5C42FD-405F-34AE-A545-C2E9E2397E66} = {9B5C42FD-405F-34AE-A545-C2E9E2397E66}
		{46E75AB2-7EE6-3A65-8A16-A397614B99C7} = {46E75AB2-7EE6-3A65-8A16-A397614B99C7}
		{8C5D04DF-9CB8-3AA6-9779-8B65D9F611E4} = {8C5D04DF-9CB8-3AA6-9779-8B65D9F611E4}
		{1D04C28F-D20D-3ECE-855C-D7271DFA6F5F} = {1D04C28F-D20D-3ECE-855C-D7271DFA6F5F}
	EndProjectSection
EndProject
Project("{8BC9CEB8-8B4A-11D0-8D11-00A0C91BC942}") = "SnippetImmediateArticulation", "SnippetImmediateArticulation.vcxproj", "{A519122E-10F6-3774-A9FE-85EED810E050}"
	ProjectSection(ProjectDependencies) = postProject
		{E40EC037-E919-3FDA-BF05-7F331863F8D3} = {E40EC037-E919-3FDA-BF05-7F331863F8D3}
		{FCC64E78-50B8-3BDF-AFE3-315E36D6EA49} = {FCC64E78-50B8-3BDF-AFE3-315E36D6EA49}
		{FAC36CD8-C529-312A-AD02-B6FAE130D1A7} = {FAC36CD8-C529-312A-AD02-B6FAE130D1A7}
		{BB32EF98-8BE6-343A-AEE1-CDC66208291B} = {BB32EF98-8BE6-343A-AEE1-CDC66208291B}
		{CE374792-D9D5-3B5C-8304-BEEEF470C791} = {CE374792-D9D5-3B5C-8304-BEEEF470C791}
		{E31632AD-B097-3FBB-BAF5-76DC544FBA4E} = {E31632AD-B097-3FBB-BAF5-76DC544FBA4E}
		{2AAC1B1B-CC25-3835-9CF1-90A91E631468} = {2AAC1B1B-CC25-3835-9CF1-90A91E631468}
		{9B5C42FD-405F-34AE-A545-C2E9E2397E66} = {9B5C42FD-405F-34AE-A545-C2E9E2397E66}
		{46E75AB2-7EE6-3A65-8A16-A397614B99C7} = {46E75AB2-7EE6-3A65-8A16-A397614B99C7}
		{8C5D04DF-9CB8-3AA6-9779-8B65D9F611E4} = {8C5D04DF-9CB8-3AA6-9779-8B65D9F611E4}
		{1D04C28F-D20D-3ECE-855C-D7271DFA6F5F} = {1D04C28F-D20D-3ECE-855C-D7271DFA6F5F}
	EndProjectSection
EndProject
Project("{8BC9CEB8-8B4A-11D0-8D11-00A0C91BC942}") = "SnippetImmediateMode", "SnippetImmediateMode.vcxproj", "{53F4AF87-5F0F-320B-8E78-135920C72A09}"
	ProjectSection(ProjectDependencies) = postProject
		{E40EC037-E919-3FDA-BF05-7F331863F8D3} = {E40EC037-E919-3FDA-BF05-7F331863F8D3}
		{FCC64E78-50B8-3BDF-AFE3-315E36D6EA49} = {FCC64E78-50B8-3BDF-AFE3-315E36D6EA49}
		{FAC36CD8-C529-312A-AD02-B6FAE130D1A7} = {FAC36CD8-C529-312A-AD02-B6FAE130D1A7}
		{BB32EF98-8BE6-343A-AEE1-CDC66208291B} = {BB32EF98-8BE6-343A-AEE1-CDC66208291B}
		{CE374792-D9D5-3B5C-8304-BEEEF470C791} = {CE374792-D9D5-3B5C-8304-BEEEF470C791}
		{E31632AD-B097-3FBB-BAF5-76DC544FBA4E} = {E31632AD-B097-3FBB-BAF5-76DC544FBA4E}
		{2AAC1B1B-CC25-3835-9CF1-90A91E631468} = {2AAC1B1B-CC25-3835-9CF1-90A91E631468}
		{9B5C42FD-405F-34AE-A545-C2E9E2397E66} = {9B5C42FD-405F-34AE-A545-C2E9E2397E66}
		{46E75AB2-7EE6-3A65-8A16-A397614B99C7} = {46E75AB2-7EE6-3A65-8A16-A397614B99C7}
		{8C5D04DF-9CB8-3AA6-9779-8B65D9F611E4} = {8C5D04DF-9CB8-3AA6-9779-8B65D9F611E4}
		{1D04C28F-D20D-3ECE-855C-D7271DFA6F5F} = {1D04C28F-D20D-3ECE-855C-D7271DFA6F5F}
	EndProjectSection
EndProject
Project("{8BC9CEB8-8B4A-11D0-8D11-00A0C91BC942}") = "SnippetJoint", "SnippetJoint.vcxproj", "{B2AD471B-7FA2-3C5A-B125-75C6BE8B34CA}"
	ProjectSection(ProjectDependencies) = postProject
		{E40EC037-E919-3FDA-BF05-7F331863F8D3} = {E40EC037-E919-3FDA-BF05-7F331863F8D3}
		{FCC64E78-50B8-3BDF-AFE3-315E36D6EA49} = {FCC64E78-50B8-3BDF-AFE3-315E36D6EA49}
		{FAC36CD8-C529-312A-AD02-B6FAE130D1A7} = {FAC36CD8-C529-312A-AD02-B6FAE130D1A7}
		{BB32EF98-8BE6-343A-AEE1-CDC66208291B} = {BB32EF98-8BE6-343A-AEE1-CDC66208291B}
		{CE374792-D9D5-3B5C-8304-BEEEF470C791} = {CE374792-D9D5-3B5C-8304-BEEEF470C791}
		{E31632AD-B097-3FBB-BAF5-76DC544FBA4E} = {E31632AD-B097-3FBB-BAF5-76DC544FBA4E}
		{2AAC1B1B-CC25-3835-9CF1-90A91E631468} = {2AAC1B1B-CC25-3835-9CF1-90A91E631468}
		{9B5C42FD-405F-34AE-A545-C2E9E2397E66} = {9B5C42FD-405F-34AE-A545-C2E9E2397E66}
		{46E75AB2-7EE6-3A65-8A16-A397614B99C7} = {46E75AB2-7EE6-3A65-8A16-A397614B99C7}
		{8C5D04DF-9CB8-3AA6-9779-8B65D9F611E4} = {8C5D04DF-9CB8-3AA6-9779-8B65D9F611E4}
		{1D04C28F-D20D-3ECE-855C-D7271DFA6F5F} = {1D04C28F-D20D-3ECE-855C-D7271DFA6F5F}
	EndProjectSection
EndProject
Project("{8BC9CEB8-8B4A-11D0-8D11-00A0C91BC942}") = "SnippetLoadCollection", "SnippetLoadCollection.vcxproj", "{14224C74-C8B6-3BC4-8461-5606F42046AA}"
	ProjectSection(ProjectDependencies) = postProject
		{E40EC037-E919-3FDA-BF05-7F331863F8D3} = {E40EC037-E919-3FDA-BF05-7F331863F8D3}
		{FCC64E78-50B8-3BDF-AFE3-315E36D6EA49} = {FCC64E78-50B8-3BDF-AFE3-315E36D6EA49}
		{FAC36CD8-C529-312A-AD02-B6FAE130D1A7} = {FAC36CD8-C529-312A-AD02-B6FAE130D1A7}
		{BB32EF98-8BE6-343A-AEE1-CDC66208291B} = {BB32EF98-8BE6-343A-AEE1-CDC66208291B}
		{CE374792-D9D5-3B5C-8304-BEEEF470C791} = {CE374792-D9D5-3B5C-8304-BEEEF470C791}
		{E31632AD-B097-3FBB-BAF5-76DC544FBA4E} = {E31632AD-B097-3FBB-BAF5-76DC544FBA4E}
		{2AAC1B1B-CC25-3835-9CF1-90A91E631468} = {2AAC1B1B-CC25-3835-9CF1-90A91E631468}
		{9B5C42FD-405F-34AE-A545-C2E9E2397E66} = {9B5C42FD-405F-34AE-A545-C2E9E2397E66}
		{46E75AB2-7EE6-3A65-8A16-A397614B99C7} = {46E75AB2-7EE6-3A65-8A16-A397614B99C7}
		{8C5D04DF-9CB8-3AA6-9779-8B65D9F611E4} = {8C5D04DF-9CB8-3AA6-9779-8B65D9F611E4}
		{1D04C28F-D20D-3ECE-855C-D7271DFA6F5F} = {1D04C28F-D20D-3ECE-855C-D7271DFA6F5F}
	EndProjectSection
EndProject
Project("{8BC9CEB8-8B4A-11D0-8D11-00A0C91BC942}") = "SnippetMBP", "SnippetMBP.vcxproj", "{1440AC44-13E5-371B-A5E4-F12E447ED2FE}"
	ProjectSection(ProjectDependencies) = postProject
		{E40EC037-E919-3FDA-BF05-7F331863F8D3} = {E40EC037-E919-3FDA-BF05-7F331863F8D3}
		{FCC64E78-50B8-3BDF-AFE3-315E36D6EA49} = {FCC64E78-50B8-3BDF-AFE3-315E36D6EA49}
		{FAC36CD8-C529-312A-AD02-B6FAE130D1A7} = {FAC36CD8-C529-312A-AD02-B6FAE130D1A7}
		{BB32EF98-8BE6-343A-AEE1-CDC66208291B} = {BB32EF98-8BE6-343A-AEE1-CDC66208291B}
		{CE374792-D9D5-3B5C-8304-BEEEF470C791} = {CE374792-D9D5-3B5C-8304-BEEEF470C791}
		{E31632AD-B097-3FBB-BAF5-76DC544FBA4E} = {E31632AD-B097-3FBB-BAF5-76DC544FBA4E}
		{2AAC1B1B-CC25-3835-9CF1-90A91E631468} = {2AAC1B1B-CC25-3835-9CF1-90A91E631468}
		{9B5C42FD-405F-34AE-A545-C2E9E2397E66} = {9B5C42FD-405F-34AE-A545-C2E9E2397E66}
		{46E75AB2-7EE6-3A65-8A16-A397614B99C7} = {46E75AB2-7EE6-3A65-8A16-A397614B99C7}
		{8C5D04DF-9CB8-3AA6-9779-8B65D9F611E4} = {8C5D04DF-9CB8-3AA6-9779-8B65D9F611E4}
		{1D04C28F-D20D-3ECE-855C-D7271DFA6F5F} = {1D04C28F-D20D-3ECE-855C-D7271DFA6F5F}
	EndProjectSection
EndProject
Project("{8BC9CEB8-8B4A-11D0-8D11-00A0C91BC942}") = "SnippetMultiThreading", "SnippetMultiThreading.vcxproj", "{67A7A1C6-8DE2-3FC4-8F47-F3F7EE9D8464}"
	ProjectSection(ProjectDependencies) = postProject
		{E40EC037-E919-3FDA-BF05-7F331863F8D3} = {E40EC037-E919-3FDA-BF05-7F331863F8D3}
		{FCC64E78-50B8-3BDF-AFE3-315E36D6EA49} = {FCC64E78-50B8-3BDF-AFE3-315E36D6EA49}
		{FAC36CD8-C529-312A-AD02-B6FAE130D1A7} = {FAC36CD8-C529-312A-AD02-B6FAE130D1A7}
		{BB32EF98-8BE6-343A-AEE1-CDC66208291B} = {BB32EF98-8BE6-343A-AEE1-CDC66208291B}
		{CE374792-D9D5-3B5C-8304-BEEEF470C791} = {CE374792-D9D5-3B5C-8304-BEEEF470C791}
		{E31632AD-B097-3FBB-BAF5-76DC544FBA4E} = {E31632AD-B097-3FBB-BAF5-76DC544FBA4E}
		{2AAC1B1B-CC25-3835-9CF1-90A91E631468} = {2AAC1B1B-CC25-3835-9CF1-90A91E631468}
		{9B5C42FD-405F-34AE-A545-C2E9E2397E66} = {9B5C42FD-405F-34AE-A545-C2E9E2397E66}
		{46E75AB2-7EE6-3A65-8A16-A397614B99C7} = {46E75AB2-7EE6-3A65-8A16-A397614B99C7}
		{8C5D04DF-9CB8-3AA6-9779-8B65D9F611E4} = {8C5D04DF-9CB8-3AA6-9779-8B65D9F611E4}
		{1D04C28F-D20D-3ECE-855C-D7271DFA6F5F} = {1D04C28F-D20D-3ECE-855C-D7271DFA6F5F}
	EndProjectSection
EndProject
Project("{8BC9CEB8-8B4A-11D0-8D11-00A0C91BC942}") = "SnippetNestedScene", "SnippetNestedScene.vcxproj", "{7F3F271E-F707-37B6-ACE4-F442A4B4B4FD}"
	ProjectSection(ProjectDependencies) = postProject
		{E40EC037-E919-3FDA-BF05-7F331863F8D3} = {E40EC037-E919-3FDA-BF05-7F331863F8D3}
		{FCC64E78-50B8-3BDF-AFE3-315E36D6EA49} = {FCC64E78-50B8-3BDF-AFE3-315E36D6EA49}
		{FAC36CD8-C529-312A-AD02-B6FAE130D1A7} = {FAC36CD8-C529-312A-AD02-B6FAE130D1A7}
		{BB32EF98-8BE6-343A-AEE1-CDC66208291B} = {BB32EF98-8BE6-343A-AEE1-CDC66208291B}
		{CE374792-D9D5-3B5C-8304-BEEEF470C791} = {CE374792-D9D5-3B5C-8304-BEEEF470C791}
		{E31632AD-B097-3FBB-BAF5-76DC544FBA4E} = {E31632AD-B097-3FBB-BAF5-76DC544FBA4E}
		{2AAC1B1B-CC25-3835-9CF1-90A91E631468} = {2AAC1B1B-CC25-3835-9CF1-90A91E631468}
		{AC031886-ED10-3F66-AD94-0361F4056B71} = {AC031886-ED10-3F66-AD94-0361F4056B71}
		{9B5C42FD-405F-34AE-A545-C2E9E2397E66} = {9B5C42FD-405F-34AE-A545-C2E9E2397E66}
		{46E75AB2-7EE6-3A65-8A16-A397614B99C7} = {46E75AB2-7EE6-3A65-8A16-A397614B99C7}
		{8C5D04DF-9CB8-3AA6-9779-8B65D9F611E4} = {8C5D04DF-9CB8-3AA6-9779-8B65D9F611E4}
		{1D04C28F-D20D-3ECE-855C-D7271DFA6F5F} = {1D04C28F-D20D-3ECE-855C-D7271DFA6F5F}
	EndProjectSection
EndProject
Project("{8BC9CEB8-8B4A-11D0-8D11-00A0C91BC942}") = "SnippetPrunerSerialization", "SnippetPrunerSerialization.vcxproj", "{84EC8B75-D2DA-3398-8E53-63ADBF57586E}"
	ProjectSection(ProjectDependencies) = postProject
		{E40EC037-E919-3FDA-BF05-7F331863F8D3} = {E40EC037-E919-3FDA-BF05-7F331863F8D3}
		{FCC64E78-50B8-3BDF-AFE3-315E36D6EA49} = {FCC64E78-50B8-3BDF-AFE3-315E36D6EA49}
		{FAC36CD8-C529-312A-AD02-B6FAE130D1A7} = {FAC36CD8-C529-312A-AD02-B6FAE130D1A7}
		{BB32EF98-8BE6-343A-AEE1-CDC66208291B} = {BB32EF98-8BE6-343A-AEE1-CDC66208291B}
		{CE374792-D9D5-3B5C-8304-BEEEF470C791} = {CE374792-D9D5-3B5C-8304-BEEEF470C791}
		{E31632AD-B097-3FBB-BAF5-76DC544FBA4E} = {E31632AD-B097-3FBB-BAF5-76DC544FBA4E}
		{2AAC1B1B-CC25-3835-9CF1-90A91E631468} = {2AAC1B1B-CC25-3835-9CF1-90A91E631468}
		{9B5C42FD-405F-34AE-A545-C2E9E2397E66} = {9B5C42FD-405F-34AE-A545-C2E9E2397E66}
		{46E75AB2-7EE6-3A65-8A16-A397614B99C7} = {46E75AB2-7EE6-3A65-8A16-A397614B99C7}
		{8C5D04DF-9CB8-3AA6-9779-8B65D9F611E4} = {8C5D04DF-9CB8-3AA6-9779-8B65D9F611E4}
		{1D04C28F-D20D-3ECE-855C-D7271DFA6F5F} = {1D04C28F-D20D-3ECE-855C-D7271DFA6F5F}
	EndProjectSection
EndProject
Project("{8BC9CEB8-8B4A-11D0-8D11-00A0C91BC942}") = "SnippetRaycastCCD", "SnippetRaycastCCD.vcxproj", "{EE41194F-53AD-3A66-8589-5A308CB8A371}"
	ProjectSection(ProjectDependencies) = postProject
		{E40EC037-E919-3FDA-BF05-7F331863F8D3} = {E40EC037-E919-3FDA-BF05-7F331863F8D3}
		{FCC64E78-50B8-3BDF-AFE3-315E36D6EA49} = {FCC64E78-50B8-3BDF-AFE3-315E36D6EA49}
		{FAC36CD8-C529-312A-AD02-B6FAE130D1A7} = {FAC36CD8-C529-312A-AD02-B6FAE130D1A7}
		{BB32EF98-8BE6-343A-AEE1-CDC66208291B} = {BB32EF98-8BE6-343A-AEE1-CDC66208291B}
		{CE374792-D9D5-3B5C-8304-BEEEF470C791} = {CE374792-D9D5-3B5C-8304-BEEEF470C791}
		{E31632AD-B097-3FBB-BAF5-76DC544FBA4E} = {E31632AD-B097-3FBB-BAF5-76DC544FBA4E}
		{2AAC1B1B-CC25-3835-9CF1-90A91E631468} = {2AAC1B1B-CC25-3835-9CF1-90A91E631468}
		{9B5C42FD-405F-34AE-A545-C2E9E2397E66} = {9B5C42FD-405F-34AE-A545-C2E9E2397E66}
		{46E75AB2-7EE6-3A65-8A16-A397614B99C7} = {46E75AB2-7EE6-3A65-8A16-A397614B99C7}
		{8C5D04DF-9CB8-3AA6-9779-8B65D9F611E4} = {8C5D04DF-9CB8-3AA6-9779-8B65D9F611E4}
		{1D04C28F-D20D-3ECE-855C-D7271DFA6F5F} = {1D04C28F-D20D-3ECE-855C-D7271DFA6F5F}
	EndProjectSection
EndProject
Project("{8BC9CEB8-8B4A-11D0-8D11-00A0C91BC942}") = "SnippetRender", "SnippetRender.vcxproj", "{46E75AB2-7EE6-3A65-8A16-A397614B99C7}"
	ProjectSection(ProjectDependencies) = postProject
		{E31632AD-B097-3FBB-BAF5-76DC544FBA4E} = {E31632AD-B097-3FBB-BAF5-76DC544FBA4E}
		{1D04C28F-D20D-3ECE-855C-D7271DFA6F5F} = {1D04C28F-D20D-3ECE-855C-D7271DFA6F5F}
	EndProjectSection
EndProject
Project("{8BC9CEB8-8B4A-11D0-8D11-00A0C91BC942}") = "SnippetSerialization", "SnippetSerialization.vcxproj", "{108E808C-CDBC-3C00-BD65-D176C084EDFA}"
	ProjectSection(ProjectDependencies) = postProject
		{E40EC037-E919-3FDA-BF05-7F331863F8D3} = {E40EC037-E919-3FDA-BF05-7F331863F8D3}
		{FCC64E78-50B8-3BDF-AFE3-315E36D6EA49} = {FCC64E78-50B8-3BDF-AFE3-315E36D6EA49}
		{FAC36CD8-C529-312A-AD02-B6FAE130D1A7} = {FAC36CD8-C529-312A-AD02-B6FAE130D1A7}
		{BB32EF98-8BE6-343A-AEE1-CDC66208291B} = {BB32EF98-8BE6-343A-AEE1-CDC66208291B}
		{CE374792-D9D5-3B5C-8304-BEEEF470C791} = {CE374792-D9D5-3B5C-8304-BEEEF470C791}
		{E31632AD-B097-3FBB-BAF5-76DC544FBA4E} = {E31632AD-B097-3FBB-BAF5-76DC544FBA4E}
		{2AAC1B1B-CC25-3835-9CF1-90A91E631468} = {2AAC1B1B-CC25-3835-9CF1-90A91E631468}
		{9B5C42FD-405F-34AE-A545-C2E9E2397E66} = {9B5C42FD-405F-34AE-A545-C2E9E2397E66}
		{46E75AB2-7EE6-3A65-8A16-A397614B99C7} = {46E75AB2-7EE6-3A65-8A16-A397614B99C7}
		{8C5D04DF-9CB8-3AA6-9779-8B65D9F611E4} = {8C5D04DF-9CB8-3AA6-9779-8B65D9F611E4}
		{1D04C28F-D20D-3ECE-855C-D7271DFA6F5F} = {1D04C28F-D20D-3ECE-855C-D7271DFA6F5F}
	EndProjectSection
EndProject
Project("{8BC9CEB8-8B4A-11D0-8D11-00A0C91BC942}") = "SnippetSplitFetchResults", "SnippetSplitFetchResults.vcxproj", "{1275C59F-A0EC-3F85-A0A8-F74D6174C754}"
	ProjectSection(ProjectDependencies) = postProject
		{E40EC037-E919-3FDA-BF05-7F331863F8D3} = {E40EC037-E919-3FDA-BF05-7F331863F8D3}
		{FCC64E78-50B8-3BDF-AFE3-315E36D6EA49} = {FCC64E78-50B8-3BDF-AFE3-315E36D6EA49}
		{FAC36CD8-C529-312A-AD02-B6FAE130D1A7} = {FAC36CD8-C529-312A-AD02-B6FAE130D1A7}
		{BB32EF98-8BE6-343A-AEE1-CDC66208291B} = {BB32EF98-8BE6-343A-AEE1-CDC66208291B}
		{CE374792-D9D5-3B5C-8304-BEEEF470C791} = {CE374792-D9D5-3B5C-8304-BEEEF470C791}
		{E31632AD-B097-3FBB-BAF5-76DC544FBA4E} = {E31632AD-B097-3FBB-BAF5-76DC544FBA4E}
		{2AAC1B1B-CC25-3835-9CF1-90A91E631468} = {2AAC1B1B-CC25-3835-9CF1-90A91E631468}
		{9B5C42FD-405F-34AE-A545-C2E9E2397E66} = {9B5C42FD-405F-34AE-A545-C2E9E2397E66}
		{46E75AB2-7EE6-3A65-8A16-A397614B99C7} = {46E75AB2-7EE6-3A65-8A16-A397614B99C7}
		{8C5D04DF-9CB8-3AA6-9779-8B65D9F611E4} = {8C5D04DF-9CB8-3AA6-9779-8B65D9F611E4}
		{1D04C28F-D20D-3ECE-855C-D7271DFA6F5F} = {1D04C28F-D20D-3ECE-855C-D7271DFA6F5F}
	EndProjectSection
EndProject
Project("{8BC9CEB8-8B4A-11D0-8D11-00A0C91BC942}") = "SnippetSplitSim", "SnippetSplitSim.vcxproj", "{6D0FDAA7-8C80-37ED-8EBE-6E5FE7644FF3}"
	ProjectSection(ProjectDependencies) = postProject
		{E40EC037-E919-3FDA-BF05-7F331863F8D3} = {E40EC037-E919-3FDA-BF05-7F331863F8D3}
		{FCC64E78-50B8-3BDF-AFE3-315E36D6EA49} = {FCC64E78-50B8-3BDF-AFE3-315E36D6EA49}
		{FAC36CD8-C529-312A-AD02-B6FAE130D1A7} = {FAC36CD8-C529-312A-AD02-B6FAE130D1A7}
		{BB32EF98-8BE6-343A-AEE1-CDC66208291B} = {BB32EF98-8BE6-343A-AEE1-CDC66208291B}
		{CE374792-D9D5-3B5C-8304-BEEEF470C791} = {CE374792-D9D5-3B5C-8304-BEEEF470C791}
		{E31632AD-B097-3FBB-BAF5-76DC544FBA4E} = {E31632AD-B097-3FBB-BAF5-76DC544FBA4E}
		{2AAC1B1B-CC25-3835-9CF1-90A91E631468} = {2AAC1B1B-CC25-3835-9CF1-90A91E631468}
		{9B5C42FD-405F-34AE-A545-C2E9E2397E66} = {9B5C42FD-405F-34AE-A545-C2E9E2397E66}
		{46E75AB2-7EE6-3A65-8A16-A397614B99C7} = {46E75AB2-7EE6-3A65-8A16-A397614B99C7}
		{8C5D04DF-9CB8-3AA6-9779-8B65D9F611E4} = {8C5D04DF-9CB8-3AA6-9779-8B65D9F611E4}
		{1D04C28F-D20D-3ECE-855C-D7271DFA6F5F} = {1D04C28F-D20D-3ECE-855C-D7271DFA6F5F}
	EndProjectSection
EndProject
Project("{8BC9CEB8-8B4A-11D0-8D11-00A0C91BC942}") = "SnippetStepper", "SnippetStepper.vcxproj", "{48414824-850E-3AF0-822A-14DADF75BE09}"
	ProjectSection(ProjectDependencies) = postProject
		{E40EC037-E919-3FDA-BF05-7F331863F8D3} = {E40EC037-E919-3FDA-BF05-7F331863F8D3}
		{FCC64E78-50B8-3BDF-AFE3-315E36D6EA49} = {FCC64E78-50B8-3BDF-AFE3-315E36D6EA49}
		{FAC36CD8-C529-312A-AD02-B6FAE130D1A7} = {FAC36CD8-C529-312A-AD02-B6FAE130D1A7}
		{BB32EF98-8BE6-343A-AEE1-CDC66208291B} = {BB32EF98-8BE6-343A-AEE1-CDC66208291B}
		{CE374792-D9D5-3B5C-8304-BEEEF470C791} = {CE374792-D9D5-3B5C-8304-BEEEF470C791}
		{E31632AD-B097-3FBB-BAF5-76DC544FBA4E} = {E31632AD-B097-3FBB-BAF5-76DC544FBA4E}
		{2AAC1B1B-CC25-3835-9CF1-90A91E631468} = {2AAC1B1B-CC25-3835-9CF1-90A91E631468}
		{9B5C42FD-405F-34AE-A545-C2E9E2397E66} = {9B5C42FD-405F-34AE-A545-C2E9E2397E66}
		{46E75AB2-7EE6-3A65-8A16-A397614B99C7} = {46E75AB2-7EE6-3A65-8A16-A397614B99C7}
		{8C5D04DF-9CB8-3AA6-9779-8B65D9F611E4} = {8C5D04DF-9CB8-3AA6-9779-8B65D9F611E4}
		{1D04C28F-D20D-3ECE-855C-D7271DFA6F5F} = {1D04C28F-D20D-3ECE-855C-D7271DFA6F5F}
	EndProjectSection
EndProject
Project("{8BC9CEB8-8B4A-11D0-8D11-00A0C91BC942}") = "SnippetToleranceScale", "SnippetToleranceScale.vcxproj", "{3C930233-25B3-3F6A-B708-5B70868D9D6D}"
	ProjectSection(ProjectDependencies) = postProject
		{E40EC037-E919-3FDA-BF05-7F331863F8D3} = {E40EC037-E919-3FDA-BF05-7F331863F8D3}
		{FCC64E78-50B8-3BDF-AFE3-315E36D6EA49} = {FCC64E78-50B8-3BDF-AFE3-315E36D6EA49}
		{FAC36CD8-C529-312A-AD02-B6FAE130D1A7} = {FAC36CD8-C529-312A-AD02-B6FAE130D1A7}
		{BB32EF98-8BE6-343A-AEE1-CDC66208291B} = {BB32EF98-8BE6-343A-AEE1-CDC66208291B}
		{CE374792-D9D5-3B5C-8304-BEEEF470C791} = {CE374792-D9D5-3B5C-8304-BEEEF470C791}
		{E31632AD-B097-3FBB-BAF5-76DC544FBA4E} = {E31632AD-B097-3FBB-BAF5-76DC544FBA4E}
		{2AAC1B1B-CC25-3835-9CF1-90A91E631468} = {2AAC1B1B-CC25-3835-9CF1-90A91E631468}
		{9B5C42FD-405F-34AE-A545-C2E9E2397E66} = {9B5C42FD-405F-34AE-A545-C2E9E2397E66}
		{46E75AB2-7EE6-3A65-8A16-A397614B99C7} = {46E75AB2-7EE6-3A65-8A16-A397614B99C7}
		{8C5D04DF-9CB8-3AA6-9779-8B65D9F611E4} = {8C5D04DF-9CB8-3AA6-9779-8B65D9F611E4}
		{1D04C28F-D20D-3ECE-855C-D7271DFA6F5F} = {1D04C28F-D20D-3ECE-855C-D7271DFA6F5F}
	EndProjectSection
EndProject
Project("{8BC9CEB8-8B4A-11D0-8D11-00A0C91BC942}") = "SnippetTriangleMeshCreate", "SnippetTriangleMeshCreate.vcxproj", "{28542BC3-FB14-34B2-AAEA-E15C10EA3668}"
	ProjectSection(ProjectDependencies) = postProject
		{E40EC037-E919-3FDA-BF05-7F331863F8D3} = {E40EC037-E919-3FDA-BF05-7F331863F8D3}
		{FCC64E78-50B8-3BDF-AFE3-315E36D6EA49} = {FCC64E78-50B8-3BDF-AFE3-315E36D6EA49}
		{FAC36CD8-C529-312A-AD02-B6FAE130D1A7} = {FAC36CD8-C529-312A-AD02-B6FAE130D1A7}
		{BB32EF98-8BE6-343A-AEE1-CDC66208291B} = {BB32EF98-8BE6-343A-AEE1-CDC66208291B}
		{CE374792-D9D5-3B5C-8304-BEEEF470C791} = {CE374792-D9D5-3B5C-8304-BEEEF470C791}
		{E31632AD-B097-3FBB-BAF5-76DC544FBA4E} = {E31632AD-B097-3FBB-BAF5-76DC544FBA4E}
		{2AAC1B1B-CC25-3835-9CF1-90A91E631468} = {2AAC1B1B-CC25-3835-9CF1-90A91E631468}
		{9B5C42FD-405F-34AE-A545-C2E9E2397E66} = {9B5C42FD-405F-34AE-A545-C2E9E2397E66}
		{46E75AB2-7EE6-3A65-8A16-A397614B99C7} = {46E75AB2-7EE6-3A65-8A16-A397614B99C7}
		{8C5D04DF-9CB8-3AA6-9779-8B65D9F611E4} = {8C5D04DF-9CB8-3AA6-9779-8B65D9F611E4}
		{1D04C28F-D20D-3ECE-855C-D7271DFA6F5F} = {1D04C28F-D20D-3ECE-855C-D7271DFA6F5F}
	EndProjectSection
EndProject
Project("{8BC9CEB8-8B4A-11D0-8D11-00A0C91BC942}") = "SnippetUtils", "SnippetUtils.vcxproj", "{8C5D04DF-9CB8-3AA6-9779-8B65D9F611E4}"
	ProjectSection(ProjectDependencies) = postProject
		{E31632AD-B097-3FBB-BAF5-76DC544FBA4E} = {E31632AD-B097-3FBB-BAF5-76DC544FBA4E}
		{1D04C28F-D20D-3ECE-855C-D7271DFA6F5F} = {1D04C28F-D20D-3ECE-855C-D7271DFA6F5F}
	EndProjectSection
EndProject
Project("{8BC9CEB8-8B4A-11D0-8D11-00A0C91BC942}") = "SnippetVehicle4W", "SnippetVehicle4W.vcxproj", "{52CA12C3-3F20-3561-9F89-D35877DE49DC}"
	ProjectSection(ProjectDependencies) = postProject
		{E40EC037-E919-3FDA-BF05-7F331863F8D3} = {E40EC037-E919-3FDA-BF05-7F331863F8D3}
		{FCC64E78-50B8-3BDF-AFE3-315E36D6EA49} = {FCC64E78-50B8-3BDF-AFE3-315E36D6EA49}
		{FAC36CD8-C529-312A-AD02-B6FAE130D1A7} = {FAC36CD8-C529-312A-AD02-B6FAE130D1A7}
		{BB32EF98-8BE6-343A-AEE1-CDC66208291B} = {BB32EF98-8BE6-343A-AEE1-CDC66208291B}
		{CE374792-D9D5-3B5C-8304-BEEEF470C791} = {CE374792-D9D5-3B5C-8304-BEEEF470C791}
		{E31632AD-B097-3FBB-BAF5-76DC544FBA4E} = {E31632AD-B097-3FBB-BAF5-76DC544FBA4E}
		{2AAC1B1B-CC25-3835-9CF1-90A91E631468} = {2AAC1B1B-CC25-3835-9CF1-90A91E631468}
		{AC031886-ED10-3F66-AD94-0361F4056B71} = {AC031886-ED10-3F66-AD94-0361F4056B71}
		{9B5C42FD-405F-34AE-A545-C2E9E2397E66} = {9B5C42FD-405F-34AE-A545-C2E9E2397E66}
		{46E75AB2-7EE6-3A65-8A16-A397614B99C7} = {46E75AB2-7EE6-3A65-8A16-A397614B99C7}
		{8C5D04DF-9CB8-3AA6-9779-8B65D9F611E4} = {8C5D04DF-9CB8-3AA6-9779-8B65D9F611E4}
		{1D04C28F-D20D-3ECE-855C-D7271DFA6F5F} = {1D04C28F-D20D-3ECE-855C-D7271DFA6F5F}
	EndProjectSection
EndProject
Project("{8BC9CEB8-8B4A-11D0-8D11-00A0C91BC942}") = "SnippetVehicleContactMod", "SnippetVehicleContactMod.vcxproj", "{5CFF1EA7-843C-3601-A3A8-0CBFF3932AA1}"
	ProjectSection(ProjectDependencies) = postProject
		{E40EC037-E919-3FDA-BF05-7F331863F8D3} = {E40EC037-E919-3FDA-BF05-7F331863F8D3}
		{FCC64E78-50B8-3BDF-AFE3-315E36D6EA49} = {FCC64E78-50B8-3BDF-AFE3-315E36D6EA49}
		{FAC36CD8-C529-312A-AD02-B6FAE130D1A7} = {FAC36CD8-C529-312A-AD02-B6FAE130D1A7}
		{BB32EF98-8BE6-343A-AEE1-CDC66208291B} = {BB32EF98-8BE6-343A-AEE1-CDC66208291B}
		{CE374792-D9D5-3B5C-8304-BEEEF470C791} = {CE374792-D9D5-3B5C-8304-BEEEF470C791}
		{E31632AD-B097-3FBB-BAF5-76DC544FBA4E} = {E31632AD-B097-3FBB-BAF5-76DC544FBA4E}
		{2AAC1B1B-CC25-3835-9CF1-90A91E631468} = {2AAC1B1B-CC25-3835-9CF1-90A91E631468}
		{AC031886-ED10-3F66-AD94-0361F4056B71} = {AC031886-ED10-3F66-AD94-0361F4056B71}
		{9B5C42FD-405F-34AE-A545-C2E9E2397E66} = {9B5C42FD-405F-34AE-A545-C2E9E2397E66}
		{46E75AB2-7EE6-3A65-8A16-A397614B99C7} = {46E75AB2-7EE6-3A65-8A16-A397614B99C7}
		{8C5D04DF-9CB8-3AA6-9779-8B65D9F611E4} = {8C5D04DF-9CB8-3AA6-9779-8B65D9F611E4}
		{1D04C28F-D20D-3ECE-855C-D7271DFA6F5F} = {1D04C28F-D20D-3ECE-855C-D7271DFA6F5F}
	EndProjectSection
EndProject
Project("{8BC9CEB8-8B4A-11D0-8D11-00A0C91BC942}") = "SnippetVehicleMultiThreading", "SnippetVehicleMultiThreading.vcxproj", "{051C6BCE-0368-3478-B113-F3AB91440063}"
	ProjectSection(ProjectDependencies) = postProject
		{E40EC037-E919-3FDA-BF05-7F331863F8D3} = {E40EC037-E919-3FDA-BF05-7F331863F8D3}
		{FCC64E78-50B8-3BDF-AFE3-315E36D6EA49} = {FCC64E78-50B8-3BDF-AFE3-315E36D6EA49}
		{FAC36CD8-C529-312A-AD02-B6FAE130D1A7} = {FAC36CD8-C529-312A-AD02-B6FAE130D1A7}
		{BB32EF98-8BE6-343A-AEE1-CDC66208291B} = {BB32EF98-8BE6-343A-AEE1-CDC66208291B}
		{CE374792-D9D5-3B5C-8304-BEEEF470C791} = {CE374792-D9D5-3B5C-8304-BEEEF470C791}
		{E31632AD-B097-3FBB-BAF5-76DC544FBA4E} = {E31632AD-B097-3FBB-BAF5-76DC544FBA4E}
		{2AAC1B1B-CC25-3835-9CF1-90A91E631468} = {2AAC1B1B-CC25-3835-9CF1-90A91E631468}
		{AC031886-ED10-3F66-AD94-0361F4056B71} = {AC031886-ED10-3F66-AD94-0361F4056B71}
		{9B5C42FD-405F-34AE-A545-C2E9E2397E66} = {9B5C42FD-405F-34AE-A545-C2E9E2397E66}
		{46E75AB2-7EE6-3A65-8A16-A397614B99C7} = {46E75AB2-7EE6-3A65-8A16-A397614B99C7}
		{8C5D04DF-9CB8-3AA6-9779-8B65D9F611E4} = {8C5D04DF-9CB8-3AA6-9779-8B65D9F611E4}
		{1D04C28F-D20D-3ECE-855C-D7271DFA6F5F} = {1D04C28F-D20D-3ECE-855C-D7271DFA6F5F}
	EndProjectSection
EndProject
Project("{8BC9CEB8-8B4A-11D0-8D11-00A0C91BC942}") = "SnippetVehicleNoDrive", "SnippetVehicleNoDrive.vcxproj", "{D3166D84-EB13-3058-9C12-37E5FA76E6C4}"
	ProjectSection(ProjectDependencies) = postProject
		{E40EC037-E919-3FDA-BF05-7F331863F8D3} = {E40EC037-E919-3FDA-BF05-7F331863F8D3}
		{FCC64E78-50B8-3BDF-AFE3-315E36D6EA49} = {FCC64E78-50B8-3BDF-AFE3-315E36D6EA49}
		{FAC36CD8-C529-312A-AD02-B6FAE130D1A7} = {FAC36CD8-C529-312A-AD02-B6FAE130D1A7}
		{BB32EF98-8BE6-343A-AEE1-CDC66208291B} = {BB32EF98-8BE6-343A-AEE1-CDC66208291B}
		{CE374792-D9D5-3B5C-8304-BEEEF470C791} = {CE374792-D9D5-3B5C-8304-BEEEF470C791}
		{E31632AD-B097-3FBB-BAF5-76DC544FBA4E} = {E31632AD-B097-3FBB-BAF5-76DC544FBA4E}
		{2AAC1B1B-CC25-3835-9CF1-90A91E631468} = {2AAC1B1B-CC25-3835-9CF1-90A91E631468}
		{AC031886-ED10-3F66-AD94-0361F4056B71} = {AC031886-ED10-3F66-AD94-0361F4056B71}
		{9B5C42FD-405F-34AE-A545-C2E9E2397E66} = {9B5C42FD-405F-34AE-A545-C2E9E2397E66}
		{46E75AB2-7EE6-3A65-8A16-A397614B99C7} = {46E75AB2-7EE6-3A65-8A16-A397614B99C7}
		{8C5D04DF-9CB8-3AA6-9779-8B65D9F611E4} = {8C5D04DF-9CB8-3AA6-9779-8B65D9F611E4}
		{1D04C28F-D20D-3ECE-855C-D7271DFA6F5F} = {1D04C28F-D20D-3ECE-855C-D7271DFA6F5F}
	EndProjectSection
EndProject
Project("{8BC9CEB8-8B4A-11D0-8D11-00A0C91BC942}") = "SnippetVehicleScale", "SnippetVehicleScale.vcxproj", "{98D3E4BD-2FF7-3FCA-BF14-FE2301FCB0FC}"
	ProjectSection(ProjectDependencies) = postProject
		{E40EC037-E919-3FDA-BF05-7F331863F8D3} = {E40EC037-E919-3FDA-BF05-7F331863F8D3}
		{FCC64E78-50B8-3BDF-AFE3-315E36D6EA49} = {FCC64E78-50B8-3BDF-AFE3-315E36D6EA49}
		{FAC36CD8-C529-312A-AD02-B6FAE130D1A7} = {FAC36CD8-C529-312A-AD02-B6FAE130D1A7}
		{BB32EF98-8BE6-343A-AEE1-CDC66208291B} = {BB32EF98-8BE6-343A-AEE1-CDC66208291B}
		{CE374792-D9D5-3B5C-8304-BEEEF470C791} = {CE374792-D9D5-3B5C-8304-BEEEF470C791}
		{E31632AD-B097-3FBB-BAF5-76DC544FBA4E} = {E31632AD-B097-3FBB-BAF5-76DC544FBA4E}
		{2AAC1B1B-CC25-3835-9CF1-90A91E631468} = {2AAC1B1B-CC25-3835-9CF1-90A91E631468}
		{AC031886-ED10-3F66-AD94-0361F4056B71} = {AC031886-ED10-3F66-AD94-0361F4056B71}
		{9B5C42FD-405F-34AE-A545-C2E9E2397E66} = {9B5C42FD-405F-34AE-A545-C2E9E2397E66}
		{46E75AB2-7EE6-3A65-8A16-A397614B99C7} = {46E75AB2-7EE6-3A65-8A16-A397614B99C7}
		{8C5D04DF-9CB8-3AA6-9779-8B65D9F611E4} = {8C5D04DF-9CB8-3AA6-9779-8B65D9F611E4}
		{1D04C28F-D20D-3ECE-855C-D7271DFA6F5F} = {1D04C28F-D20D-3ECE-855C-D7271DFA6F5F}
	EndProjectSection
EndProject
Project("{8BC9CEB8-8B4A-11D0-8D11-00A0C91BC942}") = "SnippetVehicleTank", "SnippetVehicleTank.vcxproj", "{3AA21207-C572-38CD-8895-18B89D0F5337}"
	ProjectSection(ProjectDependencies) = postProject
		{E40EC037-E919-3FDA-BF05-7F331863F8D3} = {E40EC037-E919-3FDA-BF05-7F331863F8D3}
		{FCC64E78-50B8-3BDF-AFE3-315E36D6EA49} = {FCC64E78-50B8-3BDF-AFE3-315E36D6EA49}
		{FAC36CD8-C529-312A-AD02-B6FAE130D1A7} = {FAC36CD8-C529-312A-AD02-B6FAE130D1A7}
		{BB32EF98-8BE6-343A-AEE1-CDC66208291B} = {BB32EF98-8BE6-343A-AEE1-CDC66208291B}
		{CE374792-D9D5-3B5C-8304-BEEEF470C791} = {CE374792-D9D5-3B5C-8304-BEEEF470C791}
		{E31632AD-B097-3FBB-BAF5-76DC544FBA4E} = {E31632AD-B097-3FBB-BAF5-76DC544FBA4E}
		{2AAC1B1B-CC25-3835-9CF1-90A91E631468} = {2AAC1B1B-CC25-3835-9CF1-90A91E631468}
		{AC031886-ED10-3F66-AD94-0361F4056B71} = {AC031886-ED10-3F66-AD94-0361F4056B71}
		{9B5C42FD-405F-34AE-A545-C2E9E2397E66} = {9B5C42FD-405F-34AE-A545-C2E9E2397E66}
		{46E75AB2-7EE6-3A65-8A16-A397614B99C7} = {46E75AB2-7EE6-3A65-8A16-A397614B99C7}
		{8C5D04DF-9CB8-3AA6-9779-8B65D9F611E4} = {8C5D04DF-9CB8-3AA6-9779-8B65D9F611E4}
		{1D04C28F-D20D-3ECE-855C-D7271DFA6F5F} = {1D04C28F-D20D-3ECE-855C-D7271DFA6F5F}
	EndProjectSection
EndProject
Project("{8BC9CEB8-8B4A-11D0-8D11-00A0C91BC942}") = "ZERO_CHECK", "..\\ZERO_CHECK.vcxproj", "{1D04C28F-D20D-3ECE-855C-D7271DFA6F5F}"
	ProjectSection(ProjectDependencies) = postProject
	EndProjectSection
EndProject
Global
	GlobalSection(SolutionConfigurationPlatforms) = preSolution
		debug|x64 = debug|x64
		checked|x64 = checked|x64
		profile|x64 = profile|x64
		release|x64 = release|x64
	EndGlobalSection
	GlobalSection(ProjectConfigurationPlatforms) = postSolution
		{2DE6DB49-297F-362F-AA94-DC92F968A4C0}.debug|x64.ActiveCfg = debug|x64
		{2DE6DB49-297F-362F-AA94-DC92F968A4C0}.debug|x64.Build.0 = debug|x64
		{2DE6DB49-297F-362F-AA94-DC92F968A4C0}.checked|x64.ActiveCfg = checked|x64
		{2DE6DB49-297F-362F-AA94-DC92F968A4C0}.checked|x64.Build.0 = checked|x64
		{2DE6DB49-297F-362F-AA94-DC92F968A4C0}.profile|x64.ActiveCfg = profile|x64
		{2DE6DB49-297F-362F-AA94-DC92F968A4C0}.profile|x64.Build.0 = profile|x64
		{2DE6DB49-297F-362F-AA94-DC92F968A4C0}.release|x64.ActiveCfg = release|x64
		{2DE6DB49-297F-362F-AA94-DC92F968A4C0}.release|x64.Build.0 = release|x64
		{E838FA50-B87D-3299-A043-D9136086B8F5}.debug|x64.ActiveCfg = debug|x64
		{E838FA50-B87D-3299-A043-D9136086B8F5}.debug|x64.Build.0 = debug|x64
		{E838FA50-B87D-3299-A043-D9136086B8F5}.checked|x64.ActiveCfg = checked|x64
		{E838FA50-B87D-3299-A043-D9136086B8F5}.checked|x64.Build.0 = checked|x64
		{E838FA50-B87D-3299-A043-D9136086B8F5}.profile|x64.ActiveCfg = profile|x64
		{E838FA50-B87D-3299-A043-D9136086B8F5}.profile|x64.Build.0 = profile|x64
		{E838FA50-B87D-3299-A043-D9136086B8F5}.release|x64.ActiveCfg = release|x64
		{E838FA50-B87D-3299-A043-D9136086B8F5}.release|x64.Build.0 = release|x64
		{48F7138A-4A63-383B-AE07-EBA73D17E8C3}.debug|x64.ActiveCfg = debug|x64
		{48F7138A-4A63-383B-AE07-EBA73D17E8C3}.checked|x64.ActiveCfg = checked|x64
		{48F7138A-4A63-383B-AE07-EBA73D17E8C3}.profile|x64.ActiveCfg = profile|x64
		{48F7138A-4A63-383B-AE07-EBA73D17E8C3}.release|x64.ActiveCfg = release|x64
		{AC20DD21-C781-3E72-9120-EED1D0D605BA}.debug|x64.ActiveCfg = debug|x64
		{AC20DD21-C781-3E72-9120-EED1D0D605BA}.debug|x64.Build.0 = debug|x64
		{AC20DD21-C781-3E72-9120-EED1D0D605BA}.checked|x64.ActiveCfg = checked|x64
		{AC20DD21-C781-3E72-9120-EED1D0D605BA}.checked|x64.Build.0 = checked|x64
		{AC20DD21-C781-3E72-9120-EED1D0D605BA}.profile|x64.ActiveCfg = profile|x64
		{AC20DD21-C781-3E72-9120-EED1D0D605BA}.profile|x64.Build.0 = profile|x64
		{AC20DD21-C781-3E72-9120-EED1D0D605BA}.release|x64.ActiveCfg = release|x64
		{AC20DD21-C781-3E72-9120-EED1D0D605BA}.release|x64.Build.0 = release|x64
		{0686EC94-4946-382B-A14B-B743D20FEEB6}.debug|x64.ActiveCfg = debug|x64
		{0686EC94-4946-382B-A14B-B743D20FEEB6}.debug|x64.Build.0 = debug|x64
		{0686EC94-4946-382B-A14B-B743D20FEEB6}.checked|x64.ActiveCfg = checked|x64
		{0686EC94-4946-382B-A14B-B743D20FEEB6}.checked|x64.Build.0 = checked|x64
		{0686EC94-4946-382B-A14B-B743D20FEEB6}.profile|x64.ActiveCfg = profile|x64
		{0686EC94-4946-382B-A14B-B743D20FEEB6}.profile|x64.Build.0 = profile|x64
		{0686EC94-4946-382B-A14B-B743D20FEEB6}.release|x64.ActiveCfg = release|x64
		{0686EC94-4946-382B-A14B-B743D20FEEB6}.release|x64.Build.0 = release|x64
		{49A898C0-B30E-3668-8D8C-D192B108CF7A}.debug|x64.ActiveCfg = debug|x64
		{49A898C0-B30E-3668-8D8C-D192B108CF7A}.debug|x64.Build.0 = debug|x64
		{49A898C0-B30E-3668-8D8C-D192B108CF7A}.checked|x64.ActiveCfg = checked|x64
		{49A898C0-B30E-3668-8D8C-D192B108CF7A}.checked|x64.Build.0 = checked|x64
		{49A898C0-B30E-3668-8D8C-D192B108CF7A}.profile|x64.ActiveCfg = profile|x64
		{49A898C0-B30E-3668-8D8C-D192B108CF7A}.profile|x64.Build.0 = profile|x64
		{49A898C0-B30E-3668-8D8C-D192B108CF7A}.release|x64.ActiveCfg = release|x64
		{49A898C0-B30E-3668-8D8C-D192B108CF7A}.release|x64.Build.0 = release|x64
		{E40EC037-E919-3FDA-BF05-7F331863F8D3}.debug|x64.ActiveCfg = debug|x64
		{E40EC037-E919-3FDA-BF05-7F331863F8D3}.debug|x64.Build.0 = debug|x64
		{E40EC037-E919-3FDA-BF05-7F331863F8D3}.checked|x64.ActiveCfg = checked|x64
		{E40EC037-E919-3FDA-BF05-7F331863F8D3}.checked|x64.Build.0 = checked|x64
		{E40EC037-E919-3FDA-BF05-7F331863F8D3}.profile|x64.ActiveCfg = profile|x64
		{E40EC037-E919-3FDA-BF05-7F331863F8D3}.profile|x64.Build.0 = profile|x64
		{E40EC037-E919-3FDA-BF05-7F331863F8D3}.release|x64.ActiveCfg = release|x64
		{E40EC037-E919-3FDA-BF05-7F331863F8D3}.release|x64.Build.0 = release|x64
		{FCC64E78-50B8-3BDF-AFE3-315E36D6EA49}.debug|x64.ActiveCfg = debug|x64
		{FCC64E78-50B8-3BDF-AFE3-315E36D6EA49}.debug|x64.Build.0 = debug|x64
		{FCC64E78-50B8-3BDF-AFE3-315E36D6EA49}.checked|x64.ActiveCfg = checked|x64
		{FCC64E78-50B8-3BDF-AFE3-315E36D6EA49}.checked|x64.Build.0 = checked|x64
		{FCC64E78-50B8-3BDF-AFE3-315E36D6EA49}.profile|x64.ActiveCfg = profile|x64
		{FCC64E78-50B8-3BDF-AFE3-315E36D6EA49}.profile|x64.Build.0 = profile|x64
		{FCC64E78-50B8-3BDF-AFE3-315E36D6EA49}.release|x64.ActiveCfg = release|x64
		{FCC64E78-50B8-3BDF-AFE3-315E36D6EA49}.release|x64.Build.0 = release|x64
		{FAC36CD8-C529-312A-AD02-B6FAE130D1A7}.debug|x64.ActiveCfg = debug|x64
		{FAC36CD8-C529-312A-AD02-B6FAE130D1A7}.debug|x64.Build.0 = debug|x64
		{FAC36CD8-C529-312A-AD02-B6FAE130D1A7}.checked|x64.ActiveCfg = checked|x64
		{FAC36CD8-C529-312A-AD02-B6FAE130D1A7}.checked|x64.Build.0 = checked|x64
		{FAC36CD8-C529-312A-AD02-B6FAE130D1A7}.profile|x64.ActiveCfg = profile|x64
		{FAC36CD8-C529-312A-AD02-B6FAE130D1A7}.profile|x64.Build.0 = profile|x64
		{FAC36CD8-C529-312A-AD02-B6FAE130D1A7}.release|x64.ActiveCfg = release|x64
		{FAC36CD8-C529-312A-AD02-B6FAE130D1A7}.release|x64.Build.0 = release|x64
		{BB32EF98-8BE6-343A-AEE1-CDC66208291B}.debug|x64.ActiveCfg = debug|x64
		{BB32EF98-8BE6-343A-AEE1-CDC66208291B}.debug|x64.Build.0 = debug|x64
		{BB32EF98-8BE6-343A-AEE1-CDC66208291B}.checked|x64.ActiveCfg = checked|x64
		{BB32EF98-8BE6-343A-AEE1-CDC66208291B}.checked|x64.Build.0 = checked|x64
		{BB32EF98-8BE6-343A-AEE1-CDC66208291B}.profile|x64.ActiveCfg = profile|x64
		{BB32EF98-8BE6-343A-AEE1-CDC66208291B}.profile|x64.Build.0 = profile|x64
		{BB32EF98-8BE6-343A-AEE1-CDC66208291B}.release|x64.ActiveCfg = release|x64
		{BB32EF98-8BE6-343A-AEE1-CDC66208291B}.release|x64.Build.0 = release|x64
		{CE374792-D9D5-3B5C-8304-BEEEF470C791}.debug|x64.ActiveCfg = debug|x64
		{CE374792-D9D5-3B5C-8304-BEEEF470C791}.debug|x64.Build.0 = debug|x64
		{CE374792-D9D5-3B5C-8304-BEEEF470C791}.checked|x64.ActiveCfg = checked|x64
		{CE374792-D9D5-3B5C-8304-BEEEF470C791}.checked|x64.Build.0 = checked|x64
		{CE374792-D9D5-3B5C-8304-BEEEF470C791}.profile|x64.ActiveCfg = profile|x64
		{CE374792-D9D5-3B5C-8304-BEEEF470C791}.profile|x64.Build.0 = profile|x64
		{CE374792-D9D5-3B5C-8304-BEEEF470C791}.release|x64.ActiveCfg = release|x64
		{CE374792-D9D5-3B5C-8304-BEEEF470C791}.release|x64.Build.0 = release|x64
		{E31632AD-B097-3FBB-BAF5-76DC544FBA4E}.debug|x64.ActiveCfg = debug|x64
		{E31632AD-B097-3FBB-BAF5-76DC544FBA4E}.debug|x64.Build.0 = debug|x64
		{E31632AD-B097-3FBB-BAF5-76DC544FBA4E}.checked|x64.ActiveCfg = checked|x64
		{E31632AD-B097-3FBB-BAF5-76DC544FBA4E}.checked|x64.Build.0 = checked|x64
		{E31632AD-B097-3FBB-BAF5-76DC544FBA4E}.profile|x64.ActiveCfg = profile|x64
		{E31632AD-B097-3FBB-BAF5-76DC544FBA4E}.profile|x64.Build.0 = profile|x64
		{E31632AD-B097-3FBB-BAF5-76DC544FBA4E}.release|x64.ActiveCfg = release|x64
		{E31632AD-B097-3FBB-BAF5-76DC544FBA4E}.release|x64.Build.0 = release|x64
		{2AAC1B1B-CC25-3835-9CF1-90A91E631468}.debug|x64.ActiveCfg = debug|x64
		{2AAC1B1B-CC25-3835-9CF1-90A91E631468}.debug|x64.Build.0 = debug|x64
		{2AAC1B1B-CC25-3835-9CF1-90A91E631468}.checked|x64.ActiveCfg = checked|x64
		{2AAC1B1B-CC25-3835-9CF1-90A91E631468}.checked|x64.Build.0 = checked|x64
		{2AAC1B1B-CC25-3835-9CF1-90A91E631468}.profile|x64.ActiveCfg = profile|x64
		{2AAC1B1B-CC25-3835-9CF1-90A91E631468}.profile|x64.Build.0 = profile|x64
		{2AAC1B1B-CC25-3835-9CF1-90A91E631468}.release|x64.ActiveCfg = release|x64
		{2AAC1B1B-CC25-3835-9CF1-90A91E631468}.release|x64.Build.0 = release|x64
		{AC031886-ED10-3F66-AD94-0361F4056B71}.debug|x64.ActiveCfg = debug|x64
		{AC031886-ED10-3F66-AD94-0361F4056B71}.debug|x64.Build.0 = debug|x64
		{AC031886-ED10-3F66-AD94-0361F4056B71}.checked|x64.ActiveCfg = checked|x64
		{AC031886-ED10-3F66-AD94-0361F4056B71}.checked|x64.Build.0 = checked|x64
		{AC031886-ED10-3F66-AD94-0361F4056B71}.profile|x64.ActiveCfg = profile|x64
		{AC031886-ED10-3F66-AD94-0361F4056B71}.profile|x64.Build.0 = profile|x64
		{AC031886-ED10-3F66-AD94-0361F4056B71}.release|x64.ActiveCfg = release|x64
		{AC031886-ED10-3F66-AD94-0361F4056B71}.release|x64.Build.0 = release|x64
		{9B5C42FD-405F-34AE-A545-C2E9E2397E66}.debug|x64.ActiveCfg = debug|x64
		{9B5C42FD-405F-34AE-A545-C2E9E2397E66}.debug|x64.Build.0 = debug|x64
		{9B5C42FD-405F-34AE-A545-C2E9E2397E66}.checked|x64.ActiveCfg = checked|x64
		{9B5C42FD-405F-34AE-A545-C2E9E2397E66}.checked|x64.Build.0 = checked|x64
		{9B5C42FD-405F-34AE-A545-C2E9E2397E66}.profile|x64.ActiveCfg = profile|x64
		{9B5C42FD-405F-34AE-A545-C2E9E2397E66}.profile|x64.Build.0 = profile|x64
		{9B5C42FD-405F-34AE-A545-C2E9E2397E66}.release|x64.ActiveCfg = release|x64
		{9B5C42FD-405F-34AE-A545-C2E9E2397E66}.release|x64.Build.0 = release|x64
		{E0B77269-A10C-3F8B-8422-87BEDEA7C1BC}.debug|x64.ActiveCfg = debug|x64
		{E0B77269-A10C-3F8B-8422-87BEDEA7C1BC}.debug|x64.Build.0 = debug|x64
		{E0B77269-A10C-3F8B-8422-87BEDEA7C1BC}.checked|x64.ActiveCfg = checked|x64
		{E0B77269-A10C-3F8B-8422-87BEDEA7C1BC}.checked|x64.Build.0 = checked|x64
		{E0B77269-A10C-3F8B-8422-87BEDEA7C1BC}.profile|x64.ActiveCfg = profile|x64
		{E0B77269-A10C-3F8B-8422-87BEDEA7C1BC}.profile|x64.Build.0 = profile|x64
		{E0B77269-A10C-3F8B-8422-87BEDEA7C1BC}.release|x64.ActiveCfg = release|x64
		{E0B77269-A10C-3F8B-8422-87BEDEA7C1BC}.release|x64.Build.0 = release|x64
		{29358E18-5553-31DE-BAAC-318BE7D528AC}.debug|x64.ActiveCfg = debug|x64
		{29358E18-5553-31DE-BAAC-318BE7D528AC}.debug|x64.Build.0 = debug|x64
		{29358E18-5553-31DE-BAAC-318BE7D528AC}.checked|x64.ActiveCfg = checked|x64
		{29358E18-5553-31DE-BAAC-318BE7D528AC}.checked|x64.Build.0 = checked|x64
		{29358E18-5553-31DE-BAAC-318BE7D528AC}.profile|x64.ActiveCfg = profile|x64
		{29358E18-5553-31DE-BAAC-318BE7D528AC}.profile|x64.Build.0 = profile|x64
		{29358E18-5553-31DE-BAAC-318BE7D528AC}.release|x64.ActiveCfg = release|x64
		{29358E18-5553-31DE-BAAC-318BE7D528AC}.release|x64.Build.0 = release|x64
		{C0C3B013-AD07-3692-932B-8D057E94638B}.debug|x64.ActiveCfg = debug|x64
		{C0C3B013-AD07-3692-932B-8D057E94638B}.debug|x64.Build.0 = debug|x64
		{C0C3B013-AD07-3692-932B-8D057E94638B}.checked|x64.ActiveCfg = checked|x64
		{C0C3B013-AD07-3692-932B-8D057E94638B}.checked|x64.Build.0 = checked|x64
		{C0C3B013-AD07-3692-932B-8D057E94638B}.profile|x64.ActiveCfg = profile|x64
		{C0C3B013-AD07-3692-932B-8D057E94638B}.profile|x64.Build.0 = profile|x64
		{C0C3B013-AD07-3692-932B-8D057E94638B}.release|x64.ActiveCfg = release|x64
		{C0C3B013-AD07-3692-932B-8D057E94638B}.release|x64.Build.0 = release|x64
		{4BA8C09E-9CF8-37A3-8A18-DD9B7017D41E}.debug|x64.ActiveCfg = debug|x64
		{4BA8C09E-9CF8-37A3-8A18-DD9B7017D41E}.debug|x64.Build.0 = debug|x64
		{4BA8C09E-9CF8-37A3-8A18-DD9B7017D41E}.checked|x64.ActiveCfg = checked|x64
		{4BA8C09E-9CF8-37A3-8A18-DD9B7017D41E}.checked|x64.Build.0 = checked|x64
		{4BA8C09E-9CF8-37A3-8A18-DD9B7017D41E}.profile|x64.ActiveCfg = profile|x64
		{4BA8C09E-9CF8-37A3-8A18-DD9B7017D41E}.profile|x64.Build.0 = profile|x64
		{4BA8C09E-9CF8-37A3-8A18-DD9B7017D41E}.release|x64.ActiveCfg = release|x64
		{4BA8C09E-9CF8-37A3-8A18-DD9B7017D41E}.release|x64.Build.0 = release|x64
		{25B0407C-CF13-3325-8988-7B505530ECCB}.debug|x64.ActiveCfg = debug|x64
		{25B0407C-CF13-3325-8988-7B505530ECCB}.debug|x64.Build.0 = debug|x64
		{25B0407C-CF13-3325-8988-7B505530ECCB}.checked|x64.ActiveCfg = checked|x64
		{25B0407C-CF13-3325-8988-7B505530ECCB}.checked|x64.Build.0 = checked|x64
		{25B0407C-CF13-3325-8988-7B505530ECCB}.profile|x64.ActiveCfg = profile|x64
		{25B0407C-CF13-3325-8988-7B505530ECCB}.profile|x64.Build.0 = profile|x64
		{25B0407C-CF13-3325-8988-7B505530ECCB}.release|x64.ActiveCfg = release|x64
		{25B0407C-CF13-3325-8988-7B505530ECCB}.release|x64.Build.0 = release|x64
		{361B240D-6B95-3BEF-AE4B-31A1A5484CF1}.debug|x64.ActiveCfg = debug|x64
		{361B240D-6B95-3BEF-AE4B-31A1A5484CF1}.debug|x64.Build.0 = debug|x64
		{361B240D-6B95-3BEF-AE4B-31A1A5484CF1}.checked|x64.ActiveCfg = checked|x64
		{361B240D-6B95-3BEF-AE4B-31A1A5484CF1}.checked|x64.Build.0 = checked|x64
		{361B240D-6B95-3BEF-AE4B-31A1A5484CF1}.profile|x64.ActiveCfg = profile|x64
		{361B240D-6B95-3BEF-AE4B-31A1A5484CF1}.profile|x64.Build.0 = profile|x64
		{361B240D-6B95-3BEF-AE4B-31A1A5484CF1}.release|x64.ActiveCfg = release|x64
		{361B240D-6B95-3BEF-AE4B-31A1A5484CF1}.release|x64.Build.0 = release|x64
		{123B9AF3-6E9E-3D20-BFA8-88DC97DCF3B6}.debug|x64.ActiveCfg = debug|x64
		{123B9AF3-6E9E-3D20-BFA8-88DC97DCF3B6}.debug|x64.Build.0 = debug|x64
		{123B9AF3-6E9E-3D20-BFA8-88DC97DCF3B6}.checked|x64.ActiveCfg = checked|x64
		{123B9AF3-6E9E-3D20-BFA8-88DC97DCF3B6}.checked|x64.Build.0 = checked|x64
		{123B9AF3-6E9E-3D20-BFA8-88DC97DCF3B6}.profile|x64.ActiveCfg = profile|x64
		{123B9AF3-6E9E-3D20-BFA8-88DC97DCF3B6}.profile|x64.Build.0 = profile|x64
		{123B9AF3-6E9E-3D20-BFA8-88DC97DCF3B6}.release|x64.ActiveCfg = release|x64
		{123B9AF3-6E9E-3D20-BFA8-88DC97DCF3B6}.release|x64.Build.0 = release|x64
		{1830137D-8C03-3D8A-96D2-99E65EF3E079}.debug|x64.ActiveCfg = debug|x64
		{1830137D-8C03-3D8A-96D2-99E65EF3E079}.debug|x64.Build.0 = debug|x64
		{1830137D-8C03-3D8A-96D2-99E65EF3E079}.checked|x64.ActiveCfg = checked|x64
		{1830137D-8C03-3D8A-96D2-99E65EF3E079}.checked|x64.Build.0 = checked|x64
		{1830137D-8C03-3D8A-96D2-99E65EF3E079}.profile|x64.ActiveCfg = profile|x64
		{1830137D-8C03-3D8A-96D2-99E65EF3E079}.profile|x64.Build.0 = profile|x64
		{1830137D-8C03-3D8A-96D2-99E65EF3E079}.release|x64.ActiveCfg = release|x64
		{1830137D-8C03-3D8A-96D2-99E65EF3E079}.release|x64.Build.0 = release|x64
		{F2C4574D-6CB1-3959-A9E5-8A578871A517}.debug|x64.ActiveCfg = debug|x64
		{F2C4574D-6CB1-3959-A9E5-8A578871A517}.debug|x64.Build.0 = debug|x64
		{F2C4574D-6CB1-3959-A9E5-8A578871A517}.checked|x64.ActiveCfg = checked|x64
		{F2C4574D-6CB1-3959-A9E5-8A578871A517}.checked|x64.Build.0 = checked|x64
		{F2C4574D-6CB1-3959-A9E5-8A578871A517}.profile|x64.ActiveCfg = profile|x64
		{F2C4574D-6CB1-3959-A9E5-8A578871A517}.profile|x64.Build.0 = profile|x64
		{F2C4574D-6CB1-3959-A9E5-8A578871A517}.release|x64.ActiveCfg = release|x64
		{F2C4574D-6CB1-3959-A9E5-8A578871A517}.release|x64.Build.0 = release|x64
		{BADEF918-BBDB-362A-9593-D96F1599BE9A}.debug|x64.ActiveCfg = debug|x64
		{BADEF918-BBDB-362A-9593-D96F1599BE9A}.debug|x64.Build.0 = debug|x64
		{BADEF918-BBDB-362A-9593-D96F1599BE9A}.checked|x64.ActiveCfg = checked|x64
		{BADEF918-BBDB-362A-9593-D96F1599BE9A}.checked|x64.Build.0 = checked|x64
		{BADEF918-BBDB-362A-9593-D96F1599BE9A}.profile|x64.ActiveCfg = profile|x64
		{BADEF918-BBDB-362A-9593-D96F1599BE9A}.profile|x64.Build.0 = profile|x64
		{BADEF918-BBDB-362A-9593-D96F1599BE9A}.release|x64.ActiveCfg = release|x64
		{BADEF918-BBDB-362A-9593-D96F1599BE9A}.release|x64.Build.0 = release|x64
		{3F2DBD16-FDC4-317B-83F9-312863D57DDE}.debug|x64.ActiveCfg = debug|x64
		{3F2DBD16-FDC4-317B-83F9-312863D57DDE}.debug|x64.Build.0 = debug|x64
		{3F2DBD16-FDC4-317B-83F9-312863D57DDE}.checked|x64.ActiveCfg = checked|x64
		{3F2DBD16-FDC4-317B-83F9-312863D57DDE}.checked|x64.Build.0 = checked|x64
		{3F2DBD16-FDC4-317B-83F9-312863D57DDE}.profile|x64.ActiveCfg = profile|x64
		{3F2DBD16-FDC4-317B-83F9-312863D57DDE}.profile|x64.Build.0 = profile|x64
		{3F2DBD16-FDC4-317B-83F9-312863D57DDE}.release|x64.ActiveCfg = release|x64
		{3F2DBD16-FDC4-317B-83F9-312863D57DDE}.release|x64.Build.0 = release|x64
		{D970D65D-DE33-3CF8-B2E1-97FC00A8FF10}.debug|x64.ActiveCfg = debug|x64
		{D970D65D-DE33-3CF8-B2E1-97FC00A8FF10}.debug|x64.Build.0 = debug|x64
		{D970D65D-DE33-3CF8-B2E1-97FC00A8FF10}.checked|x64.ActiveCfg = checked|x64
		{D970D65D-DE33-3CF8-B2E1-97FC00A8FF10}.checked|x64.Build.0 = checked|x64
		{D970D65D-DE33-3CF8-B2E1-97FC00A8FF10}.profile|x64.ActiveCfg = profile|x64
		{D970D65D-DE33-3CF8-B2E1-97FC00A8FF10}.profile|x64.Build.0 = profile|x64
		{D970D65D-DE33-3CF8-B2E1-97FC00A8FF10}.release|x64.ActiveCfg = release|x64
		{D970D65D-DE33-3CF8-B2E1-97FC00A8FF10}.release|x64.Build.0 = release|x64
		{CB237363-A092-3AA4-915E-A6433F84020E}.debug|x64.ActiveCfg = debug|x64
		{CB237363-A092-3AA4-915E-A6433F84020E}.debug|x64.Build.0 = debug|x64
		{CB237363-A092-3AA4-915E-A6433F84020E}.checked|x64.ActiveCfg = checked|x64
		{CB237363-A092-3AA4-915E-A6433F84020E}.checked|x64.Build.0 = checked|x64
		{CB237363-A092-3AA4-915E-A6433F84020E}.profile|x64.ActiveCfg = profile|x64
		{CB237363-A092-3AA4-915E-A6433F84020E}.profile|x64.Build.0 = profile|x64
		{CB237363-A092-3AA4-915E-A6433F84020E}.release|x64.ActiveCfg = release|x64
		{CB237363-A092-3AA4-915E-A6433F84020E}.release|x64.Build.0 = release|x64
		{B66A97FD-8845-35BA-924C-C3B2D9AC771A}.debug|x64.ActiveCfg = debug|x64
		{B66A97FD-8845-35BA-924C-C3B2D9AC771A}.debug|x64.Build.0 = debug|x64
		{B66A97FD-8845-35BA-924C-C3B2D9AC771A}.checked|x64.ActiveCfg = checked|x64
		{B66A97FD-8845-35BA-924C-C3B2D9AC771A}.checked|x64.Build.0 = checked|x64
		{B66A97FD-8845-35BA-924C-C3B2D9AC771A}.profile|x64.ActiveCfg = profile|x64
		{B66A97FD-8845-35BA-924C-C3B2D9AC771A}.profile|x64.Build.0 = profile|x64
		{B66A97FD-8845-35BA-924C-C3B2D9AC771A}.release|x64.ActiveCfg = release|x64
		{B66A97FD-8845-35BA-924C-C3B2D9AC771A}.release|x64.Build.0 = release|x64
		{FEE06749-085F-3328-8AB4-48A0B05B1A3C}.debug|x64.ActiveCfg = debug|x64
		{FEE06749-085F-3328-8AB4-48A0B05B1A3C}.debug|x64.Build.0 = debug|x64
		{FEE06749-085F-3328-8AB4-48A0B05B1A3C}.checked|x64.ActiveCfg = checked|x64
		{FEE06749-085F-3328-8AB4-48A0B05B1A3C}.checked|x64.Build.0 = checked|x64
		{FEE06749-085F-3328-8AB4-48A0B05B1A3C}.profile|x64.ActiveCfg = profile|x64
		{FEE06749-085F-3328-8AB4-48A0B05B1A3C}.profile|x64.Build.0 = profile|x64
		{FEE06749-085F-3328-8AB4-48A0B05B1A3C}.release|x64.ActiveCfg = release|x64
		{FEE06749-085F-3328-8AB4-48A0B05B1A3C}.release|x64.Build.0 = release|x64
		{A519122E-10F6-3774-A9FE-85EED810E050}.debug|x64.ActiveCfg = debug|x64
		{A519122E-10F6-3774-A9FE-85EED810E050}.debug|x64.Build.0 = debug|x64
		{A519122E-10F6-3774-A9FE-85EED810E050}.checked|x64.ActiveCfg = checked|x64
		{A519122E-10F6-3774-A9FE-85EED810E050}.checked|x64.Build.0 = checked|x64
		{A519122E-10F6-3774-A9FE-85EED810E050}.profile|x64.ActiveCfg = profile|x64
		{A519122E-10F6-3774-A9FE-85EED810E050}.profile|x64.Build.0 = profile|x64
		{A519122E-10F6-3774-A9FE-85EED810E050}.release|x64.ActiveCfg = release|x64
		{A519122E-10F6-3774-A9FE-85EED810E050}.release|x64.Build.0 = release|x64
		{53F4AF87-5F0F-320B-8E78-135920C72A09}.debug|x64.ActiveCfg = debug|x64
		{53F4AF87-5F0F-320B-8E78-135920C72A09}.debug|x64.Build.0 = debug|x64
		{53F4AF87-5F0F-320B-8E78-135920C72A09}.checked|x64.ActiveCfg = checked|x64
		{53F4AF87-5F0F-320B-8E78-135920C72A09}.checked|x64.Build.0 = checked|x64
		{53F4AF87-5F0F-320B-8E78-135920C72A09}.profile|x64.ActiveCfg = profile|x64
		{53F4AF87-5F0F-320B-8E78-135920C72A09}.profile|x64.Build.0 = profile|x64
		{53F4AF87-5F0F-320B-8E78-135920C72A09}.release|x64.ActiveCfg = release|x64
		{53F4AF87-5F0F-320B-8E78-135920C72A09}.release|x64.Build.0 = release|x64
		{B2AD471B-7FA2-3C5A-B125-75C6BE8B34CA}.debug|x64.ActiveCfg = debug|x64
		{B2AD471B-7FA2-3C5A-B125-75C6BE8B34CA}.debug|x64.Build.0 = debug|x64
		{B2AD471B-7FA2-3C5A-B125-75C6BE8B34CA}.checked|x64.ActiveCfg = checked|x64
		{B2AD471B-7FA2-3C5A-B125-75C6BE8B34CA}.checked|x64.Build.0 = checked|x64
		{B2AD471B-7FA2-3C5A-B125-75C6BE8B34CA}.profile|x64.ActiveCfg = profile|x64
		{B2AD471B-7FA2-3C5A-B125-75C6BE8B34CA}.profile|x64.Build.0 = profile|x64
		{B2AD471B-7FA2-3C5A-B125-75C6BE8B34CA}.release|x64.ActiveCfg = release|x64
		{B2AD471B-7FA2-3C5A-B125-75C6BE8B34CA}.release|x64.Build.0 = release|x64
		{14224C74-C8B6-3BC4-8461-5606F42046AA}.debug|x64.ActiveCfg = debug|x64
		{14224C74-C8B6-3BC4-8461-5606F42046AA}.debug|x64.Build.0 = debug|x64
		{14224C74-C8B6-3BC4-8461-5606F42046AA}.checked|x64.ActiveCfg = checked|x64
		{14224C74-C8B6-3BC4-8461-5606F42046AA}.checked|x64.Build.0 = checked|x64
		{14224C74-C8B6-3BC4-8461-5606F42046AA}.profile|x64.ActiveCfg = profile|x64
		{14224C74-C8B6-3BC4-8461-5606F42046AA}.profile|x64.Build.0 = profile|x64
		{14224C74-C8B6-3BC4-8461-5606F42046AA}.release|x64.ActiveCfg = release|x64
		{14224C74-C8B6-3BC4-8461-5606F42046AA}.release|x64.Build.0 = release|x64
		{1440AC44-13E5-371B-A5E4-F12E447ED2FE}.debug|x64.ActiveCfg = debug|x64
		{1440AC44-13E5-371B-A5E4-F12E447ED2FE}.debug|x64.Build.0 = debug|x64
		{1440AC44-13E5-371B-A5E4-F12E447ED2FE}.checked|x64.ActiveCfg = checked|x64
		{1440AC44-13E5-371B-A5E4-F12E447ED2FE}.checked|x64.Build.0 = checked|x64
		{1440AC44-13E5-371B-A5E4-F12E447ED2FE}.profile|x64.ActiveCfg = profile|x64
		{1440AC44-13E5-371B-A5E4-F12E447ED2FE}.profile|x64.Build.0 = profile|x64
		{1440AC44-13E5-371B-A5E4-F12E447ED2FE}.release|x64.ActiveCfg = release|x64
		{1440AC44-13E5-371B-A5E4-F12E447ED2FE}.release|x64.Build.0 = release|x64
		{67A7A1C6-8DE2-3FC4-8F47-F3F7EE9D8464}.debug|x64.ActiveCfg = debug|x64
		{67A7A1C6-8DE2-3FC4-8F47-F3F7EE9D8464}.debug|x64.Build.0 = debug|x64
		{67A7A1C6-8DE2-3FC4-8F47-F3F7EE9D8464}.checked|x64.ActiveCfg = checked|x64
		{67A7A1C6-8DE2-3FC4-8F47-F3F7EE9D8464}.checked|x64.Build.0 = checked|x64
		{67A7A1C6-8DE2-3FC4-8F47-F3F7EE9D8464}.profile|x64.ActiveCfg = profile|x64
		{67A7A1C6-8DE2-3FC4-8F47-F3F7EE9D8464}.profile|x64.Build.0 = profile|x64
		{67A7A1C6-8DE2-3FC4-8F47-F3F7EE9D8464}.release|x64.ActiveCfg = release|x64
		{67A7A1C6-8DE2-3FC4-8F47-F3F7EE9D8464}.release|x64.Build.0 = release|x64
		{7F3F271E-F707-37B6-ACE4-F442A4B4B4FD}.debug|x64.ActiveCfg = debug|x64
		{7F3F271E-F707-37B6-ACE4-F442A4B4B4FD}.debug|x64.Build.0 = debug|x64
		{7F3F271E-F707-37B6-ACE4-F442A4B4B4FD}.checked|x64.ActiveCfg = checked|x64
		{7F3F271E-F707-37B6-ACE4-F442A4B4B4FD}.checked|x64.Build.0 = checked|x64
		{7F3F271E-F707-37B6-ACE4-F442A4B4B4FD}.profile|x64.ActiveCfg = profile|x64
		{7F3F271E-F707-37B6-ACE4-F442A4B4B4FD}.profile|x64.Build.0 = profile|x64
		{7F3F271E-F707-37B6-ACE4-F442A4B4B4FD}.release|x64.ActiveCfg = release|x64
		{7F3F271E-F707-37B6-ACE4-F442A4B4B4FD}.release|x64.Build.0 = release|x64
		{84EC8B75-D2DA-3398-8E53-63ADBF57586E}.debug|x64.ActiveCfg = debug|x64
		{84EC8B75-D2DA-3398-8E53-63ADBF57586E}.debug|x64.Build.0 = debug|x64
		{84EC8B75-D2DA-3398-8E53-63ADBF57586E}.checked|x64.ActiveCfg = checked|x64
		{84EC8B75-D2DA-3398-8E53-63ADBF57586E}.checked|x64.Build.0 = checked|x64
		{84EC8B75-D2DA-3398-8E53-63ADBF57586E}.profile|x64.ActiveCfg = profile|x64
		{84EC8B75-D2DA-3398-8E53-63ADBF57586E}.profile|x64.Build.0 = profile|x64
		{84EC8B75-D2DA-3398-8E53-63ADBF57586E}.release|x64.ActiveCfg = release|x64
		{84EC8B75-D2DA-3398-8E53-63ADBF57586E}.release|x64.Build.0 = release|x64
		{EE41194F-53AD-3A66-8589-5A308CB8A371}.debug|x64.ActiveCfg = debug|x64
		{EE41194F-53AD-3A66-8589-5A308CB8A371}.debug|x64.Build.0 = debug|x64
		{EE41194F-53AD-3A66-8589-5A308CB8A371}.checked|x64.ActiveCfg = checked|x64
		{EE41194F-53AD-3A66-8589-5A308CB8A371}.checked|x64.Build.0 = checked|x64
		{EE41194F-53AD-3A66-8589-5A308CB8A371}.profile|x64.ActiveCfg = profile|x64
		{EE41194F-53AD-3A66-8589-5A308CB8A371}.profile|x64.Build.0 = profile|x64
		{EE41194F-53AD-3A66-8589-5A308CB8A371}.release|x64.ActiveCfg = release|x64
		{EE41194F-53AD-3A66-8589-5A308CB8A371}.release|x64.Build.0 = release|x64
		{46E75AB2-7EE6-3A65-8A16-A397614B99C7}.debug|x64.ActiveCfg = debug|x64
		{46E75AB2-7EE6-3A65-8A16-A397614B99C7}.debug|x64.Build.0 = debug|x64
		{46E75AB2-7EE6-3A65-8A16-A397614B99C7}.checked|x64.ActiveCfg = checked|x64
		{46E75AB2-7EE6-3A65-8A16-A397614B99C7}.checked|x64.Build.0 = checked|x64
		{46E75AB2-7EE6-3A65-8A16-A397614B99C7}.profile|x64.ActiveCfg = profile|x64
		{46E75AB2-7EE6-3A65-8A16-A397614B99C7}.profile|x64.Build.0 = profile|x64
		{46E75AB2-7EE6-3A65-8A16-A397614B99C7}.release|x64.ActiveCfg = release|x64
		{46E75AB2-7EE6-3A65-8A16-A397614B99C7}.release|x64.Build.0 = release|x64
		{108E808C-CDBC-3C00-BD65-D176C084EDFA}.debug|x64.ActiveCfg = debug|x64
		{108E808C-CDBC-3C00-BD65-D176C084EDFA}.debug|x64.Build.0 = debug|x64
		{108E808C-CDBC-3C00-BD65-D176C084EDFA}.checked|x64.ActiveCfg = checked|x64
		{108E808C-CDBC-3C00-BD65-D176C084EDFA}.checked|x64.Build.0 = checked|x64
		{108E808C-CDBC-3C00-BD65-D176C084EDFA}.profile|x64.ActiveCfg = profile|x64
		{108E808C-CDBC-3C00-BD65-D176C084EDFA}.profile|x64.Build.0 = profile|x64
		{108E808C-CDBC-3C00-BD65-D176C084EDFA}.release|x64.ActiveCfg = release|x64
		{108E808C-CDBC-3C00-BD65-D176C084EDFA}.release|x64.Build.0 = release|x64
		{1275C59F-A0EC-3F85-A0A8-F74D6174C754}.debug|x64.ActiveCfg = debug|x64
		{1275C59F-A0EC-3F85-A0A8-F74D6174C754}.debug|x64.Build.0 = debug|x64
		{1275C59F-A0EC-3F85-A0A8-F74D6174C754}.checked|x64.ActiveCfg = checked|x64
		{1275C59F-A0EC-3F85-A0A8-F74D6174C754}.checked|x64.Build.0 = checked|x64
		{1275C59F-A0EC-3F85-A0A8-F74D6174C754}.profile|x64.ActiveCfg = profile|x64
		{1275C59F-A0EC-3F85-A0A8-F74D6174C754}.profile|x64.Build.0 = profile|x64
		{1275C59F-A0EC-3F85-A0A8-F74D6174C754}.release|x64.ActiveCfg = release|x64
		{1275C59F-A0EC-3F85-A0A8-F74D6174C754}.release|x64.Build.0 = release|x64
		{6D0FDAA7-8C80-37ED-8EBE-6E5FE7644FF3}.debug|x64.ActiveCfg = debug|x64
		{6D0FDAA7-8C80-37ED-8EBE-6E5FE7644FF3}.debug|x64.Build.0 = debug|x64
		{6D0FDAA7-8C80-37ED-8EBE-6E5FE7644FF3}.checked|x64.ActiveCfg = checked|x64
		{6D0FDAA7-8C80-37ED-8EBE-6E5FE7644FF3}.checked|x64.Build.0 = checked|x64
		{6D0FDAA7-8C80-37ED-8EBE-6E5FE7644FF3}.profile|x64.ActiveCfg = profile|x64
		{6D0FDAA7-8C80-37ED-8EBE-6E5FE7644FF3}.profile|x64.Build.0 = profile|x64
		{6D0FDAA7-8C80-37ED-8EBE-6E5FE7644FF3}.release|x64.ActiveCfg = release|x64
		{6D0FDAA7-8C80-37ED-8EBE-6E5FE7644FF3}.release|x64.Build.0 = release|x64
		{48414824-850E-3AF0-822A-14DADF75BE09}.debug|x64.ActiveCfg = debug|x64
		{48414824-850E-3AF0-822A-14DADF75BE09}.debug|x64.Build.0 = debug|x64
		{48414824-850E-3AF0-822A-14DADF75BE09}.checked|x64.ActiveCfg = checked|x64
		{48414824-850E-3AF0-822A-14DADF75BE09}.checked|x64.Build.0 = checked|x64
		{48414824-850E-3AF0-822A-14DADF75BE09}.profile|x64.ActiveCfg = profile|x64
		{48414824-850E-3AF0-822A-14DADF75BE09}.profile|x64.Build.0 = profile|x64
		{48414824-850E-3AF0-822A-14DADF75BE09}.release|x64.ActiveCfg = release|x64
		{48414824-850E-3AF0-822A-14DADF75BE09}.release|x64.Build.0 = release|x64
		{3C930233-25B3-3F6A-B708-5B70868D9D6D}.debug|x64.ActiveCfg = debug|x64
		{3C930233-25B3-3F6A-B708-5B70868D9D6D}.debug|x64.Build.0 = debug|x64
		{3C930233-25B3-3F6A-B708-5B70868D9D6D}.checked|x64.ActiveCfg = checked|x64
		{3C930233-25B3-3F6A-B708-5B70868D9D6D}.checked|x64.Build.0 = checked|x64
		{3C930233-25B3-3F6A-B708-5B70868D9D6D}.profile|x64.ActiveCfg = profile|x64
		{3C930233-25B3-3F6A-B708-5B70868D9D6D}.profile|x64.Build.0 = profile|x64
		{3C930233-25B3-3F6A-B708-5B70868D9D6D}.release|x64.ActiveCfg = release|x64
		{3C930233-25B3-3F6A-B708-5B70868D9D6D}.release|x64.Build.0 = release|x64
		{28542BC3-FB14-34B2-AAEA-E15C10EA3668}.debug|x64.ActiveCfg = debug|x64
		{28542BC3-FB14-34B2-AAEA-E15C10EA3668}.debug|x64.Build.0 = debug|x64
		{28542BC3-FB14-34B2-AAEA-E15C10EA3668}.checked|x64.ActiveCfg = checked|x64
		{28542BC3-FB14-34B2-AAEA-E15C10EA3668}.checked|x64.Build.0 = checked|x64
		{28542BC3-FB14-34B2-AAEA-E15C10EA3668}.profile|x64.ActiveCfg = profile|x64
		{28542BC3-FB14-34B2-AAEA-E15C10EA3668}.profile|x64.Build.0 = profile|x64
		{28542BC3-FB14-34B2-AAEA-E15C10EA3668}.release|x64.ActiveCfg = release|x64
		{28542BC3-FB14-34B2-AAEA-E15C10EA3668}.release|x64.Build.0 = release|x64
		{8C5D04DF-9CB8-3AA6-9779-8B65D9F611E4}.debug|x64.ActiveCfg = debug|x64
		{8C5D04DF-9CB8-3AA6-9779-8B65D9F611E4}.debug|x64.Build.0 = debug|x64
		{8C5D04DF-9CB8-3AA6-9779-8B65D9F611E4}.checked|x64.ActiveCfg = checked|x64
		{8C5D04DF-9CB8-3AA6-9779-8B65D9F611E4}.checked|x64.Build.0 = checked|x64
		{8C5D04DF-9CB8-3AA6-9779-8B65D9F611E4}.profile|x64.ActiveCfg = profile|x64
		{8C5D04DF-9CB8-3AA6-9779-8B65D9F611E4}.profile|x64.Build.0 = profile|x64
		{8C5D04DF-9CB8-3AA6-9779-8B65D9F611E4}.release|x64.ActiveCfg = release|x64
		{8C5D04DF-9CB8-3AA6-9779-8B65D9F611E4}.release|x64.Build.0 = release|x64
		{52CA12C3-3F20-3561-9F89-D35877DE49DC}.debug|x64.ActiveCfg = debug|x64
		{52CA12C3-3F20-3561-9F89-D35877DE49DC}.debug|x64.Build.0 = debug|x64
		{52CA12C3-3F20-3561-9F89-D35877DE49DC}.checked|x64.ActiveCfg = checked|x64
		{52CA12C3-3F20-3561-9F89-D35877DE49DC}.checked|x64.Build.0 = checked|x64
		{52CA12C3-3F20-3561-9F89-D35877DE49DC}.profile|x64.ActiveCfg = profile|x64
		{52CA12C3-3F20-3561-9F89-D35877DE49DC}.profile|x64.Build.0 = profile|x64
		{52CA12C3-3F20-3561-9F89-D35877DE49DC}.release|x64.ActiveCfg = release|x64
		{52CA12C3-3F20-3561-9F89-D35877DE49DC}.release|x64.Build.0 = release|x64
		{5CFF1EA7-843C-3601-A3A8-0CBFF3932AA1}.debug|x64.ActiveCfg = debug|x64
		{5CFF1EA7-843C-3601-A3A8-0CBFF3932AA1}.debug|x64.Build.0 = debug|x64
		{5CFF1EA7-843C-3601-A3A8-0CBFF3932AA1}.checked|x64.ActiveCfg = checked|x64
		{5CFF1EA7-843C-3601-A3A8-0CBFF3932AA1}.checked|x64.Build.0 = checked|x64
		{5CFF1EA7-843C-3601-A3A8-0CBFF3932AA1}.profile|x64.ActiveCfg = profile|x64
		{5CFF1EA7-843C-3601-A3A8-0CBFF3932AA1}.profile|x64.Build.0 = profile|x64
		{5CFF1EA7-843C-3601-A3A8-0CBFF3932AA1}.release|x64.ActiveCfg = release|x64
		{5CFF1EA7-843C-3601-A3A8-0CBFF3932AA1}.release|x64.Build.0 = release|x64
		{051C6BCE-0368-3478-B113-F3AB91440063}.debug|x64.ActiveCfg = debug|x64
		{051C6BCE-0368-3478-B113-F3AB91440063}.debug|x64.Build.0 = debug|x64
		{051C6BCE-0368-3478-B113-F3AB91440063}.checked|x64.ActiveCfg = checked|x64
		{051C6BCE-0368-3478-B113-F3AB91440063}.checked|x64.Build.0 = checked|x64
		{051C6BCE-0368-3478-B113-F3AB91440063}.profile|x64.ActiveCfg = profile|x64
		{051C6BCE-0368-3478-B113-F3AB91440063}.profile|x64.Build.0 = profile|x64
		{051C6BCE-0368-3478-B113-F3AB91440063}.release|x64.ActiveCfg = release|x64
		{051C6BCE-0368-3478-B113-F3AB91440063}.release|x64.Build.0 = release|x64
		{D3166D84-EB13-3058-9C12-37E5FA76E6C4}.debug|x64.ActiveCfg = debug|x64
		{D3166D84-EB13-3058-9C12-37E5FA76E6C4}.debug|x64.Build.0 = debug|x64
		{D3166D84-EB13-3058-9C12-37E5FA76E6C4}.checked|x64.ActiveCfg = checked|x64
		{D3166D84-EB13-3058-9C12-37E5FA76E6C4}.checked|x64.Build.0 = checked|x64
		{D3166D84-EB13-3058-9C12-37E5FA76E6C4}.profile|x64.ActiveCfg = profile|x64
		{D3166D84-EB13-3058-9C12-37E5FA76E6C4}.profile|x64.Build.0 = profile|x64
		{D3166D84-EB13-3058-9C12-37E5FA76E6C4}.release|x64.ActiveCfg = release|x64
		{D3166D84-EB13-3058-9C12-37E5FA76E6C4}.release|x64.Build.0 = release|x64
		{98D3E4BD-2FF7-3FCA-BF14-FE2301FCB0FC}.debug|x64.ActiveCfg = debug|x64
		{98D3E4BD-2FF7-3FCA-BF14-FE2301FCB0FC}.debug|x64.Build.0 = debug|x64
		{98D3E4BD-2FF7-3FCA-BF14-FE2301FCB0FC}.checked|x64.ActiveCfg = checked|x64
		{98D3E4BD-2FF7-3FCA-BF14-FE2301FCB0FC}.checked|x64.Build.0 = checked|x64
		{98D3E4BD-2FF7-3FCA-BF14-FE2301FCB0FC}.profile|x64.ActiveCfg = profile|x64
		{98D3E4BD-2FF7-3FCA-BF14-FE2301FCB0FC}.profile|x64.Build.0 = profile|x64
		{98D3E4BD-2FF7-3FCA-BF14-FE2301FCB0FC}.release|x64.ActiveCfg = release|x64
		{98D3E4BD-2FF7-3FCA-BF14-FE2301FCB0FC}.release|x64.Build.0 = release|x64
		{3AA21207-C572-38CD-8895-18B89D0F5337}.debug|x64.ActiveCfg = debug|x64
		{3AA21207-C572-38CD-8895-18B89D0F5337}.debug|x64.Build.0 = debug|x64
		{3AA21207-C572-38CD-8895-18B89D0F5337}.checked|x64.ActiveCfg = checked|x64
		{3AA21207-C572-38CD-8895-18B89D0F5337}.checked|x64.Build.0 = checked|x64
		{3AA21207-C572-38CD-8895-18B89D0F5337}.profile|x64.ActiveCfg = profile|x64
		{3AA21207-C572-38CD-8895-18B89D0F5337}.profile|x64.Build.0 = profile|x64
		{3AA21207-C572-38CD-8895-18B89D0F5337}.release|x64.ActiveCfg = release|x64
		{3AA21207-C572-38CD-8895-18B89D0F5337}.release|x64.Build.0 = release|x64
		{1D04C28F-D20D-3ECE-855C-D7271DFA6F5F}.debug|x64.ActiveCfg = debug|x64
		{1D04C28F-D20D-3ECE-855C-D7271DFA6F5F}.debug|x64.Build.0 = debug|x64
		{1D04C28F-D20D-3ECE-855C-D7271DFA6F5F}.checked|x64.ActiveCfg = checked|x64
		{1D04C28F-D20D-3ECE-855C-D7271DFA6F5F}.checked|x64.Build.0 = checked|x64
		{1D04C28F-D20D-3ECE-855C-D7271DFA6F5F}.profile|x64.ActiveCfg = profile|x64
		{1D04C28F-D20D-3ECE-855C-D7271DFA6F5F}.profile|x64.Build.0 = profile|x64
		{1D04C28F-D20D-3ECE-855C-D7271DFA6F5F}.release|x64.ActiveCfg = release|x64
		{1D04C28F-D20D-3ECE-855C-D7271DFA6F5F}.release|x64.Build.0 = release|x64
	EndGlobalSection
	GlobalSection(NestedProjects) = preSolution
		{2DE6DB49-297F-362F-AA94-DC92F968A4C0} = {AA12AAB2-723F-3FF8-A65C-D59753318A65}
		{48F7138A-4A63-383B-AE07-EBA73D17E8C3} = {AA12AAB2-723F-3FF8-A65C-D59753318A65}
		{1D04C28F-D20D-3ECE-855C-D7271DFA6F5F} = {AA12AAB2-723F-3FF8-A65C-D59753318A65}
		{E838FA50-B87D-3299-A043-D9136086B8F5} = {5DDA97D7-104A-388B-B62A-96D70C642EAA}
		{AC20DD21-C781-3E72-9120-EED1D0D605BA} = {5DDA97D7-104A-388B-B62A-96D70C642EAA}
		{0686EC94-4946-382B-A14B-B743D20FEEB6} = {5DDA97D7-104A-388B-B62A-96D70C642EAA}
		{49A898C0-B30E-3668-8D8C-D192B108CF7A} = {5DDA97D7-104A-388B-B62A-96D70C642EAA}
		{E40EC037-E919-3FDA-BF05-7F331863F8D3} = {5DDA97D7-104A-388B-B62A-96D70C642EAA}
		{FCC64E78-50B8-3BDF-AFE3-315E36D6EA49} = {5DDA97D7-104A-388B-B62A-96D70C642EAA}
		{FAC36CD8-C529-312A-AD02-B6FAE130D1A7} = {5DDA97D7-104A-388B-B62A-96D70C642EAA}
		{BB32EF98-8BE6-343A-AEE1-CDC66208291B} = {5DDA97D7-104A-388B-B62A-96D70C642EAA}
		{CE374792-D9D5-3B5C-8304-BEEEF470C791} = {5DDA97D7-104A-388B-B62A-96D70C642EAA}
		{E31632AD-B097-3FBB-BAF5-76DC544FBA4E} = {5DDA97D7-104A-388B-B62A-96D70C642EAA}
		{2AAC1B1B-CC25-3835-9CF1-90A91E631468} = {5DDA97D7-104A-388B-B62A-96D70C642EAA}
		{AC031886-ED10-3F66-AD94-0361F4056B71} = {5DDA97D7-104A-388B-B62A-96D70C642EAA}
		{9B5C42FD-405F-34AE-A545-C2E9E2397E66} = {5DDA97D7-104A-388B-B62A-96D70C642EAA}
		{E0B77269-A10C-3F8B-8422-87BEDEA7C1BC} = {5DDA97D7-104A-388B-B62A-96D70C642EAA}
		{29358E18-5553-31DE-BAAC-318BE7D528AC} = {5DDA97D7-104A-388B-B62A-96D70C642EAA}
		{C0C3B013-AD07-3692-932B-8D057E94638B} = {78EBB8E2-2F3A-3750-90AA-6C99285D2A96}
		{4BA8C09E-9CF8-37A3-8A18-DD9B7017D41E} = {78EBB8E2-2F3A-3750-90AA-6C99285D2A96}
		{25B0407C-CF13-3325-8988-7B505530ECCB} = {78EBB8E2-2F3A-3750-90AA-6C99285D2A96}
		{361B240D-6B95-3BEF-AE4B-31A1A5484CF1} = {78EBB8E2-2F3A-3750-90AA-6C99285D2A96}
		{123B9AF3-6E9E-3D20-BFA8-88DC97DCF3B6} = {78EBB8E2-2F3A-3750-90AA-6C99285D2A96}
		{1830137D-8C03-3D8A-96D2-99E65EF3E079} = {78EBB8E2-2F3A-3750-90AA-6C99285D2A96}
		{F2C4574D-6CB1-3959-A9E5-8A578871A517} = {78EBB8E2-2F3A-3750-90AA-6C99285D2A96}
		{BADEF918-BBDB-362A-9593-D96F1599BE9A} = {78EBB8E2-2F3A-3750-90AA-6C99285D2A96}
		{3F2DBD16-FDC4-317B-83F9-312863D57DDE} = {78EBB8E2-2F3A-3750-90AA-6C99285D2A96}
		{D970D65D-DE33-3CF8-B2E1-97FC00A8FF10} = {78EBB8E2-2F3A-3750-90AA-6C99285D2A96}
		{CB237363-A092-3AA4-915E-A6433F84020E} = {78EBB8E2-2F3A-3750-90AA-6C99285D2A96}
		{B66A97FD-8845-35BA-924C-C3B2D9AC771A} = {78EBB8E2-2F3A-3750-90AA-6C99285D2A96}
		{FEE06749-085F-3328-8AB4-48A0B05B1A3C} = {78EBB8E2-2F3A-3750-90AA-6C99285D2A96}
		{A519122E-10F6-3774-A9FE-85EED810E050} = {78EBB8E2-2F3A-3750-90AA-6C99285D2A96}
		{53F4AF87-5F0F-320B-8E78-135920C72A09} = {78EBB8E2-2F3A-3750-90AA-6C99285D2A96}
		{B2AD471B-7FA2-3C5A-B125-75C6BE8B34CA} = {78EBB8E2-2F3A-3750-90AA-6C99285D2A96}
		{14224C74-C8B6-3BC4-8461-5606F42046AA} = {78EBB8E2-2F3A-3750-90AA-6C99285D2A96}
		{1440AC44-13E5-371B-A5E4-F12E447ED2FE} = {78EBB8E2-2F3A-3750-90AA-6C99285D2A96}
		{67A7A1C6-8DE2-3FC4-8F47-F3F7EE9D8464} = {78EBB8E2-2F3A-3750-90AA-6C99285D2A96}
		{7F3F271E-F707-37B6-ACE4-F442A4B4B4FD} = {78EBB8E2-2F3A-3750-90AA-6C99285D2A96}
		{84EC8B75-D2DA-3398-8E53-63ADBF57586E} = {78EBB8E2-2F3A-3750-90AA-6C99285D2A96}
		{EE41194F-53AD-3A66-8589-5A308CB8A371} = {78EBB8E2-2F3A-3750-90AA-6C99285D2A96}
		{46E75AB2-7EE6-3A65-8A16-A397614B99C7} = {78EBB8E2-2F3A-3750-90AA-6C99285D2A96}
		{108E808C-CDBC-3C00-BD65-D176C084EDFA} = {78EBB8E2-2F3A-3750-90AA-6C99285D2A96}
		{1275C59F-A0EC-3F85-A0A8-F74D6174C754} = {78EBB8E2-2F3A-3750-90AA-6C99285D2A96}
		{6D0FDAA7-8C80-37ED-8EBE-6E5FE7644FF3} = {78EBB8E2-2F3A-3750-90AA-6C99285D2A96}
		{48414824-850E-3AF0-822A-14DADF75BE09} = {78EBB8E2-2F3A-3750-90AA-6C99285D2A96}
		{3C930233-25B3-3F6A-B708-5B70868D9D6D} = {78EBB8E2-2F3A-3750-90AA-6C99285D2A96}
		{28542BC3-FB14-34B2-AAEA-E15C10EA3668} = {78EBB8E2-2F3A-3750-90AA-6C99285D2A96}
		{8C5D04DF-9CB8-3AA6-9779-8B65D9F611E4} = {78EBB8E2-2F3A-3750-90AA-6C99285D2A96}
		{52CA12C3-3F20-3561-9F89-D35877DE49DC} = {78EBB8E2-2F3A-3750-90AA-6C99285D2A96}
		{5CFF1EA7-843C-3601-A3A8-0CBFF3932AA1} = {78EBB8E2-2F3A-3750-90AA-6C99285D2A96}
		{051C6BCE-0368-3478-B113-F3AB91440063} = {78EBB8E2-2F3A-3750-90AA-6C99285D2A96}
		{D3166D84-EB13-3058-9C12-37E5FA76E6C4} = {78EBB8E2-2F3A-3750-90AA-6C99285D2A96}
		{98D3E4BD-2FF7-3FCA-BF14-FE2301FCB0FC} = {78EBB8E2-2F3A-3750-90AA-6C99285D2A96}
		{3AA21207-C572-38CD-8895-18B89D0F5337} = {78EBB8E2-2F3A-3750-90AA-6C99285D2A96}
	EndGlobalSection
	GlobalSection(ExtensibilityGlobals) = postSolution
		SolutionGuid = {D4561FF9-B173-308B-9069-64A3D0F6A00A}
	EndGlobalSection
	GlobalSection(ExtensibilityAddIns) = postSolution
	EndGlobalSection
EndGlobal
